// !$*UTF8*$!
{
	archiveVersion = 1;
	classes = {
	};
	objectVersion = 46;
	objects = {

/* Begin PBXBuildFile section */
		A03E191419654EC3008416DB /* NotificationCell.xib in Resources */ = {isa = PBXBuildFile; fileRef = A03E191319654EC3008416DB /* NotificationCell.xib */; };
		A03E191619655110008416DB /* Notifications.png in Resources */ = {isa = PBXBuildFile; fileRef = A03E191519655110008416DB /* Notifications.png */; };
		A03E191919655401008416DB /* Model.xcdatamodeld in Sources */ = {isa = PBXBuildFile; fileRef = A03E191719655401008416DB /* Model.xcdatamodeld */; };
		A03E192019656384008416DB /* ZWDeviceItemScene.m in Sources */ = {isa = PBXBuildFile; fileRef = A03E191F19656384008416DB /* ZWDeviceItemScene.m */; };
		A03E1922196572D9008416DB /* scene.png in Resources */ = {isa = PBXBuildFile; fileRef = A03E1921196572D9008416DB /* scene.png */; };
		A03E19241965792B008416DB /* ZWDeviceItemScene.xib in Resources */ = {isa = PBXBuildFile; fileRef = A03E19231965792B008416DB /* ZWDeviceItemScene.xib */; };
		A042F0BB1962ED8900825387 /* ZWayDashboardViewController.m in Sources */ = {isa = PBXBuildFile; fileRef = A042F0BA1962ED8900825387 /* ZWayDashboardViewController.m */; };
		A042F0C11962EDC100825387 /* ZWayRoomsViewController.m in Sources */ = {isa = PBXBuildFile; fileRef = A042F0BE1962EDC100825387 /* ZWayRoomsViewController.m */; };
		A042F0C21962EDC100825387 /* ZWayWidgetViewController.m in Sources */ = {isa = PBXBuildFile; fileRef = A042F0C01962EDC100825387 /* ZWayWidgetViewController.m */; };
		A042F0C51962EDDC00825387 /* ZWayNotificationViewController.m in Sources */ = {isa = PBXBuildFile; fileRef = A042F0C41962EDDC00825387 /* ZWayNotificationViewController.m */; };
		A042F0CA1962EDFA00825387 /* ZWayAboutController.m in Sources */ = {isa = PBXBuildFile; fileRef = A042F0C71962EDFA00825387 /* ZWayAboutController.m */; };
		A042F0CB1962EDFA00825387 /* ZWayOptionsController.m in Sources */ = {isa = PBXBuildFile; fileRef = A042F0C91962EDFA00825387 /* ZWayOptionsController.m */; };
		A042F0D31962EE0900825387 /* ZWayNewProfileViewController.m in Sources */ = {isa = PBXBuildFile; fileRef = A042F0CD1962EE0900825387 /* ZWayNewProfileViewController.m */; };
		A042F0D41962EE0900825387 /* ZWayProfilesViewController.m in Sources */ = {isa = PBXBuildFile; fileRef = A042F0CF1962EE0900825387 /* ZWayProfilesViewController.m */; };
		A042F0D51962EE0900825387 /* ZWPasswordCell.xib in Resources */ = {isa = PBXBuildFile; fileRef = A042F0D01962EE0900825387 /* ZWPasswordCell.xib */; };
		A042F0D61962EE0900825387 /* ZWTextEditCell.xib in Resources */ = {isa = PBXBuildFile; fileRef = A042F0D11962EE0900825387 /* ZWTextEditCell.xib */; };
		A042F0D71962EE0900825387 /* ZWUrlEditCell.xib in Resources */ = {isa = PBXBuildFile; fileRef = A042F0D21962EE0900825387 /* ZWUrlEditCell.xib */; };
		A042F0DC1962EE2A00825387 /* CMProfile.m in Sources */ = {isa = PBXBuildFile; fileRef = A042F0D91962EE2A00825387 /* CMProfile.m */; };
		A042F0DD1962EE2A00825387 /* ZWDataStore.m in Sources */ = {isa = PBXBuildFile; fileRef = A042F0DB1962EE2A00825387 /* ZWDataStore.m */; };
		A042F0E71962EE4600825387 /* NSData+Base64.m in Sources */ = {isa = PBXBuildFile; fileRef = A042F0E01962EE4600825387 /* NSData+Base64.m */; };
		A042F0E81962EE4600825387 /* Reachability.m in Sources */ = {isa = PBXBuildFile; fileRef = A042F0E21962EE4600825387 /* Reachability.m */; };
		A042F0E91962EE4600825387 /* ZWayAuthentification.m in Sources */ = {isa = PBXBuildFile; fileRef = A042F0E41962EE4600825387 /* ZWayAuthentification.m */; };
		A042F0EA1962EE4600825387 /* ZWDataHandler.m in Sources */ = {isa = PBXBuildFile; fileRef = A042F0E61962EE4600825387 /* ZWDataHandler.m */; };
		A042F1041962EE5D00825387 /* ZWDeviceItem.m in Sources */ = {isa = PBXBuildFile; fileRef = A042F0EC1962EE5D00825387 /* ZWDeviceItem.m */; };
		A042F1051962EE5D00825387 /* ZWDeviceItemBattery.m in Sources */ = {isa = PBXBuildFile; fileRef = A042F0EE1962EE5D00825387 /* ZWDeviceItemBattery.m */; };
		A042F1061962EE5D00825387 /* ZWDeviceItemBattery.xib in Resources */ = {isa = PBXBuildFile; fileRef = A042F0EF1962EE5D00825387 /* ZWDeviceItemBattery.xib */; };
		A042F1071962EE5D00825387 /* ZWDeviceItemBlinds.xib in Resources */ = {isa = PBXBuildFile; fileRef = A042F0F01962EE5D00825387 /* ZWDeviceItemBlinds.xib */; };
		A042F1081962EE5D00825387 /* ZWDeviceItemDimmer.xib in Resources */ = {isa = PBXBuildFile; fileRef = A042F0F11962EE5D00825387 /* ZWDeviceItemDimmer.xib */; };
		A042F1091962EE5D00825387 /* ZWDeviceItemFan.m in Sources */ = {isa = PBXBuildFile; fileRef = A042F0F31962EE5D00825387 /* ZWDeviceItemFan.m */; };
		A042F10A1962EE5D00825387 /* ZWDeviceItemFan.xib in Resources */ = {isa = PBXBuildFile; fileRef = A042F0F41962EE5D00825387 /* ZWDeviceItemFan.xib */; };
		A042F10E1962EE5D00825387 /* ZWDeviceItemSensorMulti.m in Sources */ = {isa = PBXBuildFile; fileRef = A042F0FA1962EE5D00825387 /* ZWDeviceItemSensorMulti.m */; };
		A042F10F1962EE5D00825387 /* ZWDeviceItemSensorMulti.xib in Resources */ = {isa = PBXBuildFile; fileRef = A042F0FB1962EE5D00825387 /* ZWDeviceItemSensorMulti.xib */; };
		A042F1101962EE5D00825387 /* ZWDeviceItemSwitch.m in Sources */ = {isa = PBXBuildFile; fileRef = A042F0FD1962EE5D00825387 /* ZWDeviceItemSwitch.m */; };
		A042F1111962EE5D00825387 /* ZWDeviceItemSwitch.xib in Resources */ = {isa = PBXBuildFile; fileRef = A042F0FE1962EE5D00825387 /* ZWDeviceItemSwitch.xib */; };
		A042F1121962EE5D00825387 /* ZWDeviceItemThermostat.m in Sources */ = {isa = PBXBuildFile; fileRef = A042F1001962EE5D00825387 /* ZWDeviceItemThermostat.m */; };
		A042F1131962EE5D00825387 /* ZWDeviceItemThermostat.xib in Resources */ = {isa = PBXBuildFile; fileRef = A042F1011962EE5D00825387 /* ZWDeviceItemThermostat.xib */; };
		A042F1141962EE5D00825387 /* ZWPickerPopup.m in Sources */ = {isa = PBXBuildFile; fileRef = A042F1031962EE5D00825387 /* ZWPickerPopup.m */; };
		A042F11A1962EE7A00825387 /* ZWayLanguage.m in Sources */ = {isa = PBXBuildFile; fileRef = A042F1181962EE7A00825387 /* ZWayLanguage.m */; };
		A042F11C1962EF0700825387 /* connected-g.png in Resources */ = {isa = PBXBuildFile; fileRef = A042F11B1962EF0700825387 /* connected-g.png */; };
		A042F1201962EF1B00825387 /* main.m in Sources */ = {isa = PBXBuildFile; fileRef = A042F11D1962EF1B00825387 /* main.m */; };
		A042F1211962EF1B00825387 /* ZWayAppDelegate.m in Sources */ = {isa = PBXBuildFile; fileRef = A042F11F1962EF1B00825387 /* ZWayAppDelegate.m */; };
		A042F1231962F10300825387 /* ZWDevice.m in Sources */ = {isa = PBXBuildFile; fileRef = A042F1221962F10300825387 /* ZWDevice.m */; };
		A0459B0B195DBD76005E6EB0 /* Foundation.framework in Frameworks */ = {isa = PBXBuildFile; fileRef = A085F5181886C5F00061E721 /* Foundation.framework */; };
		A0459B0C195DBD76005E6EB0 /* CoreGraphics.framework in Frameworks */ = {isa = PBXBuildFile; fileRef = A085F51A1886C5F00061E721 /* CoreGraphics.framework */; };
		A0459B0D195DBD76005E6EB0 /* UIKit.framework in Frameworks */ = {isa = PBXBuildFile; fileRef = A085F5161886C5F00061E721 /* UIKit.framework */; };
		A0459B2B195DBD76005E6EB0 /* XCTest.framework in Frameworks */ = {isa = PBXBuildFile; fileRef = A0459AF1195DBC7E005E6EB0 /* XCTest.framework */; };
		A0459B2C195DBD77005E6EB0 /* Foundation.framework in Frameworks */ = {isa = PBXBuildFile; fileRef = A085F5181886C5F00061E721 /* Foundation.framework */; };
		A0459B2D195DBD77005E6EB0 /* UIKit.framework in Frameworks */ = {isa = PBXBuildFile; fileRef = A085F5161886C5F00061E721 /* UIKit.framework */; };
		A046682A196414B900323048 /* BinaryOff.png in Resources */ = {isa = PBXBuildFile; fileRef = A0466825196414B900323048 /* BinaryOff.png */; };
		A046682B196414B900323048 /* BinaryOn.png in Resources */ = {isa = PBXBuildFile; fileRef = A0466826196414B900323048 /* BinaryOn.png */; };
		A046682C196414B900323048 /* Dashboard.png in Resources */ = {isa = PBXBuildFile; fileRef = A0466827196414B900323048 /* Dashboard.png */; };
		A046682D196414B900323048 /* Options.png in Resources */ = {isa = PBXBuildFile; fileRef = A0466828196414B900323048 /* Options.png */; };
		A046682E196414B900323048 /* Widgets.png in Resources */ = {isa = PBXBuildFile; fileRef = A0466829196414B900323048 /* Widgets.png */; };
		A048471B1973B1690030ADFB /* Default-568h@2x.png in Resources */ = {isa = PBXBuildFile; fileRef = A04847181973B1690030ADFB /* Default-568h@2x.png */; };
		A048471C1973B1690030ADFB /* Default.png in Resources */ = {isa = PBXBuildFile; fileRef = A04847191973B1690030ADFB /* Default.png */; };
		A048471D1973B1690030ADFB /* Default@2x.png in Resources */ = {isa = PBXBuildFile; fileRef = A048471A1973B1690030ADFB /* Default@2x.png */; };
		A048EBBB197028FB00474521 /* BinaryOff@2x.png in Resources */ = {isa = PBXBuildFile; fileRef = A048EBAE197028FB00474521 /* BinaryOff@2x.png */; };
		A048EBBC197028FB00474521 /* BinaryOn@2x.png in Resources */ = {isa = PBXBuildFile; fileRef = A048EBAF197028FB00474521 /* BinaryOn@2x.png */; };
		A048EBBD197028FB00474521 /* connected-g@2x.png in Resources */ = {isa = PBXBuildFile; fileRef = A048EBB0197028FB00474521 /* connected-g@2x.png */; };
		A048EBBE197028FB00474521 /* connection@2x.png in Resources */ = {isa = PBXBuildFile; fileRef = A048EBB1197028FB00474521 /* connection@2x.png */; };
		A048EBBF197028FB00474521 /* Dashboard@2x.png in Resources */ = {isa = PBXBuildFile; fileRef = A048EBB2197028FB00474521 /* Dashboard@2x.png */; };
		A048EBC0197028FB00474521 /* noConnection@2x.png in Resources */ = {isa = PBXBuildFile; fileRef = A048EBB3197028FB00474521 /* noConnection@2x.png */; };
		A048EBC1197028FB00474521 /* Notifications@2x.png in Resources */ = {isa = PBXBuildFile; fileRef = A048EBB4197028FB00474521 /* Notifications@2x.png */; };
		A048EBC2197028FB00474521 /* Options@2x.png in Resources */ = {isa = PBXBuildFile; fileRef = A048EBB5197028FB00474521 /* Options@2x.png */; };
		A048EBC3197028FB00474521 /* scene@2x.png in Resources */ = {isa = PBXBuildFile; fileRef = A048EBB6197028FB00474521 /* scene@2x.png */; };
		A048EBC4197028FB00474521 /* toggleNormal@2x.png in Resources */ = {isa = PBXBuildFile; fileRef = A048EBB7197028FB00474521 /* toggleNormal@2x.png */; };
		A048EBC5197028FB00474521 /* togglePressed@2x.png in Resources */ = {isa = PBXBuildFile; fileRef = A048EBB8197028FB00474521 /* togglePressed@2x.png */; };
		A048EBC6197028FB00474521 /* Widgets@2x.png in Resources */ = {isa = PBXBuildFile; fileRef = A048EBB9197028FB00474521 /* Widgets@2x.png */; };
		A048EBC7197028FB00474521 /* wrong@2x.png in Resources */ = {isa = PBXBuildFile; fileRef = A048EBBA197028FB00474521 /* wrong@2x.png */; };
		A0507A5C196ED74A00143016 /* ZWCheckBox.xib in Resources */ = {isa = PBXBuildFile; fileRef = A0507A5B196ED74A00143016 /* ZWCheckBox.xib */; };
		A054497F196D7193006610B5 /* connection.png in Resources */ = {isa = PBXBuildFile; fileRef = A054497D196D7193006610B5 /* connection.png */; };
		A0544980196D7193006610B5 /* noConnection.png in Resources */ = {isa = PBXBuildFile; fileRef = A054497E196D7193006610B5 /* noConnection.png */; };
		A0544983196D7E57006610B5 /* toggleNormal.png in Resources */ = {isa = PBXBuildFile; fileRef = A0544981196D7E57006610B5 /* toggleNormal.png */; };
		A0544984196D7E57006610B5 /* togglePressed.png in Resources */ = {isa = PBXBuildFile; fileRef = A0544982196D7E57006610B5 /* togglePressed.png */; };
		A0840BC2195DBF1D00FC5FAC /* AVFoundation.framework in Frameworks */ = {isa = PBXBuildFile; fileRef = A04EAAF818C7164C00D22715 /* AVFoundation.framework */; };
		A0840BC3195DBF2100FC5FAC /* CFNetwork.framework in Frameworks */ = {isa = PBXBuildFile; fileRef = A047569E18B633E9004E1160 /* CFNetwork.framework */; };
		A0840BC4195DBF2300FC5FAC /* QuartzCore.framework in Frameworks */ = {isa = PBXBuildFile; fileRef = A048BC1718A37DF500BF32C7 /* QuartzCore.framework */; };
		A0840BC5195DBF2600FC5FAC /* SystemConfiguration.framework in Frameworks */ = {isa = PBXBuildFile; fileRef = A0A285041897C9B6004496C8 /* SystemConfiguration.framework */; };
		A0840BC6195DBF2900FC5FAC /* CoreData.framework in Frameworks */ = {isa = PBXBuildFile; fileRef = A0ABBA981897B054002D7FBF /* CoreData.framework */; };
		A0C2DBC919613CF00031E4BA /* InfoPlist.strings in Resources */ = {isa = PBXBuildFile; fileRef = A0459A23195DBA12005E6EB0 /* InfoPlist.strings */; };
		A0C2DBCA19613E9C0031E4BA /* MainStoryboard_iPhone.storyboard in Resources */ = {isa = PBXBuildFile; fileRef = A0459A29195DBA12005E6EB0 /* MainStoryboard_iPhone.storyboard */; };
		A0C2DBCB19613E9F0031E4BA /* MainStoryboard_iPad.storyboard in Resources */ = {isa = PBXBuildFile; fileRef = A0459A27195DBA12005E6EB0 /* MainStoryboard_iPad.storyboard */; };
		A0C2DBCC19613EB00031E4BA /* Localizable.strings in Resources */ = {isa = PBXBuildFile; fileRef = A0459A25195DBA12005E6EB0 /* Localizable.strings */; };
		A0C2DBD519613EBE0031E4BA /* battery-critical-focus.png in Resources */ = {isa = PBXBuildFile; fileRef = A0459A36195DBA12005E6EB0 /* battery-critical-focus.png */; };
		A0C2DBD619613EBE0031E4BA /* battery-critical.png in Resources */ = {isa = PBXBuildFile; fileRef = A0459A37195DBA12005E6EB0 /* battery-critical.png */; };
		A0C2DBD719613EBE0031E4BA /* battery-focus.png in Resources */ = {isa = PBXBuildFile; fileRef = A0459A38195DBA12005E6EB0 /* battery-focus.png */; };
		A0C2DBD819613EBE0031E4BA /* battery-low-focus.png in Resources */ = {isa = PBXBuildFile; fileRef = A0459A39195DBA12005E6EB0 /* battery-low-focus.png */; };
		A0C2DBD919613EBE0031E4BA /* battery-low.png in Resources */ = {isa = PBXBuildFile; fileRef = A0459A3A195DBA12005E6EB0 /* battery-low.png */; };
		A0C2DBDA19613EBE0031E4BA /* battery.png in Resources */ = {isa = PBXBuildFile; fileRef = A0459A3B195DBA12005E6EB0 /* battery.png */; };
		A0C2DBDB19613EBE0031E4BA /* blinds-focus.png in Resources */ = {isa = PBXBuildFile; fileRef = A0459A3C195DBA12005E6EB0 /* blinds-focus.png */; };
		A0C2DBDC19613EBE0031E4BA /* blinds.png in Resources */ = {isa = PBXBuildFile; fileRef = A0459A3D195DBA12005E6EB0 /* blinds.png */; };
		A0C2DBDD19613EBE0031E4BA /* co-focus.png in Resources */ = {isa = PBXBuildFile; fileRef = A0459A3E195DBA12005E6EB0 /* co-focus.png */; };
		A0C2DBDE19613EBE0031E4BA /* co.png in Resources */ = {isa = PBXBuildFile; fileRef = A0459A3F195DBA12005E6EB0 /* co.png */; };
		A0C2DBDF19613EBE0031E4BA /* cooling-focus.png in Resources */ = {isa = PBXBuildFile; fileRef = A0459A40195DBA12005E6EB0 /* cooling-focus.png */; };
		A0C2DBE019613EBE0031E4BA /* cooling.png in Resources */ = {isa = PBXBuildFile; fileRef = A0459A41195DBA12005E6EB0 /* cooling.png */; };
		A0C2DBE119613EBE0031E4BA /* device-blinds@2x.png in Resources */ = {isa = PBXBuildFile; fileRef = A0459A42195DBA12005E6EB0 /* device-blinds@2x.png */; };
		A0C2DBE219613EBE0031E4BA /* device-co@2x.png in Resources */ = {isa = PBXBuildFile; fileRef = A0459A43195DBA12005E6EB0 /* device-co@2x.png */; };
		A0C2DBE319613EBE0031E4BA /* device-cooling@2x.png in Resources */ = {isa = PBXBuildFile; fileRef = A0459A44195DBA12005E6EB0 /* device-cooling@2x.png */; };
		A0C2DBE419613EBE0031E4BA /* device-door@2x.png in Resources */ = {isa = PBXBuildFile; fileRef = A0459A45195DBA12005E6EB0 /* device-door@2x.png */; };
		A0C2DBE519613EBE0031E4BA /* device-energy@2x.png in Resources */ = {isa = PBXBuildFile; fileRef = A0459A46195DBA12005E6EB0 /* device-energy@2x.png */; };
		A0C2DBE619613EBE0031E4BA /* device-fan@2x.png in Resources */ = {isa = PBXBuildFile; fileRef = A0459A47195DBA12005E6EB0 /* device-fan@2x.png */; };
		A0C2DBE719613EBE0031E4BA /* device-flood@2x.png in Resources */ = {isa = PBXBuildFile; fileRef = A0459A48195DBA12005E6EB0 /* device-flood@2x.png */; };
		A0C2DBE819613EBE0031E4BA /* device-gas@2x.png in Resources */ = {isa = PBXBuildFile; fileRef = A0459A49195DBA12005E6EB0 /* device-gas@2x.png */; };
		A0C2DBE919613EBE0031E4BA /* device-heating@2x.png in Resources */ = {isa = PBXBuildFile; fileRef = A0459A4A195DBA12005E6EB0 /* device-heating@2x.png */; };
		A0C2DBEA19613EBE0031E4BA /* device-humidity@2x.png in Resources */ = {isa = PBXBuildFile; fileRef = A0459A4B195DBA12005E6EB0 /* device-humidity@2x.png */; };
		A0C2DBEB19613EBE0031E4BA /* device-light@2x.png in Resources */ = {isa = PBXBuildFile; fileRef = A0459A4C195DBA12005E6EB0 /* device-light@2x.png */; };
		A0C2DBEC19613EBE0031E4BA /* device-luminosity@2x.png in Resources */ = {isa = PBXBuildFile; fileRef = A0459A4D195DBA12005E6EB0 /* device-luminosity@2x.png */; };
		A0C2DBED19613EBE0031E4BA /* device-media@2x.png in Resources */ = {isa = PBXBuildFile; fileRef = A0459A4E195DBA12005E6EB0 /* device-media@2x.png */; };
		A0C2DBEE19613EBE0031E4BA /* device-meter@2x.png in Resources */ = {isa = PBXBuildFile; fileRef = A0459A4F195DBA12005E6EB0 /* device-meter@2x.png */; };
		A0C2DBEF19613EBE0031E4BA /* device-motion@2x.png in Resources */ = {isa = PBXBuildFile; fileRef = A0459A50195DBA12005E6EB0 /* device-motion@2x.png */; };
		A0C2DBF019613EBE0031E4BA /* device-smoke@2x.png in Resources */ = {isa = PBXBuildFile; fileRef = A0459A51195DBA12005E6EB0 /* device-smoke@2x.png */; };
		A0C2DBF119613EBE0031E4BA /* device-switch@2x.png in Resources */ = {isa = PBXBuildFile; fileRef = A0459A52195DBA12005E6EB0 /* device-switch@2x.png */; };
		A0C2DBF219613EBE0031E4BA /* device-temperature@2x.png in Resources */ = {isa = PBXBuildFile; fileRef = A0459A53195DBA12005E6EB0 /* device-temperature@2x.png */; };
		A0C2DBF319613EBE0031E4BA /* device-thermostat@2x.png in Resources */ = {isa = PBXBuildFile; fileRef = A0459A54195DBA12005E6EB0 /* device-thermostat@2x.png */; };
		A0C2DBF419613EBE0031E4BA /* device-water@2x.png in Resources */ = {isa = PBXBuildFile; fileRef = A0459A55195DBA12005E6EB0 /* device-water@2x.png */; };
		A0C2DBF519613EBE0031E4BA /* device-window@2x.png in Resources */ = {isa = PBXBuildFile; fileRef = A0459A56195DBA12005E6EB0 /* device-window@2x.png */; };
		A0C2DBF619613EBE0031E4BA /* door-focus.png in Resources */ = {isa = PBXBuildFile; fileRef = A0459A57195DBA12005E6EB0 /* door-focus.png */; };
		A0C2DBF719613EBE0031E4BA /* door.png in Resources */ = {isa = PBXBuildFile; fileRef = A0459A58195DBA12005E6EB0 /* door.png */; };
		A0C2DBF819613EBE0031E4BA /* energy-focus.png in Resources */ = {isa = PBXBuildFile; fileRef = A0459A59195DBA12005E6EB0 /* energy-focus.png */; };
		A0C2DBF919613EBE0031E4BA /* energy.png in Resources */ = {isa = PBXBuildFile; fileRef = A0459A5A195DBA12005E6EB0 /* energy.png */; };
		A0C2DBFA19613EBE0031E4BA /* fan-focus.png in Resources */ = {isa = PBXBuildFile; fileRef = A0459A5B195DBA12005E6EB0 /* fan-focus.png */; };
		A0C2DBFB19613EBE0031E4BA /* fan.png in Resources */ = {isa = PBXBuildFile; fileRef = A0459A5C195DBA12005E6EB0 /* fan.png */; };
		A0C2DBFC19613EBE0031E4BA /* flood-focus.png in Resources */ = {isa = PBXBuildFile; fileRef = A0459A5D195DBA12005E6EB0 /* flood-focus.png */; };
		A0C2DBFD19613EBE0031E4BA /* flood.png in Resources */ = {isa = PBXBuildFile; fileRef = A0459A5E195DBA12005E6EB0 /* flood.png */; };
		A0C2DBFE19613EBE0031E4BA /* gas-focus.png in Resources */ = {isa = PBXBuildFile; fileRef = A0459A5F195DBA12005E6EB0 /* gas-focus.png */; };
		A0C2DBFF19613EBE0031E4BA /* gas.png in Resources */ = {isa = PBXBuildFile; fileRef = A0459A60195DBA12005E6EB0 /* gas.png */; };
		A0C2DC0019613EBE0031E4BA /* heating-focus.png in Resources */ = {isa = PBXBuildFile; fileRef = A0459A61195DBA12005E6EB0 /* heating-focus.png */; };
		A0C2DC0119613EBE0031E4BA /* heating.png in Resources */ = {isa = PBXBuildFile; fileRef = A0459A62195DBA12005E6EB0 /* heating.png */; };
		A0C2DC0219613EBE0031E4BA /* humidity-focus.png in Resources */ = {isa = PBXBuildFile; fileRef = A0459A63195DBA12005E6EB0 /* humidity-focus.png */; };
		A0C2DC0319613EBE0031E4BA /* humidity.png in Resources */ = {isa = PBXBuildFile; fileRef = A0459A64195DBA12005E6EB0 /* humidity.png */; };
		A0C2DC0419613EBE0031E4BA /* light-focus.png in Resources */ = {isa = PBXBuildFile; fileRef = A0459A65195DBA12005E6EB0 /* light-focus.png */; };
		A0C2DC0519613EBE0031E4BA /* light.png in Resources */ = {isa = PBXBuildFile; fileRef = A0459A66195DBA12005E6EB0 /* light.png */; };
		A0C2DC0619613EBE0031E4BA /* luminosity-focus.png in Resources */ = {isa = PBXBuildFile; fileRef = A0459A67195DBA12005E6EB0 /* luminosity-focus.png */; };
		A0C2DC0719613EBE0031E4BA /* luminosity.png in Resources */ = {isa = PBXBuildFile; fileRef = A0459A68195DBA12005E6EB0 /* luminosity.png */; };
		A0C2DC0819613EBE0031E4BA /* media-focus.png in Resources */ = {isa = PBXBuildFile; fileRef = A0459A69195DBA12005E6EB0 /* media-focus.png */; };
		A0C2DC0919613EBE0031E4BA /* media.png in Resources */ = {isa = PBXBuildFile; fileRef = A0459A6A195DBA12005E6EB0 /* media.png */; };
		A0C2DC0A19613EBE0031E4BA /* meter-focus.png in Resources */ = {isa = PBXBuildFile; fileRef = A0459A6B195DBA12005E6EB0 /* meter-focus.png */; };
		A0C2DC0B19613EBE0031E4BA /* meter.png in Resources */ = {isa = PBXBuildFile; fileRef = A0459A6C195DBA12005E6EB0 /* meter.png */; };
		A0C2DC0C19613EBE0031E4BA /* motion-focus.png in Resources */ = {isa = PBXBuildFile; fileRef = A0459A6D195DBA12005E6EB0 /* motion-focus.png */; };
		A0C2DC0D19613EBE0031E4BA /* motion.png in Resources */ = {isa = PBXBuildFile; fileRef = A0459A6E195DBA12005E6EB0 /* motion.png */; };
		A0C2DC0E19613EBE0031E4BA /* notification-battery-critical@2x.png in Resources */ = {isa = PBXBuildFile; fileRef = A0459A6F195DBA12005E6EB0 /* notification-battery-critical@2x.png */; };
		A0C2DC0F19613EBE0031E4BA /* notification-battery-low@2x.png in Resources */ = {isa = PBXBuildFile; fileRef = A0459A70195DBA12005E6EB0 /* notification-battery-low@2x.png */; };
		A0C2DC1019613EBE0031E4BA /* notification-connection@2x.png in Resources */ = {isa = PBXBuildFile; fileRef = A0459A71195DBA12005E6EB0 /* notification-connection@2x.png */; };
		A0C2DC1219613EBE0031E4BA /* smoke-focus.png in Resources */ = {isa = PBXBuildFile; fileRef = A0459A73195DBA12005E6EB0 /* smoke-focus.png */; };
		A0C2DC1319613EBE0031E4BA /* smoke.png in Resources */ = {isa = PBXBuildFile; fileRef = A0459A74195DBA12005E6EB0 /* smoke.png */; };
		A0C2DC1419613EBE0031E4BA /* switch-focus.png in Resources */ = {isa = PBXBuildFile; fileRef = A0459A75195DBA12005E6EB0 /* switch-focus.png */; };
		A0C2DC1519613EBE0031E4BA /* switch.png in Resources */ = {isa = PBXBuildFile; fileRef = A0459A76195DBA12005E6EB0 /* switch.png */; };
		A0C2DC1619613EBE0031E4BA /* temperature-focus.png in Resources */ = {isa = PBXBuildFile; fileRef = A0459A77195DBA12005E6EB0 /* temperature-focus.png */; };
		A0C2DC1719613EBE0031E4BA /* temperature.png in Resources */ = {isa = PBXBuildFile; fileRef = A0459A78195DBA12005E6EB0 /* temperature.png */; };
		A0C2DC1819613EBE0031E4BA /* thermostat-focus.png in Resources */ = {isa = PBXBuildFile; fileRef = A0459A79195DBA12005E6EB0 /* thermostat-focus.png */; };
		A0C2DC1919613EBE0031E4BA /* thermostat.png in Resources */ = {isa = PBXBuildFile; fileRef = A0459A7A195DBA12005E6EB0 /* thermostat.png */; };
		A0C2DC1A19613EBE0031E4BA /* water-focus.png in Resources */ = {isa = PBXBuildFile; fileRef = A0459A7B195DBA12005E6EB0 /* water-focus.png */; };
		A0C2DC1B19613EBE0031E4BA /* water.png in Resources */ = {isa = PBXBuildFile; fileRef = A0459A7C195DBA12005E6EB0 /* water.png */; };
		A0C2DC1C19613EBE0031E4BA /* window-focus.png in Resources */ = {isa = PBXBuildFile; fileRef = A0459A7D195DBA12005E6EB0 /* window-focus.png */; };
		A0C2DC1D19613EBE0031E4BA /* window.png in Resources */ = {isa = PBXBuildFile; fileRef = A0459A7E195DBA12005E6EB0 /* window.png */; };
		A0C2DC1E19613EBE0031E4BA /* wrong.png in Resources */ = {isa = PBXBuildFile; fileRef = A0459A7F195DBA12005E6EB0 /* wrong.png */; };
/* End PBXBuildFile section */

/* Begin PBXContainerItemProxy section */
		A0459B2E195DBD77005E6EB0 /* PBXContainerItemProxy */ = {
			isa = PBXContainerItemProxy;
			containerPortal = A085F50B1886C5F00061E721 /* Project object */;
			proxyType = 1;
			remoteGlobalIDString = A0459B09195DBD76005E6EB0;
			remoteInfo = ZWay;
		};
/* End PBXContainerItemProxy section */

/* Begin PBXFileReference section */
		A02ABF4B196AA1DC00FD11E0 /* zh-Hans */ = {isa = PBXFileReference; lastKnownFileType = text.plist.strings; name = "zh-Hans"; path = "zh-Hans.lproj/InfoPlist.strings"; sourceTree = "<group>"; };
		A02ABF4C196AA1DC00FD11E0 /* zh-Hans */ = {isa = PBXFileReference; lastKnownFileType = text.plist.strings; name = "zh-Hans"; path = "zh-Hans.lproj/Localizable.strings"; sourceTree = "<group>"; };
		A02ABF4D196AA1DC00FD11E0 /* zh-Hans */ = {isa = PBXFileReference; lastKnownFileType = file.storyboard; name = "zh-Hans"; path = "zh-Hans.lproj/MainStoryboard_iPad.storyboard"; sourceTree = "<group>"; };
		A02ABF4E196AA1DC00FD11E0 /* zh-Hans */ = {isa = PBXFileReference; lastKnownFileType = file.storyboard; name = "zh-Hans"; path = "zh-Hans.lproj/MainStoryboard_iPhone.storyboard"; sourceTree = "<group>"; };
		A03E191319654EC3008416DB /* NotificationCell.xib */ = {isa = PBXFileReference; fileEncoding = 4; lastKnownFileType = file.xib; name = NotificationCell.xib; path = Notifications/NotificationCell.xib; sourceTree = "<group>"; };
		A03E191519655110008416DB /* Notifications.png */ = {isa = PBXFileReference; lastKnownFileType = image.png; path = Notifications.png; sourceTree = "<group>"; };
		A03E191819655401008416DB /* Model.xcdatamodel */ = {isa = PBXFileReference; lastKnownFileType = wrapper.xcdatamodel; path = Model.xcdatamodel; sourceTree = "<group>"; };
		A03E191E19656384008416DB /* ZWDeviceItemScene.h */ = {isa = PBXFileReference; fileEncoding = 4; lastKnownFileType = sourcecode.c.h; name = ZWDeviceItemScene.h; path = "Device Items/ZWDeviceItemScene.h"; sourceTree = "<group>"; };
		A03E191F19656384008416DB /* ZWDeviceItemScene.m */ = {isa = PBXFileReference; fileEncoding = 4; lastKnownFileType = sourcecode.c.objc; name = ZWDeviceItemScene.m; path = "Device Items/ZWDeviceItemScene.m"; sourceTree = "<group>"; };
		A03E1921196572D9008416DB /* scene.png */ = {isa = PBXFileReference; lastKnownFileType = image.png; path = scene.png; sourceTree = "<group>"; };
		A03E19231965792B008416DB /* ZWDeviceItemScene.xib */ = {isa = PBXFileReference; fileEncoding = 4; lastKnownFileType = file.xib; name = ZWDeviceItemScene.xib; path = "Device Items/ZWDeviceItemScene.xib"; sourceTree = "<group>"; };
		A042F0BA1962ED8900825387 /* ZWayDashboardViewController.m */ = {isa = PBXFileReference; lastKnownFileType = sourcecode.c.objc; name = ZWayDashboardViewController.m; path = Dashboard/ZWayDashboardViewController.m; sourceTree = "<group>"; };
		A042F0BC1962EDAA00825387 /* ZWayDashboardViewController.h */ = {isa = PBXFileReference; fileEncoding = 4; lastKnownFileType = sourcecode.c.h; name = ZWayDashboardViewController.h; path = Dashboard/ZWayDashboardViewController.h; sourceTree = "<group>"; };
		A042F0BD1962EDC100825387 /* ZWayRoomsViewController.h */ = {isa = PBXFileReference; fileEncoding = 4; lastKnownFileType = sourcecode.c.h; name = ZWayRoomsViewController.h; path = Widgets/ZWayRoomsViewController.h; sourceTree = "<group>"; };
		A042F0BE1962EDC100825387 /* ZWayRoomsViewController.m */ = {isa = PBXFileReference; fileEncoding = 4; lastKnownFileType = sourcecode.c.objc; name = ZWayRoomsViewController.m; path = Widgets/ZWayRoomsViewController.m; sourceTree = "<group>"; };
		A042F0BF1962EDC100825387 /* ZWayWidgetViewController.h */ = {isa = PBXFileReference; fileEncoding = 4; lastKnownFileType = sourcecode.c.h; name = ZWayWidgetViewController.h; path = Widgets/ZWayWidgetViewController.h; sourceTree = "<group>"; };
		A042F0C01962EDC100825387 /* ZWayWidgetViewController.m */ = {isa = PBXFileReference; fileEncoding = 4; lastKnownFileType = sourcecode.c.objc; name = ZWayWidgetViewController.m; path = Widgets/ZWayWidgetViewController.m; sourceTree = "<group>"; };
		A042F0C31962EDDC00825387 /* ZWayNotificationViewController.h */ = {isa = PBXFileReference; fileEncoding = 4; lastKnownFileType = sourcecode.c.h; name = ZWayNotificationViewController.h; path = Notifications/ZWayNotificationViewController.h; sourceTree = "<group>"; };
		A042F0C41962EDDC00825387 /* ZWayNotificationViewController.m */ = {isa = PBXFileReference; fileEncoding = 4; lastKnownFileType = sourcecode.c.objc; name = ZWayNotificationViewController.m; path = Notifications/ZWayNotificationViewController.m; sourceTree = "<group>"; };
		A042F0C61962EDFA00825387 /* ZWayAboutController.h */ = {isa = PBXFileReference; fileEncoding = 4; lastKnownFileType = sourcecode.c.h; name = ZWayAboutController.h; path = Options/ZWayAboutController.h; sourceTree = "<group>"; };
		A042F0C71962EDFA00825387 /* ZWayAboutController.m */ = {isa = PBXFileReference; fileEncoding = 4; lastKnownFileType = sourcecode.c.objc; name = ZWayAboutController.m; path = Options/ZWayAboutController.m; sourceTree = "<group>"; };
		A042F0C81962EDFA00825387 /* ZWayOptionsController.h */ = {isa = PBXFileReference; fileEncoding = 4; lastKnownFileType = sourcecode.c.h; name = ZWayOptionsController.h; path = Options/ZWayOptionsController.h; sourceTree = "<group>"; };
		A042F0C91962EDFA00825387 /* ZWayOptionsController.m */ = {isa = PBXFileReference; fileEncoding = 4; lastKnownFileType = sourcecode.c.objc; name = ZWayOptionsController.m; path = Options/ZWayOptionsController.m; sourceTree = "<group>"; };
		A042F0CC1962EE0900825387 /* ZWayNewProfileViewController.h */ = {isa = PBXFileReference; fileEncoding = 4; lastKnownFileType = sourcecode.c.h; name = ZWayNewProfileViewController.h; path = Options/Profiles/ZWayNewProfileViewController.h; sourceTree = "<group>"; };
		A042F0CD1962EE0900825387 /* ZWayNewProfileViewController.m */ = {isa = PBXFileReference; fileEncoding = 4; lastKnownFileType = sourcecode.c.objc; name = ZWayNewProfileViewController.m; path = Options/Profiles/ZWayNewProfileViewController.m; sourceTree = "<group>"; };
		A042F0CE1962EE0900825387 /* ZWayProfilesViewController.h */ = {isa = PBXFileReference; fileEncoding = 4; lastKnownFileType = sourcecode.c.h; name = ZWayProfilesViewController.h; path = Options/Profiles/ZWayProfilesViewController.h; sourceTree = "<group>"; };
		A042F0CF1962EE0900825387 /* ZWayProfilesViewController.m */ = {isa = PBXFileReference; fileEncoding = 4; lastKnownFileType = sourcecode.c.objc; name = ZWayProfilesViewController.m; path = Options/Profiles/ZWayProfilesViewController.m; sourceTree = "<group>"; };
		A042F0D01962EE0900825387 /* ZWPasswordCell.xib */ = {isa = PBXFileReference; fileEncoding = 4; lastKnownFileType = file.xib; name = ZWPasswordCell.xib; path = Options/Profiles/ZWPasswordCell.xib; sourceTree = "<group>"; };
		A042F0D11962EE0900825387 /* ZWTextEditCell.xib */ = {isa = PBXFileReference; fileEncoding = 4; lastKnownFileType = file.xib; name = ZWTextEditCell.xib; path = Options/Profiles/ZWTextEditCell.xib; sourceTree = "<group>"; };
		A042F0D21962EE0900825387 /* ZWUrlEditCell.xib */ = {isa = PBXFileReference; fileEncoding = 4; lastKnownFileType = file.xib; name = ZWUrlEditCell.xib; path = Options/Profiles/ZWUrlEditCell.xib; sourceTree = "<group>"; };
		A042F0D81962EE2A00825387 /* CMProfile.h */ = {isa = PBXFileReference; fileEncoding = 4; lastKnownFileType = sourcecode.c.h; name = CMProfile.h; path = "Data Handling/CMProfile.h"; sourceTree = "<group>"; };
		A042F0D91962EE2A00825387 /* CMProfile.m */ = {isa = PBXFileReference; fileEncoding = 4; lastKnownFileType = sourcecode.c.objc; name = CMProfile.m; path = "Data Handling/CMProfile.m"; sourceTree = "<group>"; };
		A042F0DA1962EE2A00825387 /* ZWDataStore.h */ = {isa = PBXFileReference; fileEncoding = 4; lastKnownFileType = sourcecode.c.h; name = ZWDataStore.h; path = "Data Handling/ZWDataStore.h"; sourceTree = "<group>"; };
		A042F0DB1962EE2A00825387 /* ZWDataStore.m */ = {isa = PBXFileReference; fileEncoding = 4; lastKnownFileType = sourcecode.c.objc; name = ZWDataStore.m; path = "Data Handling/ZWDataStore.m"; sourceTree = "<group>"; };
		A042F0DF1962EE4600825387 /* NSData+Base64.h */ = {isa = PBXFileReference; fileEncoding = 4; lastKnownFileType = sourcecode.c.h; name = "NSData+Base64.h"; path = "Data Handling/NSData+Base64.h"; sourceTree = "<group>"; };
		A042F0E01962EE4600825387 /* NSData+Base64.m */ = {isa = PBXFileReference; fileEncoding = 4; lastKnownFileType = sourcecode.c.objc; name = "NSData+Base64.m"; path = "Data Handling/NSData+Base64.m"; sourceTree = "<group>"; };
		A042F0E11962EE4600825387 /* Reachability.h */ = {isa = PBXFileReference; fileEncoding = 4; lastKnownFileType = sourcecode.c.h; name = Reachability.h; path = "Data Handling/Reachability.h"; sourceTree = "<group>"; };
		A042F0E21962EE4600825387 /* Reachability.m */ = {isa = PBXFileReference; fileEncoding = 4; lastKnownFileType = sourcecode.c.objc; name = Reachability.m; path = "Data Handling/Reachability.m"; sourceTree = "<group>"; };
		A042F0E31962EE4600825387 /* ZWayAuthentification.h */ = {isa = PBXFileReference; fileEncoding = 4; lastKnownFileType = sourcecode.c.h; name = ZWayAuthentification.h; path = "Data Handling/ZWayAuthentification.h"; sourceTree = "<group>"; };
		A042F0E41962EE4600825387 /* ZWayAuthentification.m */ = {isa = PBXFileReference; fileEncoding = 4; lastKnownFileType = sourcecode.c.objc; name = ZWayAuthentification.m; path = "Data Handling/ZWayAuthentification.m"; sourceTree = "<group>"; };
		A042F0E51962EE4600825387 /* ZWDataHandler.h */ = {isa = PBXFileReference; fileEncoding = 4; lastKnownFileType = sourcecode.c.h; name = ZWDataHandler.h; path = "Data Handling/ZWDataHandler.h"; sourceTree = "<group>"; };
		A042F0E61962EE4600825387 /* ZWDataHandler.m */ = {isa = PBXFileReference; fileEncoding = 4; lastKnownFileType = sourcecode.c.objc; name = ZWDataHandler.m; path = "Data Handling/ZWDataHandler.m"; sourceTree = "<group>"; };
		A042F0EB1962EE5D00825387 /* ZWDeviceItem.h */ = {isa = PBXFileReference; fileEncoding = 4; lastKnownFileType = sourcecode.c.h; name = ZWDeviceItem.h; path = "Device Items/ZWDeviceItem.h"; sourceTree = "<group>"; };
		A042F0EC1962EE5D00825387 /* ZWDeviceItem.m */ = {isa = PBXFileReference; fileEncoding = 4; lastKnownFileType = sourcecode.c.objc; name = ZWDeviceItem.m; path = "Device Items/ZWDeviceItem.m"; sourceTree = "<group>"; };
		A042F0ED1962EE5D00825387 /* ZWDeviceItemBattery.h */ = {isa = PBXFileReference; fileEncoding = 4; lastKnownFileType = sourcecode.c.h; name = ZWDeviceItemBattery.h; path = "Device Items/ZWDeviceItemBattery.h"; sourceTree = "<group>"; };
		A042F0EE1962EE5D00825387 /* ZWDeviceItemBattery.m */ = {isa = PBXFileReference; fileEncoding = 4; lastKnownFileType = sourcecode.c.objc; name = ZWDeviceItemBattery.m; path = "Device Items/ZWDeviceItemBattery.m"; sourceTree = "<group>"; };
		A042F0EF1962EE5D00825387 /* ZWDeviceItemBattery.xib */ = {isa = PBXFileReference; fileEncoding = 4; lastKnownFileType = file.xib; name = ZWDeviceItemBattery.xib; path = "Device Items/ZWDeviceItemBattery.xib"; sourceTree = "<group>"; };
		A042F0F01962EE5D00825387 /* ZWDeviceItemBlinds.xib */ = {isa = PBXFileReference; fileEncoding = 4; lastKnownFileType = file.xib; name = ZWDeviceItemBlinds.xib; path = "Device Items/ZWDeviceItemBlinds.xib"; sourceTree = "<group>"; };
		A042F0F11962EE5D00825387 /* ZWDeviceItemDimmer.xib */ = {isa = PBXFileReference; fileEncoding = 4; lastKnownFileType = file.xib; name = ZWDeviceItemDimmer.xib; path = "Device Items/ZWDeviceItemDimmer.xib"; sourceTree = "<group>"; };
		A042F0F21962EE5D00825387 /* ZWDeviceItemFan.h */ = {isa = PBXFileReference; fileEncoding = 4; lastKnownFileType = sourcecode.c.h; name = ZWDeviceItemFan.h; path = "Device Items/ZWDeviceItemFan.h"; sourceTree = "<group>"; };
		A042F0F31962EE5D00825387 /* ZWDeviceItemFan.m */ = {isa = PBXFileReference; fileEncoding = 4; lastKnownFileType = sourcecode.c.objc; name = ZWDeviceItemFan.m; path = "Device Items/ZWDeviceItemFan.m"; sourceTree = "<group>"; };
		A042F0F41962EE5D00825387 /* ZWDeviceItemFan.xib */ = {isa = PBXFileReference; fileEncoding = 4; lastKnownFileType = file.xib; name = ZWDeviceItemFan.xib; path = "Device Items/ZWDeviceItemFan.xib"; sourceTree = "<group>"; };
		A042F0F91962EE5D00825387 /* ZWDeviceItemSensorMulti.h */ = {isa = PBXFileReference; fileEncoding = 4; lastKnownFileType = sourcecode.c.h; name = ZWDeviceItemSensorMulti.h; path = "Device Items/ZWDeviceItemSensorMulti.h"; sourceTree = "<group>"; };
		A042F0FA1962EE5D00825387 /* ZWDeviceItemSensorMulti.m */ = {isa = PBXFileReference; fileEncoding = 4; lastKnownFileType = sourcecode.c.objc; name = ZWDeviceItemSensorMulti.m; path = "Device Items/ZWDeviceItemSensorMulti.m"; sourceTree = "<group>"; };
		A042F0FB1962EE5D00825387 /* ZWDeviceItemSensorMulti.xib */ = {isa = PBXFileReference; fileEncoding = 4; lastKnownFileType = file.xib; name = ZWDeviceItemSensorMulti.xib; path = "Device Items/ZWDeviceItemSensorMulti.xib"; sourceTree = "<group>"; };
		A042F0FC1962EE5D00825387 /* ZWDeviceItemSwitch.h */ = {isa = PBXFileReference; fileEncoding = 4; lastKnownFileType = sourcecode.c.h; name = ZWDeviceItemSwitch.h; path = "Device Items/ZWDeviceItemSwitch.h"; sourceTree = "<group>"; };
		A042F0FD1962EE5D00825387 /* ZWDeviceItemSwitch.m */ = {isa = PBXFileReference; fileEncoding = 4; lastKnownFileType = sourcecode.c.objc; name = ZWDeviceItemSwitch.m; path = "Device Items/ZWDeviceItemSwitch.m"; sourceTree = "<group>"; };
		A042F0FE1962EE5D00825387 /* ZWDeviceItemSwitch.xib */ = {isa = PBXFileReference; fileEncoding = 4; lastKnownFileType = file.xib; name = ZWDeviceItemSwitch.xib; path = "Device Items/ZWDeviceItemSwitch.xib"; sourceTree = "<group>"; };
		A042F0FF1962EE5D00825387 /* ZWDeviceItemThermostat.h */ = {isa = PBXFileReference; fileEncoding = 4; lastKnownFileType = sourcecode.c.h; name = ZWDeviceItemThermostat.h; path = "Device Items/ZWDeviceItemThermostat.h"; sourceTree = "<group>"; };
		A042F1001962EE5D00825387 /* ZWDeviceItemThermostat.m */ = {isa = PBXFileReference; fileEncoding = 4; lastKnownFileType = sourcecode.c.objc; name = ZWDeviceItemThermostat.m; path = "Device Items/ZWDeviceItemThermostat.m"; sourceTree = "<group>"; };
		A042F1011962EE5D00825387 /* ZWDeviceItemThermostat.xib */ = {isa = PBXFileReference; fileEncoding = 4; lastKnownFileType = file.xib; name = ZWDeviceItemThermostat.xib; path = "Device Items/ZWDeviceItemThermostat.xib"; sourceTree = "<group>"; };
		A042F1021962EE5D00825387 /* ZWPickerPopup.h */ = {isa = PBXFileReference; fileEncoding = 4; lastKnownFileType = sourcecode.c.h; name = ZWPickerPopup.h; path = "Device Items/ZWPickerPopup.h"; sourceTree = "<group>"; };
		A042F1031962EE5D00825387 /* ZWPickerPopup.m */ = {isa = PBXFileReference; fileEncoding = 4; lastKnownFileType = sourcecode.c.objc; name = ZWPickerPopup.m; path = "Device Items/ZWPickerPopup.m"; sourceTree = "<group>"; };
		A042F1151962EE7A00825387 /* ZWay-Info.plist */ = {isa = PBXFileReference; fileEncoding = 4; lastKnownFileType = text.plist.xml; name = "ZWay-Info.plist"; path = "Localization/ZWay-Info.plist"; sourceTree = "<group>"; };
		A042F1161962EE7A00825387 /* ZWay-Prefix.pch */ = {isa = PBXFileReference; fileEncoding = 4; lastKnownFileType = sourcecode.c.h; name = "ZWay-Prefix.pch"; path = "Localization/ZWay-Prefix.pch"; sourceTree = "<group>"; };
		A042F1171962EE7A00825387 /* ZWayLanguage.h */ = {isa = PBXFileReference; fileEncoding = 4; lastKnownFileType = sourcecode.c.h; name = ZWayLanguage.h; path = Localization/ZWayLanguage.h; sourceTree = "<group>"; };
		A042F1181962EE7A00825387 /* ZWayLanguage.m */ = {isa = PBXFileReference; fileEncoding = 4; lastKnownFileType = sourcecode.c.objc; name = ZWayLanguage.m; path = Localization/ZWayLanguage.m; sourceTree = "<group>"; };
		A042F11B1962EF0700825387 /* connected-g.png */ = {isa = PBXFileReference; lastKnownFileType = image.png; path = "connected-g.png"; sourceTree = "<group>"; };
		A042F11D1962EF1B00825387 /* main.m */ = {isa = PBXFileReference; fileEncoding = 4; lastKnownFileType = sourcecode.c.objc; name = main.m; path = Main/main.m; sourceTree = "<group>"; };
		A042F11E1962EF1B00825387 /* ZWayAppDelegate.h */ = {isa = PBXFileReference; fileEncoding = 4; lastKnownFileType = sourcecode.c.h; name = ZWayAppDelegate.h; path = Main/ZWayAppDelegate.h; sourceTree = "<group>"; };
		A042F11F1962EF1B00825387 /* ZWayAppDelegate.m */ = {isa = PBXFileReference; fileEncoding = 4; lastKnownFileType = sourcecode.c.objc; name = ZWayAppDelegate.m; path = Main/ZWayAppDelegate.m; sourceTree = "<group>"; };
		A042F1221962F10300825387 /* ZWDevice.m */ = {isa = PBXFileReference; fileEncoding = 4; lastKnownFileType = sourcecode.c.objc; name = ZWDevice.m; path = "Data Handling/ZWDevice.m"; sourceTree = "<group>"; };
		A042F1241962F10F00825387 /* ZWDevice.h */ = {isa = PBXFileReference; fileEncoding = 4; lastKnownFileType = sourcecode.c.h; name = ZWDevice.h; path = "Data Handling/ZWDevice.h"; sourceTree = "<group>"; };
		A0459A24195DBA12005E6EB0 /* de */ = {isa = PBXFileReference; lastKnownFileType = text.plist.strings; name = de; path = de.lproj/InfoPlist.strings; sourceTree = "<group>"; };
		A0459A26195DBA12005E6EB0 /* de */ = {isa = PBXFileReference; lastKnownFileType = text.plist.strings; name = de; path = de.lproj/Localizable.strings; sourceTree = "<group>"; };
		A0459A28195DBA12005E6EB0 /* de */ = {isa = PBXFileReference; lastKnownFileType = file.storyboard; name = de; path = de.lproj/MainStoryboard_iPad.storyboard; sourceTree = "<group>"; };
		A0459A2A195DBA12005E6EB0 /* de */ = {isa = PBXFileReference; lastKnownFileType = file.storyboard; name = de; path = de.lproj/MainStoryboard_iPhone.storyboard; sourceTree = "<group>"; };
		A0459A2E195DBA12005E6EB0 /* en */ = {isa = PBXFileReference; lastKnownFileType = text.plist.strings; name = en; path = en.lproj/InfoPlist.strings; sourceTree = "<group>"; };
		A0459A2F195DBA12005E6EB0 /* en */ = {isa = PBXFileReference; lastKnownFileType = file.storyboard; name = en; path = en.lproj/MainStoryboard_iPad.storyboard; sourceTree = "<group>"; };
		A0459A30195DBA12005E6EB0 /* en */ = {isa = PBXFileReference; lastKnownFileType = file.storyboard; name = en; path = en.lproj/MainStoryboard_iPhone.storyboard; sourceTree = "<group>"; };
		A0459A36195DBA12005E6EB0 /* battery-critical-focus.png */ = {isa = PBXFileReference; lastKnownFileType = image.png; path = "battery-critical-focus.png"; sourceTree = "<group>"; };
		A0459A37195DBA12005E6EB0 /* battery-critical.png */ = {isa = PBXFileReference; lastKnownFileType = image.png; path = "battery-critical.png"; sourceTree = "<group>"; };
		A0459A38195DBA12005E6EB0 /* battery-focus.png */ = {isa = PBXFileReference; lastKnownFileType = image.png; path = "battery-focus.png"; sourceTree = "<group>"; };
		A0459A39195DBA12005E6EB0 /* battery-low-focus.png */ = {isa = PBXFileReference; lastKnownFileType = image.png; path = "battery-low-focus.png"; sourceTree = "<group>"; };
		A0459A3A195DBA12005E6EB0 /* battery-low.png */ = {isa = PBXFileReference; lastKnownFileType = image.png; path = "battery-low.png"; sourceTree = "<group>"; };
		A0459A3B195DBA12005E6EB0 /* battery.png */ = {isa = PBXFileReference; lastKnownFileType = image.png; path = battery.png; sourceTree = "<group>"; };
		A0459A3C195DBA12005E6EB0 /* blinds-focus.png */ = {isa = PBXFileReference; lastKnownFileType = image.png; path = "blinds-focus.png"; sourceTree = "<group>"; };
		A0459A3D195DBA12005E6EB0 /* blinds.png */ = {isa = PBXFileReference; lastKnownFileType = image.png; path = blinds.png; sourceTree = "<group>"; };
		A0459A3E195DBA12005E6EB0 /* co-focus.png */ = {isa = PBXFileReference; lastKnownFileType = image.png; path = "co-focus.png"; sourceTree = "<group>"; };
		A0459A3F195DBA12005E6EB0 /* co.png */ = {isa = PBXFileReference; lastKnownFileType = image.png; path = co.png; sourceTree = "<group>"; };
		A0459A40195DBA12005E6EB0 /* cooling-focus.png */ = {isa = PBXFileReference; lastKnownFileType = image.png; path = "cooling-focus.png"; sourceTree = "<group>"; };
		A0459A41195DBA12005E6EB0 /* cooling.png */ = {isa = PBXFileReference; lastKnownFileType = image.png; path = cooling.png; sourceTree = "<group>"; };
		A0459A42195DBA12005E6EB0 /* device-blinds@2x.png */ = {isa = PBXFileReference; lastKnownFileType = image.png; path = "device-blinds@2x.png"; sourceTree = "<group>"; };
		A0459A43195DBA12005E6EB0 /* device-co@2x.png */ = {isa = PBXFileReference; lastKnownFileType = image.png; path = "device-co@2x.png"; sourceTree = "<group>"; };
		A0459A44195DBA12005E6EB0 /* device-cooling@2x.png */ = {isa = PBXFileReference; lastKnownFileType = image.png; path = "device-cooling@2x.png"; sourceTree = "<group>"; };
		A0459A45195DBA12005E6EB0 /* device-door@2x.png */ = {isa = PBXFileReference; lastKnownFileType = image.png; path = "device-door@2x.png"; sourceTree = "<group>"; };
		A0459A46195DBA12005E6EB0 /* device-energy@2x.png */ = {isa = PBXFileReference; lastKnownFileType = image.png; path = "device-energy@2x.png"; sourceTree = "<group>"; };
		A0459A47195DBA12005E6EB0 /* device-fan@2x.png */ = {isa = PBXFileReference; lastKnownFileType = image.png; path = "device-fan@2x.png"; sourceTree = "<group>"; };
		A0459A48195DBA12005E6EB0 /* device-flood@2x.png */ = {isa = PBXFileReference; lastKnownFileType = image.png; path = "device-flood@2x.png"; sourceTree = "<group>"; };
		A0459A49195DBA12005E6EB0 /* device-gas@2x.png */ = {isa = PBXFileReference; lastKnownFileType = image.png; path = "device-gas@2x.png"; sourceTree = "<group>"; };
		A0459A4A195DBA12005E6EB0 /* device-heating@2x.png */ = {isa = PBXFileReference; lastKnownFileType = image.png; path = "device-heating@2x.png"; sourceTree = "<group>"; };
		A0459A4B195DBA12005E6EB0 /* device-humidity@2x.png */ = {isa = PBXFileReference; lastKnownFileType = image.png; path = "device-humidity@2x.png"; sourceTree = "<group>"; };
		A0459A4C195DBA12005E6EB0 /* device-light@2x.png */ = {isa = PBXFileReference; lastKnownFileType = image.png; path = "device-light@2x.png"; sourceTree = "<group>"; };
		A0459A4D195DBA12005E6EB0 /* device-luminosity@2x.png */ = {isa = PBXFileReference; lastKnownFileType = image.png; path = "device-luminosity@2x.png"; sourceTree = "<group>"; };
		A0459A4E195DBA12005E6EB0 /* device-media@2x.png */ = {isa = PBXFileReference; lastKnownFileType = image.png; path = "device-media@2x.png"; sourceTree = "<group>"; };
		A0459A4F195DBA12005E6EB0 /* device-meter@2x.png */ = {isa = PBXFileReference; lastKnownFileType = image.png; path = "device-meter@2x.png"; sourceTree = "<group>"; };
		A0459A50195DBA12005E6EB0 /* device-motion@2x.png */ = {isa = PBXFileReference; lastKnownFileType = image.png; path = "device-motion@2x.png"; sourceTree = "<group>"; };
		A0459A51195DBA12005E6EB0 /* device-smoke@2x.png */ = {isa = PBXFileReference; lastKnownFileType = image.png; path = "device-smoke@2x.png"; sourceTree = "<group>"; };
		A0459A52195DBA12005E6EB0 /* device-switch@2x.png */ = {isa = PBXFileReference; lastKnownFileType = image.png; path = "device-switch@2x.png"; sourceTree = "<group>"; };
		A0459A53195DBA12005E6EB0 /* device-temperature@2x.png */ = {isa = PBXFileReference; lastKnownFileType = image.png; path = "device-temperature@2x.png"; sourceTree = "<group>"; };
		A0459A54195DBA12005E6EB0 /* device-thermostat@2x.png */ = {isa = PBXFileReference; lastKnownFileType = image.png; path = "device-thermostat@2x.png"; sourceTree = "<group>"; };
		A0459A55195DBA12005E6EB0 /* device-water@2x.png */ = {isa = PBXFileReference; lastKnownFileType = image.png; path = "device-water@2x.png"; sourceTree = "<group>"; };
		A0459A56195DBA12005E6EB0 /* device-window@2x.png */ = {isa = PBXFileReference; lastKnownFileType = image.png; path = "device-window@2x.png"; sourceTree = "<group>"; };
		A0459A57195DBA12005E6EB0 /* door-focus.png */ = {isa = PBXFileReference; lastKnownFileType = image.png; path = "door-focus.png"; sourceTree = "<group>"; };
		A0459A58195DBA12005E6EB0 /* door.png */ = {isa = PBXFileReference; lastKnownFileType = image.png; path = door.png; sourceTree = "<group>"; };
		A0459A59195DBA12005E6EB0 /* energy-focus.png */ = {isa = PBXFileReference; lastKnownFileType = image.png; path = "energy-focus.png"; sourceTree = "<group>"; };
		A0459A5A195DBA12005E6EB0 /* energy.png */ = {isa = PBXFileReference; lastKnownFileType = image.png; path = energy.png; sourceTree = "<group>"; };
		A0459A5B195DBA12005E6EB0 /* fan-focus.png */ = {isa = PBXFileReference; lastKnownFileType = image.png; path = "fan-focus.png"; sourceTree = "<group>"; };
		A0459A5C195DBA12005E6EB0 /* fan.png */ = {isa = PBXFileReference; lastKnownFileType = image.png; path = fan.png; sourceTree = "<group>"; };
		A0459A5D195DBA12005E6EB0 /* flood-focus.png */ = {isa = PBXFileReference; lastKnownFileType = image.png; path = "flood-focus.png"; sourceTree = "<group>"; };
		A0459A5E195DBA12005E6EB0 /* flood.png */ = {isa = PBXFileReference; lastKnownFileType = image.png; path = flood.png; sourceTree = "<group>"; };
		A0459A5F195DBA12005E6EB0 /* gas-focus.png */ = {isa = PBXFileReference; lastKnownFileType = image.png; path = "gas-focus.png"; sourceTree = "<group>"; };
		A0459A60195DBA12005E6EB0 /* gas.png */ = {isa = PBXFileReference; lastKnownFileType = image.png; path = gas.png; sourceTree = "<group>"; };
		A0459A61195DBA12005E6EB0 /* heating-focus.png */ = {isa = PBXFileReference; lastKnownFileType = image.png; path = "heating-focus.png"; sourceTree = "<group>"; };
		A0459A62195DBA12005E6EB0 /* heating.png */ = {isa = PBXFileReference; lastKnownFileType = image.png; path = heating.png; sourceTree = "<group>"; };
		A0459A63195DBA12005E6EB0 /* humidity-focus.png */ = {isa = PBXFileReference; lastKnownFileType = image.png; path = "humidity-focus.png"; sourceTree = "<group>"; };
		A0459A64195DBA12005E6EB0 /* humidity.png */ = {isa = PBXFileReference; lastKnownFileType = image.png; path = humidity.png; sourceTree = "<group>"; };
		A0459A65195DBA12005E6EB0 /* light-focus.png */ = {isa = PBXFileReference; lastKnownFileType = image.png; path = "light-focus.png"; sourceTree = "<group>"; };
		A0459A66195DBA12005E6EB0 /* light.png */ = {isa = PBXFileReference; lastKnownFileType = image.png; path = light.png; sourceTree = "<group>"; };
		A0459A67195DBA12005E6EB0 /* luminosity-focus.png */ = {isa = PBXFileReference; lastKnownFileType = image.png; path = "luminosity-focus.png"; sourceTree = "<group>"; };
		A0459A68195DBA12005E6EB0 /* luminosity.png */ = {isa = PBXFileReference; lastKnownFileType = image.png; path = luminosity.png; sourceTree = "<group>"; };
		A0459A69195DBA12005E6EB0 /* media-focus.png */ = {isa = PBXFileReference; lastKnownFileType = image.png; path = "media-focus.png"; sourceTree = "<group>"; };
		A0459A6A195DBA12005E6EB0 /* media.png */ = {isa = PBXFileReference; lastKnownFileType = image.png; path = media.png; sourceTree = "<group>"; };
		A0459A6B195DBA12005E6EB0 /* meter-focus.png */ = {isa = PBXFileReference; lastKnownFileType = image.png; path = "meter-focus.png"; sourceTree = "<group>"; };
		A0459A6C195DBA12005E6EB0 /* meter.png */ = {isa = PBXFileReference; lastKnownFileType = image.png; path = meter.png; sourceTree = "<group>"; };
		A0459A6D195DBA12005E6EB0 /* motion-focus.png */ = {isa = PBXFileReference; lastKnownFileType = image.png; path = "motion-focus.png"; sourceTree = "<group>"; };
		A0459A6E195DBA12005E6EB0 /* motion.png */ = {isa = PBXFileReference; lastKnownFileType = image.png; path = motion.png; sourceTree = "<group>"; };
		A0459A6F195DBA12005E6EB0 /* notification-battery-critical@2x.png */ = {isa = PBXFileReference; lastKnownFileType = image.png; path = "notification-battery-critical@2x.png"; sourceTree = "<group>"; };
		A0459A70195DBA12005E6EB0 /* notification-battery-low@2x.png */ = {isa = PBXFileReference; lastKnownFileType = image.png; path = "notification-battery-low@2x.png"; sourceTree = "<group>"; };
		A0459A71195DBA12005E6EB0 /* notification-connection@2x.png */ = {isa = PBXFileReference; lastKnownFileType = image.png; path = "notification-connection@2x.png"; sourceTree = "<group>"; };
		A0459A73195DBA12005E6EB0 /* smoke-focus.png */ = {isa = PBXFileReference; lastKnownFileType = image.png; path = "smoke-focus.png"; sourceTree = "<group>"; };
		A0459A74195DBA12005E6EB0 /* smoke.png */ = {isa = PBXFileReference; lastKnownFileType = image.png; path = smoke.png; sourceTree = "<group>"; };
		A0459A75195DBA12005E6EB0 /* switch-focus.png */ = {isa = PBXFileReference; lastKnownFileType = image.png; path = "switch-focus.png"; sourceTree = "<group>"; };
		A0459A76195DBA12005E6EB0 /* switch.png */ = {isa = PBXFileReference; lastKnownFileType = image.png; path = switch.png; sourceTree = "<group>"; };
		A0459A77195DBA12005E6EB0 /* temperature-focus.png */ = {isa = PBXFileReference; lastKnownFileType = image.png; path = "temperature-focus.png"; sourceTree = "<group>"; };
		A0459A78195DBA12005E6EB0 /* temperature.png */ = {isa = PBXFileReference; lastKnownFileType = image.png; path = temperature.png; sourceTree = "<group>"; };
		A0459A79195DBA12005E6EB0 /* thermostat-focus.png */ = {isa = PBXFileReference; lastKnownFileType = image.png; path = "thermostat-focus.png"; sourceTree = "<group>"; };
		A0459A7A195DBA12005E6EB0 /* thermostat.png */ = {isa = PBXFileReference; lastKnownFileType = image.png; path = thermostat.png; sourceTree = "<group>"; };
		A0459A7B195DBA12005E6EB0 /* water-focus.png */ = {isa = PBXFileReference; lastKnownFileType = image.png; path = "water-focus.png"; sourceTree = "<group>"; };
		A0459A7C195DBA12005E6EB0 /* water.png */ = {isa = PBXFileReference; lastKnownFileType = image.png; path = water.png; sourceTree = "<group>"; };
		A0459A7D195DBA12005E6EB0 /* window-focus.png */ = {isa = PBXFileReference; lastKnownFileType = image.png; path = "window-focus.png"; sourceTree = "<group>"; };
		A0459A7E195DBA12005E6EB0 /* window.png */ = {isa = PBXFileReference; lastKnownFileType = image.png; path = window.png; sourceTree = "<group>"; };
		A0459A7F195DBA12005E6EB0 /* wrong.png */ = {isa = PBXFileReference; lastKnownFileType = image.png; path = wrong.png; sourceTree = "<group>"; };
		A0459A87195DBA12005E6EB0 /* ru */ = {isa = PBXFileReference; lastKnownFileType = text.plist.strings; name = ru; path = ru.lproj/InfoPlist.strings; sourceTree = "<group>"; };
		A0459A88195DBA12005E6EB0 /* ru */ = {isa = PBXFileReference; lastKnownFileType = text.plist.strings; name = ru; path = ru.lproj/Localizable.strings; sourceTree = "<group>"; };
		A0459A89195DBA12005E6EB0 /* ru */ = {isa = PBXFileReference; lastKnownFileType = file.storyboard; name = ru; path = ru.lproj/MainStoryboard_iPad.storyboard; sourceTree = "<group>"; };
		A0459A8A195DBA12005E6EB0 /* ru */ = {isa = PBXFileReference; lastKnownFileType = file.storyboard; name = ru; path = ru.lproj/MainStoryboard_iPhone.storyboard; sourceTree = "<group>"; };
		A0459AF1195DBC7E005E6EB0 /* XCTest.framework */ = {isa = PBXFileReference; lastKnownFileType = wrapper.framework; name = XCTest.framework; path = Library/Frameworks/XCTest.framework; sourceTree = DEVELOPER_DIR; };
		A0459B0A195DBD76005E6EB0 /* ZWay.app */ = {isa = PBXFileReference; explicitFileType = wrapper.application; includeInIndex = 0; path = ZWay.app; sourceTree = BUILT_PRODUCTS_DIR; };
		A0459B2A195DBD76005E6EB0 /* ZWayTests.xctest */ = {isa = PBXFileReference; explicitFileType = wrapper.cfbundle; includeInIndex = 0; path = ZWayTests.xctest; sourceTree = BUILT_PRODUCTS_DIR; };
		A0466825196414B900323048 /* BinaryOff.png */ = {isa = PBXFileReference; lastKnownFileType = image.png; path = BinaryOff.png; sourceTree = "<group>"; };
		A0466826196414B900323048 /* BinaryOn.png */ = {isa = PBXFileReference; lastKnownFileType = image.png; path = BinaryOn.png; sourceTree = "<group>"; };
		A0466827196414B900323048 /* Dashboard.png */ = {isa = PBXFileReference; lastKnownFileType = image.png; path = Dashboard.png; sourceTree = "<group>"; };
		A0466828196414B900323048 /* Options.png */ = {isa = PBXFileReference; lastKnownFileType = image.png; path = Options.png; sourceTree = "<group>"; };
		A0466829196414B900323048 /* Widgets.png */ = {isa = PBXFileReference; lastKnownFileType = image.png; path = Widgets.png; sourceTree = "<group>"; };
		A047569E18B633E9004E1160 /* CFNetwork.framework */ = {isa = PBXFileReference; lastKnownFileType = wrapper.framework; name = CFNetwork.framework; path = System/Library/Frameworks/CFNetwork.framework; sourceTree = SDKROOT; };
		A04847181973B1690030ADFB /* Default-568h@2x.png */ = {isa = PBXFileReference; lastKnownFileType = image.png; path = "Default-568h@2x.png"; sourceTree = "<group>"; };
		A04847191973B1690030ADFB /* Default.png */ = {isa = PBXFileReference; lastKnownFileType = image.png; path = Default.png; sourceTree = "<group>"; };
		A048471A1973B1690030ADFB /* Default@2x.png */ = {isa = PBXFileReference; lastKnownFileType = image.png; path = "Default@2x.png"; sourceTree = "<group>"; };
		A048BC1718A37DF500BF32C7 /* QuartzCore.framework */ = {isa = PBXFileReference; lastKnownFileType = wrapper.framework; name = QuartzCore.framework; path = System/Library/Frameworks/QuartzCore.framework; sourceTree = SDKROOT; };
		A048EBAE197028FB00474521 /* BinaryOff@2x.png */ = {isa = PBXFileReference; lastKnownFileType = image.png; path = "BinaryOff@2x.png"; sourceTree = "<group>"; };
		A048EBAF197028FB00474521 /* BinaryOn@2x.png */ = {isa = PBXFileReference; lastKnownFileType = image.png; path = "BinaryOn@2x.png"; sourceTree = "<group>"; };
		A048EBB0197028FB00474521 /* connected-g@2x.png */ = {isa = PBXFileReference; lastKnownFileType = image.png; path = "connected-g@2x.png"; sourceTree = "<group>"; };
		A048EBB1197028FB00474521 /* connection@2x.png */ = {isa = PBXFileReference; lastKnownFileType = image.png; path = "connection@2x.png"; sourceTree = "<group>"; };
		A048EBB2197028FB00474521 /* Dashboard@2x.png */ = {isa = PBXFileReference; lastKnownFileType = image.png; path = "Dashboard@2x.png"; sourceTree = "<group>"; };
		A048EBB3197028FB00474521 /* noConnection@2x.png */ = {isa = PBXFileReference; lastKnownFileType = image.png; path = "noConnection@2x.png"; sourceTree = "<group>"; };
		A048EBB4197028FB00474521 /* Notifications@2x.png */ = {isa = PBXFileReference; lastKnownFileType = image.png; path = "Notifications@2x.png"; sourceTree = "<group>"; };
		A048EBB5197028FB00474521 /* Options@2x.png */ = {isa = PBXFileReference; lastKnownFileType = image.png; path = "Options@2x.png"; sourceTree = "<group>"; };
		A048EBB6197028FB00474521 /* scene@2x.png */ = {isa = PBXFileReference; lastKnownFileType = image.png; path = "scene@2x.png"; sourceTree = "<group>"; };
		A048EBB7197028FB00474521 /* toggleNormal@2x.png */ = {isa = PBXFileReference; lastKnownFileType = image.png; path = "toggleNormal@2x.png"; sourceTree = "<group>"; };
		A048EBB8197028FB00474521 /* togglePressed@2x.png */ = {isa = PBXFileReference; lastKnownFileType = image.png; path = "togglePressed@2x.png"; sourceTree = "<group>"; };
		A048EBB9197028FB00474521 /* Widgets@2x.png */ = {isa = PBXFileReference; lastKnownFileType = image.png; path = "Widgets@2x.png"; sourceTree = "<group>"; };
		A048EBBA197028FB00474521 /* wrong@2x.png */ = {isa = PBXFileReference; lastKnownFileType = image.png; path = "wrong@2x.png"; sourceTree = "<group>"; };
		A04EAAF818C7164C00D22715 /* AVFoundation.framework */ = {isa = PBXFileReference; lastKnownFileType = wrapper.framework; name = AVFoundation.framework; path = System/Library/Frameworks/AVFoundation.framework; sourceTree = SDKROOT; };
		A0507A5B196ED74A00143016 /* ZWCheckBox.xib */ = {isa = PBXFileReference; fileEncoding = 4; lastKnownFileType = file.xib; path = ZWCheckBox.xib; sourceTree = "<group>"; };
		A054497D196D7193006610B5 /* connection.png */ = {isa = PBXFileReference; lastKnownFileType = image.png; path = connection.png; sourceTree = "<group>"; };
		A054497E196D7193006610B5 /* noConnection.png */ = {isa = PBXFileReference; lastKnownFileType = image.png; path = noConnection.png; sourceTree = "<group>"; };
		A0544981196D7E57006610B5 /* toggleNormal.png */ = {isa = PBXFileReference; lastKnownFileType = image.png; path = toggleNormal.png; sourceTree = "<group>"; };
		A0544982196D7E57006610B5 /* togglePressed.png */ = {isa = PBXFileReference; lastKnownFileType = image.png; path = togglePressed.png; sourceTree = "<group>"; };
		A085F5161886C5F00061E721 /* UIKit.framework */ = {isa = PBXFileReference; lastKnownFileType = wrapper.framework; name = UIKit.framework; path = System/Library/Frameworks/UIKit.framework; sourceTree = SDKROOT; };
		A085F5181886C5F00061E721 /* Foundation.framework */ = {isa = PBXFileReference; lastKnownFileType = wrapper.framework; name = Foundation.framework; path = System/Library/Frameworks/Foundation.framework; sourceTree = SDKROOT; };
		A085F51A1886C5F00061E721 /* CoreGraphics.framework */ = {isa = PBXFileReference; lastKnownFileType = wrapper.framework; name = CoreGraphics.framework; path = System/Library/Frameworks/CoreGraphics.framework; sourceTree = SDKROOT; };
		A0A285041897C9B6004496C8 /* SystemConfiguration.framework */ = {isa = PBXFileReference; lastKnownFileType = wrapper.framework; name = SystemConfiguration.framework; path = System/Library/Frameworks/SystemConfiguration.framework; sourceTree = SDKROOT; };
		A0ABBA981897B054002D7FBF /* CoreData.framework */ = {isa = PBXFileReference; lastKnownFileType = wrapper.framework; name = CoreData.framework; path = System/Library/Frameworks/CoreData.framework; sourceTree = SDKROOT; };
		A0C2DC22196140610031E4BA /* en */ = {isa = PBXFileReference; lastKnownFileType = text.plist.strings; name = en; path = en.lproj/Localizable.strings; sourceTree = "<group>"; };
/* End PBXFileReference section */

/* Begin PBXFrameworksBuildPhase section */
		A0459B07195DBD76005E6EB0 /* Frameworks */ = {
			isa = PBXFrameworksBuildPhase;
			buildActionMask = 2147483647;
			files = (
				A0840BC2195DBF1D00FC5FAC /* AVFoundation.framework in Frameworks */,
				A0840BC6195DBF2900FC5FAC /* CoreData.framework in Frameworks */,
				A0840BC5195DBF2600FC5FAC /* SystemConfiguration.framework in Frameworks */,
				A0459B0C195DBD76005E6EB0 /* CoreGraphics.framework in Frameworks */,
				A0840BC4195DBF2300FC5FAC /* QuartzCore.framework in Frameworks */,
				A0459B0D195DBD76005E6EB0 /* UIKit.framework in Frameworks */,
				A0459B0B195DBD76005E6EB0 /* Foundation.framework in Frameworks */,
				A0840BC3195DBF2100FC5FAC /* CFNetwork.framework in Frameworks */,
			);
			runOnlyForDeploymentPostprocessing = 0;
		};
		A0459B27195DBD76005E6EB0 /* Frameworks */ = {
			isa = PBXFrameworksBuildPhase;
			buildActionMask = 2147483647;
			files = (
				A0459B2B195DBD76005E6EB0 /* XCTest.framework in Frameworks */,
				A0459B2D195DBD77005E6EB0 /* UIKit.framework in Frameworks */,
				A0459B2C195DBD77005E6EB0 /* Foundation.framework in Frameworks */,
			);
			runOnlyForDeploymentPostprocessing = 0;
		};
/* End PBXFrameworksBuildPhase section */

/* Begin PBXGroup section */
		A03BA803196186290096E45E /* Profiles */ = {
			isa = PBXGroup;
			children = (
				A042F0CE1962EE0900825387 /* ZWayProfilesViewController.h */,
				A042F0CF1962EE0900825387 /* ZWayProfilesViewController.m */,
				A042F0CC1962EE0900825387 /* ZWayNewProfileViewController.h */,
				A042F0CD1962EE0900825387 /* ZWayNewProfileViewController.m */,
				A042F0D01962EE0900825387 /* ZWPasswordCell.xib */,
				A042F0D11962EE0900825387 /* ZWTextEditCell.xib */,
				A042F0D21962EE0900825387 /* ZWUrlEditCell.xib */,
				A0507A5B196ED74A00143016 /* ZWCheckBox.xib */,
			);
			name = Profiles;
			sourceTree = "<group>";
		};
		A0459A1F195DBA12005E6EB0 /* ZWay */ = {
			isa = PBXGroup;
			children = (
				A0459AC1195DBA31005E6EB0 /* ViewController */,
				A0459AC2195DBA9B005E6EB0 /* Data Handling */,
				A0459AC3195DBAE7005E6EB0 /* Device Items */,
				A0459AC4195DBB16005E6EB0 /* Localization */,
				A0459A33195DBA12005E6EB0 /* Images */,
				A0459AC9195DBBED005E6EB0 /* Main */,
			);
			path = ZWay;
			sourceTree = "<group>";
		};
		A0459A33195DBA12005E6EB0 /* Images */ = {
			isa = PBXGroup;
			children = (
				A0459A36195DBA12005E6EB0 /* battery-critical-focus.png */,
				A0459A37195DBA12005E6EB0 /* battery-critical.png */,
				A0459A38195DBA12005E6EB0 /* battery-focus.png */,
				A0459A39195DBA12005E6EB0 /* battery-low-focus.png */,
				A0459A3A195DBA12005E6EB0 /* battery-low.png */,
				A0459A3B195DBA12005E6EB0 /* battery.png */,
				A0466825196414B900323048 /* BinaryOff.png */,
				A048EBAE197028FB00474521 /* BinaryOff@2x.png */,
				A0466826196414B900323048 /* BinaryOn.png */,
				A048EBAF197028FB00474521 /* BinaryOn@2x.png */,
				A0459A3C195DBA12005E6EB0 /* blinds-focus.png */,
				A0459A3D195DBA12005E6EB0 /* blinds.png */,
				A0459A3E195DBA12005E6EB0 /* co-focus.png */,
				A0459A3F195DBA12005E6EB0 /* co.png */,
				A042F11B1962EF0700825387 /* connected-g.png */,
				A048EBB0197028FB00474521 /* connected-g@2x.png */,
				A054497D196D7193006610B5 /* connection.png */,
				A048EBB1197028FB00474521 /* connection@2x.png */,
				A0459A40195DBA12005E6EB0 /* cooling-focus.png */,
				A0459A41195DBA12005E6EB0 /* cooling.png */,
				A0466827196414B900323048 /* Dashboard.png */,
				A048EBB2197028FB00474521 /* Dashboard@2x.png */,
				A04847181973B1690030ADFB /* Default-568h@2x.png */,
				A04847191973B1690030ADFB /* Default.png */,
				A048471A1973B1690030ADFB /* Default@2x.png */,
				A0459A42195DBA12005E6EB0 /* device-blinds@2x.png */,
				A0459A43195DBA12005E6EB0 /* device-co@2x.png */,
				A0459A44195DBA12005E6EB0 /* device-cooling@2x.png */,
				A0459A45195DBA12005E6EB0 /* device-door@2x.png */,
				A0459A46195DBA12005E6EB0 /* device-energy@2x.png */,
				A0459A47195DBA12005E6EB0 /* device-fan@2x.png */,
				A0459A48195DBA12005E6EB0 /* device-flood@2x.png */,
				A0459A49195DBA12005E6EB0 /* device-gas@2x.png */,
				A0459A4A195DBA12005E6EB0 /* device-heating@2x.png */,
				A0459A4B195DBA12005E6EB0 /* device-humidity@2x.png */,
				A0459A4C195DBA12005E6EB0 /* device-light@2x.png */,
				A0459A4D195DBA12005E6EB0 /* device-luminosity@2x.png */,
				A0459A4E195DBA12005E6EB0 /* device-media@2x.png */,
				A0459A4F195DBA12005E6EB0 /* device-meter@2x.png */,
				A0459A50195DBA12005E6EB0 /* device-motion@2x.png */,
				A0459A51195DBA12005E6EB0 /* device-smoke@2x.png */,
				A0459A52195DBA12005E6EB0 /* device-switch@2x.png */,
				A0459A53195DBA12005E6EB0 /* device-temperature@2x.png */,
				A0459A54195DBA12005E6EB0 /* device-thermostat@2x.png */,
				A0459A55195DBA12005E6EB0 /* device-water@2x.png */,
				A0459A56195DBA12005E6EB0 /* device-window@2x.png */,
				A0459A57195DBA12005E6EB0 /* door-focus.png */,
				A0459A58195DBA12005E6EB0 /* door.png */,
				A0459A59195DBA12005E6EB0 /* energy-focus.png */,
				A0459A5A195DBA12005E6EB0 /* energy.png */,
				A0459A5B195DBA12005E6EB0 /* fan-focus.png */,
				A0459A5C195DBA12005E6EB0 /* fan.png */,
				A0459A5D195DBA12005E6EB0 /* flood-focus.png */,
				A0459A5E195DBA12005E6EB0 /* flood.png */,
				A0459A5F195DBA12005E6EB0 /* gas-focus.png */,
				A0459A60195DBA12005E6EB0 /* gas.png */,
				A0459A61195DBA12005E6EB0 /* heating-focus.png */,
				A0459A62195DBA12005E6EB0 /* heating.png */,
				A0459A63195DBA12005E6EB0 /* humidity-focus.png */,
				A0459A64195DBA12005E6EB0 /* humidity.png */,
				A0459A65195DBA12005E6EB0 /* light-focus.png */,
				A0459A66195DBA12005E6EB0 /* light.png */,
				A0459A67195DBA12005E6EB0 /* luminosity-focus.png */,
				A0459A68195DBA12005E6EB0 /* luminosity.png */,
				A0459A69195DBA12005E6EB0 /* media-focus.png */,
				A0459A6A195DBA12005E6EB0 /* media.png */,
				A0459A6B195DBA12005E6EB0 /* meter-focus.png */,
				A0459A6C195DBA12005E6EB0 /* meter.png */,
				A0459A6D195DBA12005E6EB0 /* motion-focus.png */,
				A0459A6E195DBA12005E6EB0 /* motion.png */,
				A054497E196D7193006610B5 /* noConnection.png */,
				A048EBB3197028FB00474521 /* noConnection@2x.png */,
				A0459A6F195DBA12005E6EB0 /* notification-battery-critical@2x.png */,
				A0459A70195DBA12005E6EB0 /* notification-battery-low@2x.png */,
				A0459A71195DBA12005E6EB0 /* notification-connection@2x.png */,
				A03E191519655110008416DB /* Notifications.png */,
				A048EBB4197028FB00474521 /* Notifications@2x.png */,
				A0466828196414B900323048 /* Options.png */,
				A048EBB5197028FB00474521 /* Options@2x.png */,
				A03E1921196572D9008416DB /* scene.png */,
				A048EBB6197028FB00474521 /* scene@2x.png */,
				A0459A73195DBA12005E6EB0 /* smoke-focus.png */,
				A0459A74195DBA12005E6EB0 /* smoke.png */,
				A0459A75195DBA12005E6EB0 /* switch-focus.png */,
				A0459A76195DBA12005E6EB0 /* switch.png */,
				A0459A77195DBA12005E6EB0 /* temperature-focus.png */,
				A0459A78195DBA12005E6EB0 /* temperature.png */,
				A0459A79195DBA12005E6EB0 /* thermostat-focus.png */,
				A0459A7A195DBA12005E6EB0 /* thermostat.png */,
				A0544981196D7E57006610B5 /* toggleNormal.png */,
				A048EBB7197028FB00474521 /* toggleNormal@2x.png */,
				A0544982196D7E57006610B5 /* togglePressed.png */,
				A048EBB8197028FB00474521 /* togglePressed@2x.png */,
				A0459A7B195DBA12005E6EB0 /* water-focus.png */,
				A0459A7C195DBA12005E6EB0 /* water.png */,
				A0466829196414B900323048 /* Widgets.png */,
				A048EBB9197028FB00474521 /* Widgets@2x.png */,
				A0459A7D195DBA12005E6EB0 /* window-focus.png */,
				A0459A7E195DBA12005E6EB0 /* window.png */,
				A0459A7F195DBA12005E6EB0 /* wrong.png */,
				A048EBBA197028FB00474521 /* wrong@2x.png */,
			);
			path = Images;
			sourceTree = "<group>";
		};
		A0459AC1195DBA31005E6EB0 /* ViewController */ = {
			isa = PBXGroup;
			children = (
				A0459AC7195DBBBF005E6EB0 /* Dashboard */,
				A0459AC6195DBBA9005E6EB0 /* Widgets */,
				A0459AC8195DBBD1005E6EB0 /* Notifications */,
				A0459AC5195DBB95005E6EB0 /* Options */,
			);
			name = ViewController;
			sourceTree = "<group>";
		};
		A0459AC2195DBA9B005E6EB0 /* Data Handling */ = {
			isa = PBXGroup;
			children = (
				A042F0DF1962EE4600825387 /* NSData+Base64.h */,
				A042F0E01962EE4600825387 /* NSData+Base64.m */,
				A042F0E11962EE4600825387 /* Reachability.h */,
				A042F0E21962EE4600825387 /* Reachability.m */,
				A042F0E31962EE4600825387 /* ZWayAuthentification.h */,
				A042F0E41962EE4600825387 /* ZWayAuthentification.m */,
				A042F0E51962EE4600825387 /* ZWDataHandler.h */,
				A042F0E61962EE4600825387 /* ZWDataHandler.m */,
				A042F1241962F10F00825387 /* ZWDevice.h */,
				A042F1221962F10300825387 /* ZWDevice.m */,
			);
			name = "Data Handling";
			sourceTree = "<group>";
		};
		A0459AC3195DBAE7005E6EB0 /* Device Items */ = {
			isa = PBXGroup;
			children = (
				A042F0EB1962EE5D00825387 /* ZWDeviceItem.h */,
				A042F0EC1962EE5D00825387 /* ZWDeviceItem.m */,
				A042F0ED1962EE5D00825387 /* ZWDeviceItemBattery.h */,
				A042F0EE1962EE5D00825387 /* ZWDeviceItemBattery.m */,
				A042F0EF1962EE5D00825387 /* ZWDeviceItemBattery.xib */,
				A042F0F01962EE5D00825387 /* ZWDeviceItemBlinds.xib */,
				A042F0F11962EE5D00825387 /* ZWDeviceItemDimmer.xib */,
				A042F0F21962EE5D00825387 /* ZWDeviceItemFan.h */,
				A042F0F31962EE5D00825387 /* ZWDeviceItemFan.m */,
				A042F0F41962EE5D00825387 /* ZWDeviceItemFan.xib */,
				A03E191E19656384008416DB /* ZWDeviceItemScene.h */,
				A03E191F19656384008416DB /* ZWDeviceItemScene.m */,
				A03E19231965792B008416DB /* ZWDeviceItemScene.xib */,
				A042F0F91962EE5D00825387 /* ZWDeviceItemSensorMulti.h */,
				A042F0FA1962EE5D00825387 /* ZWDeviceItemSensorMulti.m */,
				A042F0FB1962EE5D00825387 /* ZWDeviceItemSensorMulti.xib */,
				A042F0FC1962EE5D00825387 /* ZWDeviceItemSwitch.h */,
				A042F0FD1962EE5D00825387 /* ZWDeviceItemSwitch.m */,
				A042F0FE1962EE5D00825387 /* ZWDeviceItemSwitch.xib */,
				A042F0FF1962EE5D00825387 /* ZWDeviceItemThermostat.h */,
				A042F1001962EE5D00825387 /* ZWDeviceItemThermostat.m */,
				A042F1011962EE5D00825387 /* ZWDeviceItemThermostat.xib */,
				A042F1021962EE5D00825387 /* ZWPickerPopup.h */,
				A042F1031962EE5D00825387 /* ZWPickerPopup.m */,
			);
			name = "Device Items";
			sourceTree = "<group>";
		};
		A0459AC4195DBB16005E6EB0 /* Localization */ = {
			isa = PBXGroup;
			children = (
				A0459A23195DBA12005E6EB0 /* InfoPlist.strings */,
				A0459A25195DBA12005E6EB0 /* Localizable.strings */,
				A0459A27195DBA12005E6EB0 /* MainStoryboard_iPad.storyboard */,
				A0459A29195DBA12005E6EB0 /* MainStoryboard_iPhone.storyboard */,
				A042F1151962EE7A00825387 /* ZWay-Info.plist */,
				A042F1161962EE7A00825387 /* ZWay-Prefix.pch */,
				A042F1171962EE7A00825387 /* ZWayLanguage.h */,
				A042F1181962EE7A00825387 /* ZWayLanguage.m */,
			);
			name = Localization;
			sourceTree = "<group>";
		};
		A0459AC5195DBB95005E6EB0 /* Options */ = {
			isa = PBXGroup;
			children = (
				A042F0C81962EDFA00825387 /* ZWayOptionsController.h */,
				A042F0C91962EDFA00825387 /* ZWayOptionsController.m */,
				A042F0C61962EDFA00825387 /* ZWayAboutController.h */,
				A042F0C71962EDFA00825387 /* ZWayAboutController.m */,
				A03BA803196186290096E45E /* Profiles */,
				A0C2DC23196140E80031E4BA /* Profile store */,
			);
			name = Options;
			sourceTree = "<group>";
		};
		A0459AC6195DBBA9005E6EB0 /* Widgets */ = {
			isa = PBXGroup;
			children = (
				A042F0BF1962EDC100825387 /* ZWayWidgetViewController.h */,
				A042F0C01962EDC100825387 /* ZWayWidgetViewController.m */,
				A042F0BD1962EDC100825387 /* ZWayRoomsViewController.h */,
				A042F0BE1962EDC100825387 /* ZWayRoomsViewController.m */,
			);
			name = Widgets;
			sourceTree = "<group>";
		};
		A0459AC7195DBBBF005E6EB0 /* Dashboard */ = {
			isa = PBXGroup;
			children = (
				A042F0BC1962EDAA00825387 /* ZWayDashboardViewController.h */,
				A042F0BA1962ED8900825387 /* ZWayDashboardViewController.m */,
			);
			name = Dashboard;
			sourceTree = "<group>";
		};
		A0459AC8195DBBD1005E6EB0 /* Notifications */ = {
			isa = PBXGroup;
			children = (
				A042F0C31962EDDC00825387 /* ZWayNotificationViewController.h */,
				A042F0C41962EDDC00825387 /* ZWayNotificationViewController.m */,
				A03E191319654EC3008416DB /* NotificationCell.xib */,
			);
			name = Notifications;
			sourceTree = "<group>";
		};
		A0459AC9195DBBED005E6EB0 /* Main */ = {
			isa = PBXGroup;
			children = (
				A042F11D1962EF1B00825387 /* main.m */,
				A042F11E1962EF1B00825387 /* ZWayAppDelegate.h */,
				A042F11F1962EF1B00825387 /* ZWayAppDelegate.m */,
			);
			name = Main;
			sourceTree = "<group>";
		};
		A085F50A1886C5F00061E721 = {
			isa = PBXGroup;
			children = (
				A0459A1F195DBA12005E6EB0 /* ZWay */,
				A085F5151886C5F00061E721 /* Frameworks */,
				A085F5141886C5F00061E721 /* Products */,
			);
			sourceTree = "<group>";
		};
		A085F5141886C5F00061E721 /* Products */ = {
			isa = PBXGroup;
			children = (
				A0459B0A195DBD76005E6EB0 /* ZWay.app */,
				A0459B2A195DBD76005E6EB0 /* ZWayTests.xctest */,
			);
			name = Products;
			sourceTree = "<group>";
		};
		A085F5151886C5F00061E721 /* Frameworks */ = {
			isa = PBXGroup;
			children = (
				A04EAAF818C7164C00D22715 /* AVFoundation.framework */,
				A047569E18B633E9004E1160 /* CFNetwork.framework */,
				A048BC1718A37DF500BF32C7 /* QuartzCore.framework */,
				A0A285041897C9B6004496C8 /* SystemConfiguration.framework */,
				A0ABBA981897B054002D7FBF /* CoreData.framework */,
				A085F5161886C5F00061E721 /* UIKit.framework */,
				A085F5181886C5F00061E721 /* Foundation.framework */,
				A085F51A1886C5F00061E721 /* CoreGraphics.framework */,
				A0459AF1195DBC7E005E6EB0 /* XCTest.framework */,
			);
			name = Frameworks;
			sourceTree = "<group>";
		};
		A0C2DC23196140E80031E4BA /* Profile store */ = {
			isa = PBXGroup;
			children = (
				A03E191719655401008416DB /* Model.xcdatamodeld */,
				A042F0D81962EE2A00825387 /* CMProfile.h */,
				A042F0D91962EE2A00825387 /* CMProfile.m */,
				A042F0DA1962EE2A00825387 /* ZWDataStore.h */,
				A042F0DB1962EE2A00825387 /* ZWDataStore.m */,
			);
			name = "Profile store";
			sourceTree = "<group>";
		};
/* End PBXGroup section */

/* Begin PBXNativeTarget section */
		A0459B09195DBD76005E6EB0 /* ZWay */ = {
			isa = PBXNativeTarget;
			buildConfigurationList = A0459B38195DBD77005E6EB0 /* Build configuration list for PBXNativeTarget "ZWay" */;
			buildPhases = (
				A0459B06195DBD76005E6EB0 /* Sources */,
				A0459B07195DBD76005E6EB0 /* Frameworks */,
				A0459B08195DBD76005E6EB0 /* Resources */,
			);
			buildRules = (
			);
			dependencies = (
			);
			name = ZWay;
			productName = ZWay;
			productReference = A0459B0A195DBD76005E6EB0 /* ZWay.app */;
			productType = "com.apple.product-type.application";
		};
		A0459B29195DBD76005E6EB0 /* ZWayTests */ = {
			isa = PBXNativeTarget;
			buildConfigurationList = A0459B3B195DBD77005E6EB0 /* Build configuration list for PBXNativeTarget "ZWayTests" */;
			buildPhases = (
				A0459B26195DBD76005E6EB0 /* Sources */,
				A0459B27195DBD76005E6EB0 /* Frameworks */,
				A0459B28195DBD76005E6EB0 /* Resources */,
			);
			buildRules = (
			);
			dependencies = (
				A0459B2F195DBD77005E6EB0 /* PBXTargetDependency */,
			);
			name = ZWayTests;
			productName = ZWayTests;
			productReference = A0459B2A195DBD76005E6EB0 /* ZWayTests.xctest */;
			productType = "com.apple.product-type.bundle.unit-test";
		};
/* End PBXNativeTarget section */

/* Begin PBXProject section */
		A085F50B1886C5F00061E721 /* Project object */ = {
			isa = PBXProject;
			attributes = {
				CLASSPREFIX = ZWay;
				LastTestingUpgradeCheck = 0510;
				LastUpgradeCheck = 0510;
				ORGANIZATIONNAME = "Lucas von Hacht";
				TargetAttributes = {
					A0459B29195DBD76005E6EB0 = {
						TestTargetID = A0459B09195DBD76005E6EB0;
					};
				};
			};
			buildConfigurationList = A085F50E1886C5F00061E721 /* Build configuration list for PBXProject "ZWay" */;
			compatibilityVersion = "Xcode 3.2";
			developmentRegion = English;
			hasScannedForEncodings = 0;
			knownRegions = (
				en,
				de,
				ru,
				Base,
				"zh-Hans",
			);
			mainGroup = A085F50A1886C5F00061E721;
			productRefGroup = A085F5141886C5F00061E721 /* Products */;
			projectDirPath = "";
			projectRoot = "";
			targets = (
				A0459B09195DBD76005E6EB0 /* ZWay */,
				A0459B29195DBD76005E6EB0 /* ZWayTests */,
			);
		};
/* End PBXProject section */

/* Begin PBXResourcesBuildPhase section */
		A0459B08195DBD76005E6EB0 /* Resources */ = {
			isa = PBXResourcesBuildPhase;
			buildActionMask = 2147483647;
			files = (
				A048471D1973B1690030ADFB /* Default@2x.png in Resources */,
				A0C2DBF919613EBE0031E4BA /* energy.png in Resources */,
				A042F11C1962EF0700825387 /* connected-g.png in Resources */,
				A0C2DC0019613EBE0031E4BA /* heating-focus.png in Resources */,
				A0C2DC1D19613EBE0031E4BA /* window.png in Resources */,
				A0C2DBF319613EBE0031E4BA /* device-thermostat@2x.png in Resources */,
				A042F0D51962EE0900825387 /* ZWPasswordCell.xib in Resources */,
				A0544983196D7E57006610B5 /* toggleNormal.png in Resources */,
				A0C2DBCB19613E9F0031E4BA /* MainStoryboard_iPad.storyboard in Resources */,
				A0C2DBE019613EBE0031E4BA /* cooling.png in Resources */,
				A0C2DBFD19613EBE0031E4BA /* flood.png in Resources */,
				A0507A5C196ED74A00143016 /* ZWCheckBox.xib in Resources */,
				A0C2DBE919613EBE0031E4BA /* device-heating@2x.png in Resources */,
				A0C2DC1B19613EBE0031E4BA /* water.png in Resources */,
				A0C2DBE719613EBE0031E4BA /* device-flood@2x.png in Resources */,
				A0C2DC1519613EBE0031E4BA /* switch.png in Resources */,
				A0C2DBF619613EBE0031E4BA /* door-focus.png in Resources */,
				A0C2DBFA19613EBE0031E4BA /* fan-focus.png in Resources */,
				A0C2DBCC19613EB00031E4BA /* Localizable.strings in Resources */,
				A0C2DC1219613EBE0031E4BA /* smoke-focus.png in Resources */,
				A042F1111962EE5D00825387 /* ZWDeviceItemSwitch.xib in Resources */,
				A0C2DBE819613EBE0031E4BA /* device-gas@2x.png in Resources */,
				A048EBC0197028FB00474521 /* noConnection@2x.png in Resources */,
				A03E1922196572D9008416DB /* scene.png in Resources */,
				A042F0D71962EE0900825387 /* ZWUrlEditCell.xib in Resources */,
				A0C2DBCA19613E9C0031E4BA /* MainStoryboard_iPhone.storyboard in Resources */,
				A0C2DC0819613EBE0031E4BA /* media-focus.png in Resources */,
				A0C2DC0619613EBE0031E4BA /* luminosity-focus.png in Resources */,
				A048EBBB197028FB00474521 /* BinaryOff@2x.png in Resources */,
				A0C2DC1719613EBE0031E4BA /* temperature.png in Resources */,
				A0C2DC1A19613EBE0031E4BA /* water-focus.png in Resources */,
				A0C2DBFE19613EBE0031E4BA /* gas-focus.png in Resources */,
				A0C2DC0F19613EBE0031E4BA /* notification-battery-low@2x.png in Resources */,
				A0C2DC0B19613EBE0031E4BA /* meter.png in Resources */,
				A048EBC2197028FB00474521 /* Options@2x.png in Resources */,
				A042F1131962EE5D00825387 /* ZWDeviceItemThermostat.xib in Resources */,
				A0C2DC0519613EBE0031E4BA /* light.png in Resources */,
				A0C2DBEC19613EBE0031E4BA /* device-luminosity@2x.png in Resources */,
				A0C2DBF519613EBE0031E4BA /* device-window@2x.png in Resources */,
				A0C2DBDB19613EBE0031E4BA /* blinds-focus.png in Resources */,
				A0C2DC1919613EBE0031E4BA /* thermostat.png in Resources */,
				A048EBC5197028FB00474521 /* togglePressed@2x.png in Resources */,
				A0C2DC1C19613EBE0031E4BA /* window-focus.png in Resources */,
				A042F1061962EE5D00825387 /* ZWDeviceItemBattery.xib in Resources */,
				A0C2DC0919613EBE0031E4BA /* media.png in Resources */,
				A0C2DBDC19613EBE0031E4BA /* blinds.png in Resources */,
				A0C2DC0319613EBE0031E4BA /* humidity.png in Resources */,
				A048471C1973B1690030ADFB /* Default.png in Resources */,
				A03E191419654EC3008416DB /* NotificationCell.xib in Resources */,
				A0C2DBF419613EBE0031E4BA /* device-water@2x.png in Resources */,
				A0C2DC0E19613EBE0031E4BA /* notification-battery-critical@2x.png in Resources */,
				A0C2DBD719613EBE0031E4BA /* battery-focus.png in Resources */,
				A0C2DBD619613EBE0031E4BA /* battery-critical.png in Resources */,
				A0C2DBFC19613EBE0031E4BA /* flood-focus.png in Resources */,
				A0C2DBE319613EBE0031E4BA /* device-cooling@2x.png in Resources */,
				A0C2DC1319613EBE0031E4BA /* smoke.png in Resources */,
				A0C2DC0719613EBE0031E4BA /* luminosity.png in Resources */,
				A048EBBE197028FB00474521 /* connection@2x.png in Resources */,
				A048EBC3197028FB00474521 /* scene@2x.png in Resources */,
				A0C2DBDF19613EBE0031E4BA /* cooling-focus.png in Resources */,
				A0C2DC1619613EBE0031E4BA /* temperature-focus.png in Resources */,
				A0C2DC1019613EBE0031E4BA /* notification-connection@2x.png in Resources */,
				A048EBC4197028FB00474521 /* toggleNormal@2x.png in Resources */,
				A03E191619655110008416DB /* Notifications.png in Resources */,
				A0C2DBF819613EBE0031E4BA /* energy-focus.png in Resources */,
				A0C2DC0119613EBE0031E4BA /* heating.png in Resources */,
				A048EBC6197028FB00474521 /* Widgets@2x.png in Resources */,
				A046682C196414B900323048 /* Dashboard.png in Resources */,
				A042F0D61962EE0900825387 /* ZWTextEditCell.xib in Resources */,
				A0C2DBE119613EBE0031E4BA /* device-blinds@2x.png in Resources */,
				A0C2DBF119613EBE0031E4BA /* device-switch@2x.png in Resources */,
				A048EBBC197028FB00474521 /* BinaryOn@2x.png in Resources */,
				A0C2DBDD19613EBE0031E4BA /* co-focus.png in Resources */,
				A046682E196414B900323048 /* Widgets.png in Resources */,
				A048EBC1197028FB00474521 /* Notifications@2x.png in Resources */,
				A042F10F1962EE5D00825387 /* ZWDeviceItemSensorMulti.xib in Resources */,
				A0C2DC0D19613EBE0031E4BA /* motion.png in Resources */,
				A048EBC7197028FB00474521 /* wrong@2x.png in Resources */,
				A046682A196414B900323048 /* BinaryOff.png in Resources */,
				A0C2DBF719613EBE0031E4BA /* door.png in Resources */,
				A0C2DC1E19613EBE0031E4BA /* wrong.png in Resources */,
				A0C2DBE419613EBE0031E4BA /* device-door@2x.png in Resources */,
				A0C2DBDA19613EBE0031E4BA /* battery.png in Resources */,
				A0C2DBEF19613EBE0031E4BA /* device-motion@2x.png in Resources */,
				A0C2DBE519613EBE0031E4BA /* device-energy@2x.png in Resources */,
				A0544980196D7193006610B5 /* noConnection.png in Resources */,
				A048EBBD197028FB00474521 /* connected-g@2x.png in Resources */,
				A0C2DBF219613EBE0031E4BA /* device-temperature@2x.png in Resources */,
				A042F1071962EE5D00825387 /* ZWDeviceItemBlinds.xib in Resources */,
				A042F10A1962EE5D00825387 /* ZWDeviceItemFan.xib in Resources */,
				A0C2DC0C19613EBE0031E4BA /* motion-focus.png in Resources */,
				A0C2DBF019613EBE0031E4BA /* device-smoke@2x.png in Resources */,
				A0C2DBFB19613EBE0031E4BA /* fan.png in Resources */,
				A0C2DBEB19613EBE0031E4BA /* device-light@2x.png in Resources */,
				A0C2DBDE19613EBE0031E4BA /* co.png in Resources */,
				A048471B1973B1690030ADFB /* Default-568h@2x.png in Resources */,
				A0C2DC0219613EBE0031E4BA /* humidity-focus.png in Resources */,
				A046682B196414B900323048 /* BinaryOn.png in Resources */,
				A0544984196D7E57006610B5 /* togglePressed.png in Resources */,
				A042F1081962EE5D00825387 /* ZWDeviceItemDimmer.xib in Resources */,
				A0C2DBEA19613EBE0031E4BA /* device-humidity@2x.png in Resources */,
				A0C2DBD519613EBE0031E4BA /* battery-critical-focus.png in Resources */,
				A0C2DBC919613CF00031E4BA /* InfoPlist.strings in Resources */,
				A0C2DBD919613EBE0031E4BA /* battery-low.png in Resources */,
				A0C2DBED19613EBE0031E4BA /* device-media@2x.png in Resources */,
				A0C2DBFF19613EBE0031E4BA /* gas.png in Resources */,
				A03E19241965792B008416DB /* ZWDeviceItemScene.xib in Resources */,
				A0C2DC0419613EBE0031E4BA /* light-focus.png in Resources */,
				A0C2DBEE19613EBE0031E4BA /* device-meter@2x.png in Resources */,
				A048EBBF197028FB00474521 /* Dashboard@2x.png in Resources */,
				A0C2DBE219613EBE0031E4BA /* device-co@2x.png in Resources */,
				A0C2DBE619613EBE0031E4BA /* device-fan@2x.png in Resources */,
				A0C2DC0A19613EBE0031E4BA /* meter-focus.png in Resources */,
				A046682D196414B900323048 /* Options.png in Resources */,
				A0C2DC1419613EBE0031E4BA /* switch-focus.png in Resources */,
				A0C2DBD819613EBE0031E4BA /* battery-low-focus.png in Resources */,
				A0C2DC1819613EBE0031E4BA /* thermostat-focus.png in Resources */,
				A054497F196D7193006610B5 /* connection.png in Resources */,
			);
			runOnlyForDeploymentPostprocessing = 0;
		};
		A0459B28195DBD76005E6EB0 /* Resources */ = {
			isa = PBXResourcesBuildPhase;
			buildActionMask = 2147483647;
			files = (
			);
			runOnlyForDeploymentPostprocessing = 0;
		};
/* End PBXResourcesBuildPhase section */

/* Begin PBXSourcesBuildPhase section */
		A0459B06195DBD76005E6EB0 /* Sources */ = {
			isa = PBXSourcesBuildPhase;
			buildActionMask = 2147483647;
			files = (
				A03E192019656384008416DB /* ZWDeviceItemScene.m in Sources */,
				A042F0E81962EE4600825387 /* Reachability.m in Sources */,
				A042F0C51962EDDC00825387 /* ZWayNotificationViewController.m in Sources */,
				A042F1121962EE5D00825387 /* ZWDeviceItemThermostat.m in Sources */,
				A042F0C21962EDC100825387 /* ZWayWidgetViewController.m in Sources */,
				A042F0C11962EDC100825387 /* ZWayRoomsViewController.m in Sources */,
				A042F1211962EF1B00825387 /* ZWayAppDelegate.m in Sources */,
				A042F0DC1962EE2A00825387 /* CMProfile.m in Sources */,
				A042F1141962EE5D00825387 /* ZWPickerPopup.m in Sources */,
				A042F0E91962EE4600825387 /* ZWayAuthentification.m in Sources */,
				A042F1231962F10300825387 /* ZWDevice.m in Sources */,
				A042F11A1962EE7A00825387 /* ZWayLanguage.m in Sources */,
				A03E191919655401008416DB /* Model.xcdatamodeld in Sources */,
				A042F1101962EE5D00825387 /* ZWDeviceItemSwitch.m in Sources */,
				A042F0DD1962EE2A00825387 /* ZWDataStore.m in Sources */,
				A042F0E71962EE4600825387 /* NSData+Base64.m in Sources */,
				A042F0CB1962EDFA00825387 /* ZWayOptionsController.m in Sources */,
				A042F10E1962EE5D00825387 /* ZWDeviceItemSensorMulti.m in Sources */,
				A042F1051962EE5D00825387 /* ZWDeviceItemBattery.m in Sources */,
				A042F1201962EF1B00825387 /* main.m in Sources */,
				A042F1041962EE5D00825387 /* ZWDeviceItem.m in Sources */,
				A042F0CA1962EDFA00825387 /* ZWayAboutController.m in Sources */,
				A042F0D41962EE0900825387 /* ZWayProfilesViewController.m in Sources */,
				A042F0BB1962ED8900825387 /* ZWayDashboardViewController.m in Sources */,
				A042F0D31962EE0900825387 /* ZWayNewProfileViewController.m in Sources */,
				A042F0EA1962EE4600825387 /* ZWDataHandler.m in Sources */,
				A042F1091962EE5D00825387 /* ZWDeviceItemFan.m in Sources */,
			);
			runOnlyForDeploymentPostprocessing = 0;
		};
		A0459B26195DBD76005E6EB0 /* Sources */ = {
			isa = PBXSourcesBuildPhase;
			buildActionMask = 2147483647;
			files = (
			);
			runOnlyForDeploymentPostprocessing = 0;
		};
/* End PBXSourcesBuildPhase section */

/* Begin PBXTargetDependency section */
		A0459B2F195DBD77005E6EB0 /* PBXTargetDependency */ = {
			isa = PBXTargetDependency;
			target = A0459B09195DBD76005E6EB0 /* ZWay */;
			targetProxy = A0459B2E195DBD77005E6EB0 /* PBXContainerItemProxy */;
		};
/* End PBXTargetDependency section */

/* Begin PBXVariantGroup section */
		A0459A23195DBA12005E6EB0 /* InfoPlist.strings */ = {
			isa = PBXVariantGroup;
			children = (
				A0459A24195DBA12005E6EB0 /* de */,
				A0459A2E195DBA12005E6EB0 /* en */,
				A0459A87195DBA12005E6EB0 /* ru */,
				A02ABF4B196AA1DC00FD11E0 /* zh-Hans */,
			);
			name = InfoPlist.strings;
			sourceTree = "<group>";
		};
		A0459A25195DBA12005E6EB0 /* Localizable.strings */ = {
			isa = PBXVariantGroup;
			children = (
				A0459A26195DBA12005E6EB0 /* de */,
				A0459A88195DBA12005E6EB0 /* ru */,
				A0C2DC22196140610031E4BA /* en */,
				A02ABF4C196AA1DC00FD11E0 /* zh-Hans */,
			);
			name = Localizable.strings;
			sourceTree = "<group>";
		};
		A0459A27195DBA12005E6EB0 /* MainStoryboard_iPad.storyboard */ = {
			isa = PBXVariantGroup;
			children = (
				A0459A28195DBA12005E6EB0 /* de */,
				A0459A2F195DBA12005E6EB0 /* en */,
				A0459A89195DBA12005E6EB0 /* ru */,
				A02ABF4D196AA1DC00FD11E0 /* zh-Hans */,
			);
			name = MainStoryboard_iPad.storyboard;
			sourceTree = "<group>";
		};
		A0459A29195DBA12005E6EB0 /* MainStoryboard_iPhone.storyboard */ = {
			isa = PBXVariantGroup;
			children = (
				A0459A2A195DBA12005E6EB0 /* de */,
				A0459A30195DBA12005E6EB0 /* en */,
				A0459A8A195DBA12005E6EB0 /* ru */,
				A02ABF4E196AA1DC00FD11E0 /* zh-Hans */,
			);
			name = MainStoryboard_iPhone.storyboard;
			sourceTree = "<group>";
		};
/* End PBXVariantGroup section */

/* Begin XCBuildConfiguration section */
		A0459B39195DBD77005E6EB0 /* Debug */ = {
			isa = XCBuildConfiguration;
			buildSettings = {
				ASSETCATALOG_COMPILER_APPICON_NAME = AppIcon;
				ASSETCATALOG_COMPILER_LAUNCHIMAGE_NAME = LaunchImage;
				CLANG_ENABLE_MODULES = YES;
				CLANG_WARN_BOOL_CONVERSION = YES;
				CLANG_WARN_DIRECT_OBJC_ISA_USAGE = YES_ERROR;
				CLANG_WARN_OBJC_ROOT_CLASS = YES_ERROR;
				FRAMEWORK_SEARCH_PATHS = (
					"$(inherited)",
					"$(DEVELOPER_FRAMEWORKS_DIR)",
				);
				GCC_PRECOMPILE_PREFIX_HEADER = YES;
				GCC_PREFIX_HEADER = "ZWay/Localization/ZWay-Prefix.pch";
				GCC_PREPROCESSOR_DEFINITIONS = (
					"DEBUG=1",
					"$(inherited)",
				);
				GCC_WARN_64_TO_32_BIT_CONVERSION = YES;
				GCC_WARN_ABOUT_RETURN_TYPE = YES_ERROR;
				GCC_WARN_UNDECLARED_SELECTOR = YES;
				GCC_WARN_UNINITIALIZED_AUTOS = YES_AGGRESSIVE;
				GCC_WARN_UNUSED_FUNCTION = YES;
				INFOPLIST_FILE = "ZWay/Localization/ZWay-Info.plist";
				PRODUCT_NAME = "$(TARGET_NAME)";
				WRAPPER_EXTENSION = app;
			};
			name = Debug;
		};
		A0459B3A195DBD77005E6EB0 /* Release */ = {
			isa = XCBuildConfiguration;
			buildSettings = {
				ASSETCATALOG_COMPILER_APPICON_NAME = AppIcon;
				ASSETCATALOG_COMPILER_LAUNCHIMAGE_NAME = LaunchImage;
				CLANG_ENABLE_MODULES = YES;
				CLANG_WARN_BOOL_CONVERSION = YES;
				CLANG_WARN_DIRECT_OBJC_ISA_USAGE = YES_ERROR;
				CLANG_WARN_OBJC_ROOT_CLASS = YES_ERROR;
				ENABLE_NS_ASSERTIONS = NO;
				FRAMEWORK_SEARCH_PATHS = (
					"$(inherited)",
					"$(DEVELOPER_FRAMEWORKS_DIR)",
				);
				GCC_PRECOMPILE_PREFIX_HEADER = YES;
				GCC_PREFIX_HEADER = "ZWay/Localization/ZWay-Prefix.pch";
				GCC_WARN_64_TO_32_BIT_CONVERSION = YES;
				GCC_WARN_ABOUT_RETURN_TYPE = YES_ERROR;
				GCC_WARN_UNDECLARED_SELECTOR = YES;
				GCC_WARN_UNINITIALIZED_AUTOS = YES_AGGRESSIVE;
				GCC_WARN_UNUSED_FUNCTION = YES;
				INFOPLIST_FILE = "ZWay/Localization/ZWay-Info.plist";
				PRODUCT_NAME = "$(TARGET_NAME)";
				WRAPPER_EXTENSION = app;
			};
			name = Release;
		};
		A0459B3C195DBD77005E6EB0 /* Debug */ = {
			isa = XCBuildConfiguration;
			buildSettings = {
				BUNDLE_LOADER = "$(BUILT_PRODUCTS_DIR)/ZWay.app/ZWay";
				CLANG_ENABLE_MODULES = YES;
				CLANG_WARN_BOOL_CONVERSION = YES;
				CLANG_WARN_DIRECT_OBJC_ISA_USAGE = YES_ERROR;
				CLANG_WARN_OBJC_ROOT_CLASS = YES_ERROR;
				FRAMEWORK_SEARCH_PATHS = (
					"$(SDKROOT)/Developer/Library/Frameworks",
					"$(inherited)",
					"$(DEVELOPER_FRAMEWORKS_DIR)",
				);
				GCC_PRECOMPILE_PREFIX_HEADER = YES;
				GCC_PREFIX_HEADER = "ZWay/ZWay-Prefix.pch";
				GCC_PREPROCESSOR_DEFINITIONS = (
					"DEBUG=1",
					"$(inherited)",
				);
				GCC_WARN_64_TO_32_BIT_CONVERSION = YES;
				GCC_WARN_ABOUT_RETURN_TYPE = YES_ERROR;
				GCC_WARN_UNDECLARED_SELECTOR = YES;
				GCC_WARN_UNINITIALIZED_AUTOS = YES_AGGRESSIVE;
				GCC_WARN_UNUSED_FUNCTION = YES;
				INFOPLIST_FILE = "ZWayTests/ZWayTests-Info.plist";
				PRODUCT_NAME = "$(TARGET_NAME)";
				TEST_HOST = "$(BUNDLE_LOADER)";
				WRAPPER_EXTENSION = xctest;
			};
			name = Debug;
		};
		A0459B3D195DBD77005E6EB0 /* Release */ = {
			isa = XCBuildConfiguration;
			buildSettings = {
				BUNDLE_LOADER = "$(BUILT_PRODUCTS_DIR)/ZWay.app/ZWay";
				CLANG_ENABLE_MODULES = YES;
				CLANG_WARN_BOOL_CONVERSION = YES;
				CLANG_WARN_DIRECT_OBJC_ISA_USAGE = YES_ERROR;
				CLANG_WARN_OBJC_ROOT_CLASS = YES_ERROR;
				ENABLE_NS_ASSERTIONS = NO;
				FRAMEWORK_SEARCH_PATHS = (
					"$(SDKROOT)/Developer/Library/Frameworks",
					"$(inherited)",
					"$(DEVELOPER_FRAMEWORKS_DIR)",
				);
				GCC_PRECOMPILE_PREFIX_HEADER = YES;
				GCC_PREFIX_HEADER = "ZWay/ZWay-Prefix.pch";
				GCC_WARN_64_TO_32_BIT_CONVERSION = YES;
				GCC_WARN_ABOUT_RETURN_TYPE = YES_ERROR;
				GCC_WARN_UNDECLARED_SELECTOR = YES;
				GCC_WARN_UNINITIALIZED_AUTOS = YES_AGGRESSIVE;
				GCC_WARN_UNUSED_FUNCTION = YES;
				INFOPLIST_FILE = "ZWayTests/ZWayTests-Info.plist";
				PRODUCT_NAME = "$(TARGET_NAME)";
				TEST_HOST = "$(BUNDLE_LOADER)";
				WRAPPER_EXTENSION = xctest;
			};
			name = Release;
		};
		A085F5571886C5F00061E721 /* Debug */ = {
			isa = XCBuildConfiguration;
			buildSettings = {
				ALWAYS_SEARCH_USER_PATHS = NO;
				CLANG_CXX_LANGUAGE_STANDARD = "gnu++0x";
				CLANG_CXX_LIBRARY = "libc++";
				CLANG_ENABLE_OBJC_ARC = YES;
				CLANG_WARN_CONSTANT_CONVERSION = YES;
				CLANG_WARN_EMPTY_BODY = YES;
				CLANG_WARN_ENUM_CONVERSION = YES;
				CLANG_WARN_INT_CONVERSION = YES;
				CLANG_WARN__DUPLICATE_METHOD_MATCH = YES;
				"CODE_SIGN_IDENTITY[sdk=iphoneos*]" = "iPhone Developer";
				COPY_PHASE_STRIP = NO;
				GCC_C_LANGUAGE_STANDARD = gnu99;
				GCC_DYNAMIC_NO_PIC = NO;
				GCC_OPTIMIZATION_LEVEL = 0;
				GCC_PREPROCESSOR_DEFINITIONS = (
					"DEBUG=1",
					"$(inherited)",
				);
				GCC_SYMBOLS_PRIVATE_EXTERN = NO;
				GCC_WARN_ABOUT_RETURN_TYPE = YES;
				GCC_WARN_UNINITIALIZED_AUTOS = YES;
				GCC_WARN_UNUSED_VARIABLE = YES;
				IPHONEOS_DEPLOYMENT_TARGET = 6.1;
				ONLY_ACTIVE_ARCH = YES;
				SDKROOT = iphoneos;
				TARGETED_DEVICE_FAMILY = "1,2";
			};
			name = Debug;
		};
		A085F5581886C5F00061E721 /* Release */ = {
			isa = XCBuildConfiguration;
			buildSettings = {
				ALWAYS_SEARCH_USER_PATHS = NO;
				CLANG_CXX_LANGUAGE_STANDARD = "gnu++0x";
				CLANG_CXX_LIBRARY = "libc++";
				CLANG_ENABLE_OBJC_ARC = YES;
				CLANG_WARN_CONSTANT_CONVERSION = YES;
				CLANG_WARN_EMPTY_BODY = YES;
				CLANG_WARN_ENUM_CONVERSION = YES;
				CLANG_WARN_INT_CONVERSION = YES;
				CLANG_WARN__DUPLICATE_METHOD_MATCH = YES;
				"CODE_SIGN_IDENTITY[sdk=iphoneos*]" = "iPhone Developer";
				COPY_PHASE_STRIP = YES;
				GCC_C_LANGUAGE_STANDARD = gnu99;
				GCC_WARN_ABOUT_RETURN_TYPE = YES;
				GCC_WARN_UNINITIALIZED_AUTOS = YES;
				GCC_WARN_UNUSED_VARIABLE = YES;
				IPHONEOS_DEPLOYMENT_TARGET = 6.1;
				OTHER_CFLAGS = "-DNS_BLOCK_ASSERTIONS=1";
				SDKROOT = iphoneos;
				TARGETED_DEVICE_FAMILY = "1,2";
				VALIDATE_PRODUCT = YES;
			};
			name = Release;
		};
/* End XCBuildConfiguration section */

/* Begin XCConfigurationList section */
		A0459B38195DBD77005E6EB0 /* Build configuration list for PBXNativeTarget "ZWay" */ = {
			isa = XCConfigurationList;
			buildConfigurations = (
				A0459B39195DBD77005E6EB0 /* Debug */,
				A0459B3A195DBD77005E6EB0 /* Release */,
			);
			defaultConfigurationIsVisible = 0;
			defaultConfigurationName = Release;
		};
		A0459B3B195DBD77005E6EB0 /* Build configuration list for PBXNativeTarget "ZWayTests" */ = {
			isa = XCConfigurationList;
			buildConfigurations = (
				A0459B3C195DBD77005E6EB0 /* Debug */,
				A0459B3D195DBD77005E6EB0 /* Release */,
			);
			defaultConfigurationIsVisible = 0;
			defaultConfigurationName = Release;
		};
		A085F50E1886C5F00061E721 /* Build configuration list for PBXProject "ZWay" */ = {
			isa = XCConfigurationList;
			buildConfigurations = (
				A085F5571886C5F00061E721 /* Debug */,
				A085F5581886C5F00061E721 /* Release */,
			);
			defaultConfigurationIsVisible = 0;
			defaultConfigurationName = Release;
		};
/* End XCConfigurationList section */

/* Begin XCVersionGroup section */
		A03E191719655401008416DB /* Model.xcdatamodeld */ = {
			isa = XCVersionGroup;
			children = (
				A03E191819655401008416DB /* Model.xcdatamodel */,
			);
			currentVersion = A03E191819655401008416DB /* Model.xcdatamodel */;
			name = Model.xcdatamodeld;
			path = "Data Handling/Model.xcdatamodeld";
			sourceTree = "<group>";
			versionGroupType = wrapper.xcdatamodel;
		};
/* End XCVersionGroup section */
	};
	rootObject = A085F50B1886C5F00061E721 /* Project object */;
}
