// !$*UTF8*$!
{
	archiveVersion = 1;
	classes = {
	};
	objectVersion = 46;
	objects = {

/* Begin PBXBuildFile section */
		A025BC8618ACF90300AF73DC /* battery-critical-focus.png in Resources */ = {isa = PBXBuildFile; fileRef = A025BC5618ACF90300AF73DC /* battery-critical-focus.png */; };
		A025BC8718ACF90300AF73DC /* battery-critical.png in Resources */ = {isa = PBXBuildFile; fileRef = A025BC5718ACF90300AF73DC /* battery-critical.png */; };
		A025BC8818ACF90300AF73DC /* battery-focus.png in Resources */ = {isa = PBXBuildFile; fileRef = A025BC5818ACF90300AF73DC /* battery-focus.png */; };
		A025BC8918ACF90300AF73DC /* battery-low-focus.png in Resources */ = {isa = PBXBuildFile; fileRef = A025BC5918ACF90300AF73DC /* battery-low-focus.png */; };
		A025BC8A18ACF90300AF73DC /* battery-low.png in Resources */ = {isa = PBXBuildFile; fileRef = A025BC5A18ACF90300AF73DC /* battery-low.png */; };
		A025BC8B18ACF90300AF73DC /* battery.png in Resources */ = {isa = PBXBuildFile; fileRef = A025BC5B18ACF90300AF73DC /* battery.png */; };
		A025BC8C18ACF90300AF73DC /* blinds-focus.png in Resources */ = {isa = PBXBuildFile; fileRef = A025BC5C18ACF90300AF73DC /* blinds-focus.png */; };
		A025BC8D18ACF90300AF73DC /* blinds.png in Resources */ = {isa = PBXBuildFile; fileRef = A025BC5D18ACF90300AF73DC /* blinds.png */; };
		A025BC8E18ACF90300AF73DC /* co-focus.png in Resources */ = {isa = PBXBuildFile; fileRef = A025BC5E18ACF90300AF73DC /* co-focus.png */; };
		A025BC8F18ACF90300AF73DC /* co.png in Resources */ = {isa = PBXBuildFile; fileRef = A025BC5F18ACF90300AF73DC /* co.png */; };
		A025BC9018ACF90300AF73DC /* cooling-focus.png in Resources */ = {isa = PBXBuildFile; fileRef = A025BC6018ACF90300AF73DC /* cooling-focus.png */; };
		A025BC9118ACF90300AF73DC /* cooling.png in Resources */ = {isa = PBXBuildFile; fileRef = A025BC6118ACF90300AF73DC /* cooling.png */; };
		A025BC9218ACF90300AF73DC /* door-focus.png in Resources */ = {isa = PBXBuildFile; fileRef = A025BC6218ACF90300AF73DC /* door-focus.png */; };
		A025BC9318ACF90300AF73DC /* door.png in Resources */ = {isa = PBXBuildFile; fileRef = A025BC6318ACF90300AF73DC /* door.png */; };
		A025BC9418ACF90300AF73DC /* energy-focus.png in Resources */ = {isa = PBXBuildFile; fileRef = A025BC6418ACF90300AF73DC /* energy-focus.png */; };
		A025BC9518ACF90300AF73DC /* energy.png in Resources */ = {isa = PBXBuildFile; fileRef = A025BC6518ACF90300AF73DC /* energy.png */; };
		A025BC9618ACF90300AF73DC /* fan-focus.png in Resources */ = {isa = PBXBuildFile; fileRef = A025BC6618ACF90300AF73DC /* fan-focus.png */; };
		A025BC9718ACF90300AF73DC /* fan.png in Resources */ = {isa = PBXBuildFile; fileRef = A025BC6718ACF90300AF73DC /* fan.png */; };
		A025BC9818ACF90300AF73DC /* flood-focus.png in Resources */ = {isa = PBXBuildFile; fileRef = A025BC6818ACF90300AF73DC /* flood-focus.png */; };
		A025BC9918ACF90300AF73DC /* flood.png in Resources */ = {isa = PBXBuildFile; fileRef = A025BC6918ACF90300AF73DC /* flood.png */; };
		A025BC9A18ACF90300AF73DC /* gas-focus.png in Resources */ = {isa = PBXBuildFile; fileRef = A025BC6A18ACF90300AF73DC /* gas-focus.png */; };
		A025BC9B18ACF90300AF73DC /* gas.png in Resources */ = {isa = PBXBuildFile; fileRef = A025BC6B18ACF90300AF73DC /* gas.png */; };
		A025BC9C18ACF90300AF73DC /* heating-focus.png in Resources */ = {isa = PBXBuildFile; fileRef = A025BC6C18ACF90300AF73DC /* heating-focus.png */; };
		A025BC9D18ACF90300AF73DC /* heating.png in Resources */ = {isa = PBXBuildFile; fileRef = A025BC6D18ACF90300AF73DC /* heating.png */; };
		A025BC9E18ACF90300AF73DC /* humidity-focus.png in Resources */ = {isa = PBXBuildFile; fileRef = A025BC6E18ACF90300AF73DC /* humidity-focus.png */; };
		A025BC9F18ACF90300AF73DC /* humidity.png in Resources */ = {isa = PBXBuildFile; fileRef = A025BC6F18ACF90300AF73DC /* humidity.png */; };
		A025BCA018ACF90300AF73DC /* light-focus.png in Resources */ = {isa = PBXBuildFile; fileRef = A025BC7018ACF90300AF73DC /* light-focus.png */; };
		A025BCA118ACF90300AF73DC /* light.png in Resources */ = {isa = PBXBuildFile; fileRef = A025BC7118ACF90300AF73DC /* light.png */; };
		A025BCA218ACF90300AF73DC /* luminosity-focus.png in Resources */ = {isa = PBXBuildFile; fileRef = A025BC7218ACF90300AF73DC /* luminosity-focus.png */; };
		A025BCA318ACF90300AF73DC /* luminosity.png in Resources */ = {isa = PBXBuildFile; fileRef = A025BC7318ACF90300AF73DC /* luminosity.png */; };
		A025BCA418ACF90300AF73DC /* media-focus.png in Resources */ = {isa = PBXBuildFile; fileRef = A025BC7418ACF90300AF73DC /* media-focus.png */; };
		A025BCA518ACF90300AF73DC /* media.png in Resources */ = {isa = PBXBuildFile; fileRef = A025BC7518ACF90300AF73DC /* media.png */; };
		A025BCA618ACF90300AF73DC /* meter-focus.png in Resources */ = {isa = PBXBuildFile; fileRef = A025BC7618ACF90300AF73DC /* meter-focus.png */; };
		A025BCA718ACF90300AF73DC /* meter.png in Resources */ = {isa = PBXBuildFile; fileRef = A025BC7718ACF90300AF73DC /* meter.png */; };
		A025BCA818ACF90300AF73DC /* motion-focus.png in Resources */ = {isa = PBXBuildFile; fileRef = A025BC7818ACF90300AF73DC /* motion-focus.png */; };
		A025BCA918ACF90300AF73DC /* motion.png in Resources */ = {isa = PBXBuildFile; fileRef = A025BC7918ACF90300AF73DC /* motion.png */; };
		A025BCAA18ACF90300AF73DC /* smoke-focus.png in Resources */ = {isa = PBXBuildFile; fileRef = A025BC7A18ACF90300AF73DC /* smoke-focus.png */; };
		A025BCAB18ACF90300AF73DC /* smoke.png in Resources */ = {isa = PBXBuildFile; fileRef = A025BC7B18ACF90300AF73DC /* smoke.png */; };
		A025BCAC18ACF90300AF73DC /* switch-focus.png in Resources */ = {isa = PBXBuildFile; fileRef = A025BC7C18ACF90300AF73DC /* switch-focus.png */; };
		A025BCAD18ACF90300AF73DC /* switch.png in Resources */ = {isa = PBXBuildFile; fileRef = A025BC7D18ACF90300AF73DC /* switch.png */; };
		A025BCAE18ACF90300AF73DC /* temperature-focus.png in Resources */ = {isa = PBXBuildFile; fileRef = A025BC7E18ACF90300AF73DC /* temperature-focus.png */; };
		A025BCAF18ACF90300AF73DC /* temperature.png in Resources */ = {isa = PBXBuildFile; fileRef = A025BC7F18ACF90300AF73DC /* temperature.png */; };
		A025BCB018ACF90300AF73DC /* thermostat-focus.png in Resources */ = {isa = PBXBuildFile; fileRef = A025BC8018ACF90300AF73DC /* thermostat-focus.png */; };
		A025BCB118ACF90300AF73DC /* thermostat.png in Resources */ = {isa = PBXBuildFile; fileRef = A025BC8118ACF90300AF73DC /* thermostat.png */; };
		A025BCB218ACF90300AF73DC /* water-focus.png in Resources */ = {isa = PBXBuildFile; fileRef = A025BC8218ACF90300AF73DC /* water-focus.png */; };
		A025BCB318ACF90300AF73DC /* water.png in Resources */ = {isa = PBXBuildFile; fileRef = A025BC8318ACF90300AF73DC /* water.png */; };
		A025BCB418ACF90300AF73DC /* window-focus.png in Resources */ = {isa = PBXBuildFile; fileRef = A025BC8418ACF90300AF73DC /* window-focus.png */; };
		A025BCB518ACF90300AF73DC /* window.png in Resources */ = {isa = PBXBuildFile; fileRef = A025BC8518ACF90300AF73DC /* window.png */; };
		A03D5C6F1897F1DC0016356B /* connected-g.png in Resources */ = {isa = PBXBuildFile; fileRef = A03D5C6E1897F1DC0016356B /* connected-g.png */; };
		A0463DE418AB6E840054ECA8 /* Reachability.m in Sources */ = {isa = PBXBuildFile; fileRef = A0463DE318AB6E840054ECA8 /* Reachability.m */; };
		A048BC1818A37DF500BF32C7 /* QuartzCore.framework in Frameworks */ = {isa = PBXBuildFile; fileRef = A048BC1718A37DF500BF32C7 /* QuartzCore.framework */; };
		A04A6D1318B208E90094CA3C /* Localizable.strings in Resources */ = {isa = PBXBuildFile; fileRef = A04A6D1518B208E90094CA3C /* Localizable.strings */; };
		A04AA36118A2447700A98C0E /* NSMutableArray+SWUtilityButtons.m in Sources */ = {isa = PBXBuildFile; fileRef = A04AA35618A2447700A98C0E /* NSMutableArray+SWUtilityButtons.m */; };
		A04AA36218A2447700A98C0E /* SWCellScrollView.m in Sources */ = {isa = PBXBuildFile; fileRef = A04AA35818A2447700A98C0E /* SWCellScrollView.m */; };
		A04AA36318A2447700A98C0E /* SWLongPressGestureRecognizer.m in Sources */ = {isa = PBXBuildFile; fileRef = A04AA35A18A2447700A98C0E /* SWLongPressGestureRecognizer.m */; };
		A04AA36418A2447700A98C0E /* SWTableViewCell.m in Sources */ = {isa = PBXBuildFile; fileRef = A04AA35C18A2447700A98C0E /* SWTableViewCell.m */; };
		A04AA36518A2447700A98C0E /* SWUtilityButtonTapGestureRecognizer.m in Sources */ = {isa = PBXBuildFile; fileRef = A04AA35E18A2447700A98C0E /* SWUtilityButtonTapGestureRecognizer.m */; };
		A04AA36618A2447700A98C0E /* SWUtilityButtonView.m in Sources */ = {isa = PBXBuildFile; fileRef = A04AA36018A2447700A98C0E /* SWUtilityButtonView.m */; };
		A04C98BD189BB6FC0011E5F4 /* Model.xcdatamodeld in Sources */ = {isa = PBXBuildFile; fileRef = A04C98BB189BB6FC0011E5F4 /* Model.xcdatamodeld */; };
		A0565327189259F600103D65 /* ZWayNewProfileViewController.m in Sources */ = {isa = PBXBuildFile; fileRef = A0565326189259F600103D65 /* ZWayNewProfileViewController.m */; };
		A0581DC818891372004E4309 /* ZWDataHandler.m in Sources */ = {isa = PBXBuildFile; fileRef = A0581DC718891371004E4309 /* ZWDataHandler.m */; };
		A0581DDE1889740D004E4309 /* arrow-down.png in Resources */ = {isa = PBXBuildFile; fileRef = A0581DDD1889740D004E4309 /* arrow-down.png */; };
		A0581DE01889741E004E4309 /* arrow-up.png in Resources */ = {isa = PBXBuildFile; fileRef = A0581DDF1889741D004E4309 /* arrow-up.png */; };
		A0581DE218897432004E4309 /* refreshing.png in Resources */ = {isa = PBXBuildFile; fileRef = A0581DE118897432004E4309 /* refreshing.png */; };
		A05B1180189664BA00714488 /* ZWayRoomsViewController.m in Sources */ = {isa = PBXBuildFile; fileRef = A05B117F189664BA00714488 /* ZWayRoomsViewController.m */; };
		A05D5AD21887CECA0022E142 /* ZWDevice.m in Sources */ = {isa = PBXBuildFile; fileRef = A05D5AD11887CECA0022E142 /* ZWDevice.m */; };
		A076C1E518ACB59D00712B4E /* ZWPickerPopup.m in Sources */ = {isa = PBXBuildFile; fileRef = A076C1E418ACB59D00712B4E /* ZWPickerPopup.m */; };
		A076C1E918ACD8E800712B4E /* ZWDeviceItemFan.m in Sources */ = {isa = PBXBuildFile; fileRef = A076C1E718ACD8E700712B4E /* ZWDeviceItemFan.m */; };
		A076C1EA18ACD8E800712B4E /* ZWDeviceItemFan.xib in Resources */ = {isa = PBXBuildFile; fileRef = A076C1E818ACD8E800712B4E /* ZWDeviceItemFan.xib */; };
		A0787396188EC81E00DAF192 /* ZWayNotificationViewController.m in Sources */ = {isa = PBXBuildFile; fileRef = A0787395188EC81E00DAF192 /* ZWayNotificationViewController.m */; };
		A078739A188EC97A00DAF192 /* ZWayProfilesViewController.m in Sources */ = {isa = PBXBuildFile; fileRef = A0787398188EC97800DAF192 /* ZWayProfilesViewController.m */; };
		A085F5171886C5F00061E721 /* UIKit.framework in Frameworks */ = {isa = PBXBuildFile; fileRef = A085F5161886C5F00061E721 /* UIKit.framework */; };
		A085F5191886C5F00061E721 /* Foundation.framework in Frameworks */ = {isa = PBXBuildFile; fileRef = A085F5181886C5F00061E721 /* Foundation.framework */; };
		A085F51B1886C5F00061E721 /* CoreGraphics.framework in Frameworks */ = {isa = PBXBuildFile; fileRef = A085F51A1886C5F00061E721 /* CoreGraphics.framework */; };
		A085F5211886C5F00061E721 /* InfoPlist.strings in Resources */ = {isa = PBXBuildFile; fileRef = A085F51F1886C5F00061E721 /* InfoPlist.strings */; };
		A085F5231886C5F00061E721 /* main.m in Sources */ = {isa = PBXBuildFile; fileRef = A085F5221886C5F00061E721 /* main.m */; };
		A085F5271886C5F00061E721 /* ZWayAppDelegate.m in Sources */ = {isa = PBXBuildFile; fileRef = A085F5261886C5F00061E721 /* ZWayAppDelegate.m */; };
		A085F5291886C5F00061E721 /* Default.png in Resources */ = {isa = PBXBuildFile; fileRef = A085F5281886C5F00061E721 /* Default.png */; };
		A085F52B1886C5F00061E721 /* Default@2x.png in Resources */ = {isa = PBXBuildFile; fileRef = A085F52A1886C5F00061E721 /* Default@2x.png */; };
		A085F52D1886C5F00061E721 /* Default-568h@2x.png in Resources */ = {isa = PBXBuildFile; fileRef = A085F52C1886C5F00061E721 /* Default-568h@2x.png */; };
		A085F5301886C5F00061E721 /* MainStoryboard_iPhone.storyboard in Resources */ = {isa = PBXBuildFile; fileRef = A085F52E1886C5F00061E721 /* MainStoryboard_iPhone.storyboard */; };
		A085F5361886C5F00061E721 /* ZWayDashboardViewController.m in Sources */ = {isa = PBXBuildFile; fileRef = A085F5351886C5F00061E721 /* ZWayDashboardViewController.m */; };
		A085F53D1886C5F00061E721 /* ZWayWidgetViewController.m in Sources */ = {isa = PBXBuildFile; fileRef = A085F53C1886C5F00061E721 /* ZWayWidgetViewController.m */; };
		A085F5491886C5F00061E721 /* SenTestingKit.framework in Frameworks */ = {isa = PBXBuildFile; fileRef = A085F5481886C5F00061E721 /* SenTestingKit.framework */; };
		A085F54A1886C5F00061E721 /* UIKit.framework in Frameworks */ = {isa = PBXBuildFile; fileRef = A085F5161886C5F00061E721 /* UIKit.framework */; };
		A085F54B1886C5F00061E721 /* Foundation.framework in Frameworks */ = {isa = PBXBuildFile; fileRef = A085F5181886C5F00061E721 /* Foundation.framework */; };
		A0A284FB1897C862004496C8 /* ZWPasswordCell.xib in Resources */ = {isa = PBXBuildFile; fileRef = A0A284F81897C862004496C8 /* ZWPasswordCell.xib */; };
		A0A284FC1897C862004496C8 /* ZWTextEditCell.xib in Resources */ = {isa = PBXBuildFile; fileRef = A0A284F91897C862004496C8 /* ZWTextEditCell.xib */; };
		A0A284FD1897C862004496C8 /* ZWUrlEditCell.xib in Resources */ = {isa = PBXBuildFile; fileRef = A0A284FA1897C862004496C8 /* ZWUrlEditCell.xib */; };
		A0A285001897C915004496C8 /* CMProfile.m in Sources */ = {isa = PBXBuildFile; fileRef = A0A284FF1897C915004496C8 /* CMProfile.m */; };
		A0A285031897C922004496C8 /* ZWDataStore.m in Sources */ = {isa = PBXBuildFile; fileRef = A0A285021897C922004496C8 /* ZWDataStore.m */; };
		A0A285051897C9B6004496C8 /* SystemConfiguration.framework in Frameworks */ = {isa = PBXBuildFile; fileRef = A0A285041897C9B6004496C8 /* SystemConfiguration.framework */; };
		A0ABBA991897B054002D7FBF /* CoreData.framework in Frameworks */ = {isa = PBXBuildFile; fileRef = A0ABBA981897B054002D7FBF /* CoreData.framework */; };
		A0CDCA5F188D522C0014ED82 /* ZWDeviceItemBattery.xib in Resources */ = {isa = PBXBuildFile; fileRef = A0CDCA57188D522C0014ED82 /* ZWDeviceItemBattery.xib */; };
		A0CDCA60188D522C0014ED82 /* ZWDeviceItemBlinds.xib in Resources */ = {isa = PBXBuildFile; fileRef = A0CDCA58188D522C0014ED82 /* ZWDeviceItemBlinds.xib */; };
		A0CDCA61188D522C0014ED82 /* ZWDeviceItemDimmer.xib in Resources */ = {isa = PBXBuildFile; fileRef = A0CDCA59188D522C0014ED82 /* ZWDeviceItemDimmer.xib */; };
		A0CDCA62188D522C0014ED82 /* ZWDeviceItemMeter.xib in Resources */ = {isa = PBXBuildFile; fileRef = A0CDCA5A188D522C0014ED82 /* ZWDeviceItemMeter.xib */; };
		A0CDCA63188D522C0014ED82 /* ZWDeviceItemSensorBinary.xib in Resources */ = {isa = PBXBuildFile; fileRef = A0CDCA5B188D522C0014ED82 /* ZWDeviceItemSensorBinary.xib */; };
		A0CDCA64188D522C0014ED82 /* ZWDeviceItemSensorMulti.xib in Resources */ = {isa = PBXBuildFile; fileRef = A0CDCA5C188D522C0014ED82 /* ZWDeviceItemSensorMulti.xib */; };
		A0CDCA65188D522C0014ED82 /* ZWDeviceItemSwitch.xib in Resources */ = {isa = PBXBuildFile; fileRef = A0CDCA5D188D522C0014ED82 /* ZWDeviceItemSwitch.xib */; };
		A0CDCA66188D522C0014ED82 /* ZWDeviceItemThermostat.xib in Resources */ = {isa = PBXBuildFile; fileRef = A0CDCA5E188D522C0014ED82 /* ZWDeviceItemThermostat.xib */; };
		A0CDCA76188D55D30014ED82 /* ZWDeviceItemBattery.m in Sources */ = {isa = PBXBuildFile; fileRef = A0CDCA68188D55D20014ED82 /* ZWDeviceItemBattery.m */; };
		A0CDCA77188D55D30014ED82 /* ZWDeviceItemBlinds.m in Sources */ = {isa = PBXBuildFile; fileRef = A0CDCA6A188D55D30014ED82 /* ZWDeviceItemBlinds.m */; };
		A0CDCA78188D55D30014ED82 /* ZWDeviceItemDimmer.m in Sources */ = {isa = PBXBuildFile; fileRef = A0CDCA6C188D55D30014ED82 /* ZWDeviceItemDimmer.m */; };
		A0CDCA79188D55D30014ED82 /* ZWDeviceItemSensorBinary.m in Sources */ = {isa = PBXBuildFile; fileRef = A0CDCA6F188D55D30014ED82 /* ZWDeviceItemSensorBinary.m */; };
		A0CDCA7A188D55D30014ED82 /* ZWDeviceItemSensorMulti.m in Sources */ = {isa = PBXBuildFile; fileRef = A0CDCA71188D55D30014ED82 /* ZWDeviceItemSensorMulti.m */; };
		A0CDCA7B188D55D30014ED82 /* ZWDeviceItemSwitch.m in Sources */ = {isa = PBXBuildFile; fileRef = A0CDCA73188D55D30014ED82 /* ZWDeviceItemSwitch.m */; };
		A0CDCA7C188D55D30014ED82 /* ZWDeviceItemThermostat.m in Sources */ = {isa = PBXBuildFile; fileRef = A0CDCA75188D55D30014ED82 /* ZWDeviceItemThermostat.m */; };
		A0CDCA7E188D5A1A0014ED82 /* ZWDeviceItemMeter.m in Sources */ = {isa = PBXBuildFile; fileRef = A0CDCA7D188D5A190014ED82 /* ZWDeviceItemMeter.m */; };
		A0CDCA81188D65670014ED82 /* ZWDeviceItem.m in Sources */ = {isa = PBXBuildFile; fileRef = A0CDCA80188D65670014ED82 /* ZWDeviceItem.m */; };
/* End PBXBuildFile section */

/* Begin PBXContainerItemProxy section */
		A085F54C1886C5F00061E721 /* PBXContainerItemProxy */ = {
			isa = PBXContainerItemProxy;
			containerPortal = A085F50B1886C5F00061E721 /* Project object */;
			proxyType = 1;
			remoteGlobalIDString = A085F5121886C5F00061E721;
			remoteInfo = ZWayJSON;
		};
/* End PBXContainerItemProxy section */

/* Begin PBXFileReference section */
		A025BC5618ACF90300AF73DC /* battery-critical-focus.png */ = {isa = PBXFileReference; lastKnownFileType = image.png; name = "battery-critical-focus.png"; path = "Images/battery-critical-focus.png"; sourceTree = "<group>"; };
		A025BC5718ACF90300AF73DC /* battery-critical.png */ = {isa = PBXFileReference; lastKnownFileType = image.png; name = "battery-critical.png"; path = "Images/battery-critical.png"; sourceTree = "<group>"; };
		A025BC5818ACF90300AF73DC /* battery-focus.png */ = {isa = PBXFileReference; lastKnownFileType = image.png; name = "battery-focus.png"; path = "Images/battery-focus.png"; sourceTree = "<group>"; };
		A025BC5918ACF90300AF73DC /* battery-low-focus.png */ = {isa = PBXFileReference; lastKnownFileType = image.png; name = "battery-low-focus.png"; path = "Images/battery-low-focus.png"; sourceTree = "<group>"; };
		A025BC5A18ACF90300AF73DC /* battery-low.png */ = {isa = PBXFileReference; lastKnownFileType = image.png; name = "battery-low.png"; path = "Images/battery-low.png"; sourceTree = "<group>"; };
		A025BC5B18ACF90300AF73DC /* battery.png */ = {isa = PBXFileReference; lastKnownFileType = image.png; name = battery.png; path = Images/battery.png; sourceTree = "<group>"; };
		A025BC5C18ACF90300AF73DC /* blinds-focus.png */ = {isa = PBXFileReference; lastKnownFileType = image.png; name = "blinds-focus.png"; path = "Images/blinds-focus.png"; sourceTree = "<group>"; };
		A025BC5D18ACF90300AF73DC /* blinds.png */ = {isa = PBXFileReference; lastKnownFileType = image.png; name = blinds.png; path = Images/blinds.png; sourceTree = "<group>"; };
		A025BC5E18ACF90300AF73DC /* co-focus.png */ = {isa = PBXFileReference; lastKnownFileType = image.png; name = "co-focus.png"; path = "Images/co-focus.png"; sourceTree = "<group>"; };
		A025BC5F18ACF90300AF73DC /* co.png */ = {isa = PBXFileReference; lastKnownFileType = image.png; name = co.png; path = Images/co.png; sourceTree = "<group>"; };
		A025BC6018ACF90300AF73DC /* cooling-focus.png */ = {isa = PBXFileReference; lastKnownFileType = image.png; name = "cooling-focus.png"; path = "Images/cooling-focus.png"; sourceTree = "<group>"; };
		A025BC6118ACF90300AF73DC /* cooling.png */ = {isa = PBXFileReference; lastKnownFileType = image.png; name = cooling.png; path = Images/cooling.png; sourceTree = "<group>"; };
		A025BC6218ACF90300AF73DC /* door-focus.png */ = {isa = PBXFileReference; lastKnownFileType = image.png; name = "door-focus.png"; path = "Images/door-focus.png"; sourceTree = "<group>"; };
		A025BC6318ACF90300AF73DC /* door.png */ = {isa = PBXFileReference; lastKnownFileType = image.png; name = door.png; path = Images/door.png; sourceTree = "<group>"; };
		A025BC6418ACF90300AF73DC /* energy-focus.png */ = {isa = PBXFileReference; lastKnownFileType = image.png; name = "energy-focus.png"; path = "Images/energy-focus.png"; sourceTree = "<group>"; };
		A025BC6518ACF90300AF73DC /* energy.png */ = {isa = PBXFileReference; lastKnownFileType = image.png; name = energy.png; path = Images/energy.png; sourceTree = "<group>"; };
		A025BC6618ACF90300AF73DC /* fan-focus.png */ = {isa = PBXFileReference; lastKnownFileType = image.png; name = "fan-focus.png"; path = "Images/fan-focus.png"; sourceTree = "<group>"; };
		A025BC6718ACF90300AF73DC /* fan.png */ = {isa = PBXFileReference; lastKnownFileType = image.png; name = fan.png; path = Images/fan.png; sourceTree = "<group>"; };
		A025BC6818ACF90300AF73DC /* flood-focus.png */ = {isa = PBXFileReference; lastKnownFileType = image.png; name = "flood-focus.png"; path = "Images/flood-focus.png"; sourceTree = "<group>"; };
		A025BC6918ACF90300AF73DC /* flood.png */ = {isa = PBXFileReference; lastKnownFileType = image.png; name = flood.png; path = Images/flood.png; sourceTree = "<group>"; };
		A025BC6A18ACF90300AF73DC /* gas-focus.png */ = {isa = PBXFileReference; lastKnownFileType = image.png; name = "gas-focus.png"; path = "Images/gas-focus.png"; sourceTree = "<group>"; };
		A025BC6B18ACF90300AF73DC /* gas.png */ = {isa = PBXFileReference; lastKnownFileType = image.png; name = gas.png; path = Images/gas.png; sourceTree = "<group>"; };
		A025BC6C18ACF90300AF73DC /* heating-focus.png */ = {isa = PBXFileReference; lastKnownFileType = image.png; name = "heating-focus.png"; path = "Images/heating-focus.png"; sourceTree = "<group>"; };
		A025BC6D18ACF90300AF73DC /* heating.png */ = {isa = PBXFileReference; lastKnownFileType = image.png; name = heating.png; path = Images/heating.png; sourceTree = "<group>"; };
		A025BC6E18ACF90300AF73DC /* humidity-focus.png */ = {isa = PBXFileReference; lastKnownFileType = image.png; name = "humidity-focus.png"; path = "Images/humidity-focus.png"; sourceTree = "<group>"; };
		A025BC6F18ACF90300AF73DC /* humidity.png */ = {isa = PBXFileReference; lastKnownFileType = image.png; name = humidity.png; path = Images/humidity.png; sourceTree = "<group>"; };
		A025BC7018ACF90300AF73DC /* light-focus.png */ = {isa = PBXFileReference; lastKnownFileType = image.png; name = "light-focus.png"; path = "Images/light-focus.png"; sourceTree = "<group>"; };
		A025BC7118ACF90300AF73DC /* light.png */ = {isa = PBXFileReference; lastKnownFileType = image.png; name = light.png; path = Images/light.png; sourceTree = "<group>"; };
		A025BC7218ACF90300AF73DC /* luminosity-focus.png */ = {isa = PBXFileReference; lastKnownFileType = image.png; name = "luminosity-focus.png"; path = "Images/luminosity-focus.png"; sourceTree = "<group>"; };
		A025BC7318ACF90300AF73DC /* luminosity.png */ = {isa = PBXFileReference; lastKnownFileType = image.png; name = luminosity.png; path = Images/luminosity.png; sourceTree = "<group>"; };
		A025BC7418ACF90300AF73DC /* media-focus.png */ = {isa = PBXFileReference; lastKnownFileType = image.png; name = "media-focus.png"; path = "Images/media-focus.png"; sourceTree = "<group>"; };
		A025BC7518ACF90300AF73DC /* media.png */ = {isa = PBXFileReference; lastKnownFileType = image.png; name = media.png; path = Images/media.png; sourceTree = "<group>"; };
		A025BC7618ACF90300AF73DC /* meter-focus.png */ = {isa = PBXFileReference; lastKnownFileType = image.png; name = "meter-focus.png"; path = "Images/meter-focus.png"; sourceTree = "<group>"; };
		A025BC7718ACF90300AF73DC /* meter.png */ = {isa = PBXFileReference; lastKnownFileType = image.png; name = meter.png; path = Images/meter.png; sourceTree = "<group>"; };
		A025BC7818ACF90300AF73DC /* motion-focus.png */ = {isa = PBXFileReference; lastKnownFileType = image.png; name = "motion-focus.png"; path = "Images/motion-focus.png"; sourceTree = "<group>"; };
		A025BC7918ACF90300AF73DC /* motion.png */ = {isa = PBXFileReference; lastKnownFileType = image.png; name = motion.png; path = Images/motion.png; sourceTree = "<group>"; };
		A025BC7A18ACF90300AF73DC /* smoke-focus.png */ = {isa = PBXFileReference; lastKnownFileType = image.png; name = "smoke-focus.png"; path = "Images/smoke-focus.png"; sourceTree = "<group>"; };
		A025BC7B18ACF90300AF73DC /* smoke.png */ = {isa = PBXFileReference; lastKnownFileType = image.png; name = smoke.png; path = Images/smoke.png; sourceTree = "<group>"; };
		A025BC7C18ACF90300AF73DC /* switch-focus.png */ = {isa = PBXFileReference; lastKnownFileType = image.png; name = "switch-focus.png"; path = "Images/switch-focus.png"; sourceTree = "<group>"; };
		A025BC7D18ACF90300AF73DC /* switch.png */ = {isa = PBXFileReference; lastKnownFileType = image.png; name = switch.png; path = Images/switch.png; sourceTree = "<group>"; };
		A025BC7E18ACF90300AF73DC /* temperature-focus.png */ = {isa = PBXFileReference; lastKnownFileType = image.png; name = "temperature-focus.png"; path = "Images/temperature-focus.png"; sourceTree = "<group>"; };
		A025BC7F18ACF90300AF73DC /* temperature.png */ = {isa = PBXFileReference; lastKnownFileType = image.png; name = temperature.png; path = Images/temperature.png; sourceTree = "<group>"; };
		A025BC8018ACF90300AF73DC /* thermostat-focus.png */ = {isa = PBXFileReference; lastKnownFileType = image.png; name = "thermostat-focus.png"; path = "Images/thermostat-focus.png"; sourceTree = "<group>"; };
		A025BC8118ACF90300AF73DC /* thermostat.png */ = {isa = PBXFileReference; lastKnownFileType = image.png; name = thermostat.png; path = Images/thermostat.png; sourceTree = "<group>"; };
		A025BC8218ACF90300AF73DC /* water-focus.png */ = {isa = PBXFileReference; lastKnownFileType = image.png; name = "water-focus.png"; path = "Images/water-focus.png"; sourceTree = "<group>"; };
		A025BC8318ACF90300AF73DC /* water.png */ = {isa = PBXFileReference; lastKnownFileType = image.png; name = water.png; path = Images/water.png; sourceTree = "<group>"; };
		A025BC8418ACF90300AF73DC /* window-focus.png */ = {isa = PBXFileReference; lastKnownFileType = image.png; name = "window-focus.png"; path = "Images/window-focus.png"; sourceTree = "<group>"; };
		A025BC8518ACF90300AF73DC /* window.png */ = {isa = PBXFileReference; lastKnownFileType = image.png; name = window.png; path = Images/window.png; sourceTree = "<group>"; };
		A03D5C6E1897F1DC0016356B /* connected-g.png */ = {isa = PBXFileReference; lastKnownFileType = image.png; path = "connected-g.png"; sourceTree = "<group>"; };
		A0463DE218AB6E840054ECA8 /* Reachability.h */ = {isa = PBXFileReference; fileEncoding = 4; lastKnownFileType = sourcecode.c.h; path = Reachability.h; sourceTree = "<group>"; };
		A0463DE318AB6E840054ECA8 /* Reachability.m */ = {isa = PBXFileReference; fileEncoding = 4; lastKnownFileType = sourcecode.c.objc; path = Reachability.m; sourceTree = "<group>"; };
		A048BC1718A37DF500BF32C7 /* QuartzCore.framework */ = {isa = PBXFileReference; lastKnownFileType = wrapper.framework; name = QuartzCore.framework; path = System/Library/Frameworks/QuartzCore.framework; sourceTree = SDKROOT; };
		A04A6D1418B208E90094CA3C /* en */ = {isa = PBXFileReference; lastKnownFileType = text.plist.strings; name = en; path = en.lproj/Localizable.strings; sourceTree = "<group>"; };
		A04A6D1A18B216410094CA3C /* de */ = {isa = PBXFileReference; lastKnownFileType = file.storyboard; name = de; path = de.lproj/MainStoryboard_iPhone.storyboard; sourceTree = "<group>"; };
		A04A6D1B18B216410094CA3C /* de */ = {isa = PBXFileReference; lastKnownFileType = text.plist.strings; name = de; path = de.lproj/Localizable.strings; sourceTree = "<group>"; };
		A04A6D1C18B216410094CA3C /* de */ = {isa = PBXFileReference; lastKnownFileType = text.plist.strings; name = de; path = de.lproj/InfoPlist.strings; sourceTree = "<group>"; };
		A04A6D1E18B2164B0094CA3C /* ru */ = {isa = PBXFileReference; lastKnownFileType = file.storyboard; name = ru; path = ru.lproj/MainStoryboard_iPhone.storyboard; sourceTree = "<group>"; };
		A04A6D1F18B2164B0094CA3C /* ru */ = {isa = PBXFileReference; lastKnownFileType = text.plist.strings; name = ru; path = ru.lproj/Localizable.strings; sourceTree = "<group>"; };
		A04A6D2018B2164B0094CA3C /* ru */ = {isa = PBXFileReference; lastKnownFileType = text.plist.strings; name = ru; path = ru.lproj/InfoPlist.strings; sourceTree = "<group>"; };
		A04AA35418A2447700A98C0E /* Constants.h */ = {isa = PBXFileReference; fileEncoding = 4; lastKnownFileType = sourcecode.c.h; path = Constants.h; sourceTree = "<group>"; };
		A04AA35518A2447700A98C0E /* NSMutableArray+SWUtilityButtons.h */ = {isa = PBXFileReference; fileEncoding = 4; lastKnownFileType = sourcecode.c.h; path = "NSMutableArray+SWUtilityButtons.h"; sourceTree = "<group>"; };
		A04AA35618A2447700A98C0E /* NSMutableArray+SWUtilityButtons.m */ = {isa = PBXFileReference; fileEncoding = 4; lastKnownFileType = sourcecode.c.objc; path = "NSMutableArray+SWUtilityButtons.m"; sourceTree = "<group>"; };
		A04AA35718A2447700A98C0E /* SWCellScrollView.h */ = {isa = PBXFileReference; fileEncoding = 4; lastKnownFileType = sourcecode.c.h; path = SWCellScrollView.h; sourceTree = "<group>"; };
		A04AA35818A2447700A98C0E /* SWCellScrollView.m */ = {isa = PBXFileReference; fileEncoding = 4; lastKnownFileType = sourcecode.c.objc; path = SWCellScrollView.m; sourceTree = "<group>"; };
		A04AA35918A2447700A98C0E /* SWLongPressGestureRecognizer.h */ = {isa = PBXFileReference; fileEncoding = 4; lastKnownFileType = sourcecode.c.h; path = SWLongPressGestureRecognizer.h; sourceTree = "<group>"; };
		A04AA35A18A2447700A98C0E /* SWLongPressGestureRecognizer.m */ = {isa = PBXFileReference; fileEncoding = 4; lastKnownFileType = sourcecode.c.objc; path = SWLongPressGestureRecognizer.m; sourceTree = "<group>"; };
		A04AA35B18A2447700A98C0E /* SWTableViewCell.h */ = {isa = PBXFileReference; fileEncoding = 4; lastKnownFileType = sourcecode.c.h; path = SWTableViewCell.h; sourceTree = "<group>"; };
		A04AA35C18A2447700A98C0E /* SWTableViewCell.m */ = {isa = PBXFileReference; fileEncoding = 4; lastKnownFileType = sourcecode.c.objc; path = SWTableViewCell.m; sourceTree = "<group>"; };
		A04AA35D18A2447700A98C0E /* SWUtilityButtonTapGestureRecognizer.h */ = {isa = PBXFileReference; fileEncoding = 4; lastKnownFileType = sourcecode.c.h; path = SWUtilityButtonTapGestureRecognizer.h; sourceTree = "<group>"; };
		A04AA35E18A2447700A98C0E /* SWUtilityButtonTapGestureRecognizer.m */ = {isa = PBXFileReference; fileEncoding = 4; lastKnownFileType = sourcecode.c.objc; path = SWUtilityButtonTapGestureRecognizer.m; sourceTree = "<group>"; };
		A04AA35F18A2447700A98C0E /* SWUtilityButtonView.h */ = {isa = PBXFileReference; fileEncoding = 4; lastKnownFileType = sourcecode.c.h; path = SWUtilityButtonView.h; sourceTree = "<group>"; };
		A04AA36018A2447700A98C0E /* SWUtilityButtonView.m */ = {isa = PBXFileReference; fileEncoding = 4; lastKnownFileType = sourcecode.c.objc; path = SWUtilityButtonView.m; sourceTree = "<group>"; };
		A04C98BC189BB6FC0011E5F4 /* Model.xcdatamodel */ = {isa = PBXFileReference; lastKnownFileType = wrapper.xcdatamodel; path = Model.xcdatamodel; sourceTree = "<group>"; };
		A0565325189259F600103D65 /* ZWayNewProfileViewController.h */ = {isa = PBXFileReference; fileEncoding = 4; lastKnownFileType = sourcecode.c.h; path = ZWayNewProfileViewController.h; sourceTree = "<group>"; };
		A0565326189259F600103D65 /* ZWayNewProfileViewController.m */ = {isa = PBXFileReference; fileEncoding = 4; lastKnownFileType = sourcecode.c.objc; path = ZWayNewProfileViewController.m; sourceTree = "<group>"; };
		A0581DC618891371004E4309 /* ZWDataHandler.h */ = {isa = PBXFileReference; fileEncoding = 4; lastKnownFileType = sourcecode.c.h; path = ZWDataHandler.h; sourceTree = "<group>"; };
		A0581DC718891371004E4309 /* ZWDataHandler.m */ = {isa = PBXFileReference; fileEncoding = 4; lastKnownFileType = sourcecode.c.objc; path = ZWDataHandler.m; sourceTree = "<group>"; };
		A0581DDD1889740D004E4309 /* arrow-down.png */ = {isa = PBXFileReference; lastKnownFileType = image.png; name = "arrow-down.png"; path = "../../../Downloads/Z-Way-iOS-master/Z-Way/arrow-down.png"; sourceTree = "<group>"; };
		A0581DDF1889741D004E4309 /* arrow-up.png */ = {isa = PBXFileReference; lastKnownFileType = image.png; name = "arrow-up.png"; path = "../../../Downloads/Z-Way-iOS-master/Z-Way/arrow-up.png"; sourceTree = "<group>"; };
		A0581DE118897432004E4309 /* refreshing.png */ = {isa = PBXFileReference; lastKnownFileType = image.png; name = refreshing.png; path = "../../../Downloads/Z-Way-iOS-master/Z-Way/refreshing.png"; sourceTree = "<group>"; };
		A05B117E189664BA00714488 /* ZWayRoomsViewController.h */ = {isa = PBXFileReference; fileEncoding = 4; lastKnownFileType = sourcecode.c.h; path = ZWayRoomsViewController.h; sourceTree = "<group>"; };
		A05B117F189664BA00714488 /* ZWayRoomsViewController.m */ = {isa = PBXFileReference; fileEncoding = 4; lastKnownFileType = sourcecode.c.objc; path = ZWayRoomsViewController.m; sourceTree = "<group>"; };
		A05D5AD01887CECA0022E142 /* ZWDevice.h */ = {isa = PBXFileReference; fileEncoding = 4; lastKnownFileType = sourcecode.c.h; path = ZWDevice.h; sourceTree = "<group>"; };
		A05D5AD11887CECA0022E142 /* ZWDevice.m */ = {isa = PBXFileReference; fileEncoding = 4; lastKnownFileType = sourcecode.c.objc; path = ZWDevice.m; sourceTree = "<group>"; };
		A076C1E318ACB59D00712B4E /* ZWPickerPopup.h */ = {isa = PBXFileReference; fileEncoding = 4; lastKnownFileType = sourcecode.c.h; path = ZWPickerPopup.h; sourceTree = "<group>"; };
		A076C1E418ACB59D00712B4E /* ZWPickerPopup.m */ = {isa = PBXFileReference; fileEncoding = 4; lastKnownFileType = sourcecode.c.objc; path = ZWPickerPopup.m; sourceTree = "<group>"; };
		A076C1E618ACD8E700712B4E /* ZWDeviceItemFan.h */ = {isa = PBXFileReference; fileEncoding = 4; lastKnownFileType = sourcecode.c.h; path = ZWDeviceItemFan.h; sourceTree = "<group>"; };
		A076C1E718ACD8E700712B4E /* ZWDeviceItemFan.m */ = {isa = PBXFileReference; fileEncoding = 4; lastKnownFileType = sourcecode.c.objc; path = ZWDeviceItemFan.m; sourceTree = "<group>"; };
		A076C1E818ACD8E800712B4E /* ZWDeviceItemFan.xib */ = {isa = PBXFileReference; fileEncoding = 4; lastKnownFileType = file.xib; path = ZWDeviceItemFan.xib; sourceTree = "<group>"; };
		A0787394188EC81D00DAF192 /* ZWayNotificationViewController.h */ = {isa = PBXFileReference; fileEncoding = 4; lastKnownFileType = sourcecode.c.h; path = ZWayNotificationViewController.h; sourceTree = "<group>"; };
		A0787395188EC81E00DAF192 /* ZWayNotificationViewController.m */ = {isa = PBXFileReference; fileEncoding = 4; lastKnownFileType = sourcecode.c.objc; path = ZWayNotificationViewController.m; sourceTree = "<group>"; };
		A0787397188EC97800DAF192 /* ZWayProfilesViewController.h */ = {isa = PBXFileReference; fileEncoding = 4; lastKnownFileType = sourcecode.c.h; path = ZWayProfilesViewController.h; sourceTree = "<group>"; };
		A0787398188EC97800DAF192 /* ZWayProfilesViewController.m */ = {isa = PBXFileReference; fileEncoding = 4; lastKnownFileType = sourcecode.c.objc; path = ZWayProfilesViewController.m; sourceTree = "<group>"; };
		A085F5131886C5F00061E721 /* ZWayJSON.app */ = {isa = PBXFileReference; explicitFileType = wrapper.application; includeInIndex = 0; path = ZWayJSON.app; sourceTree = BUILT_PRODUCTS_DIR; };
		A085F5161886C5F00061E721 /* UIKit.framework */ = {isa = PBXFileReference; lastKnownFileType = wrapper.framework; name = UIKit.framework; path = System/Library/Frameworks/UIKit.framework; sourceTree = SDKROOT; };
		A085F5181886C5F00061E721 /* Foundation.framework */ = {isa = PBXFileReference; lastKnownFileType = wrapper.framework; name = Foundation.framework; path = System/Library/Frameworks/Foundation.framework; sourceTree = SDKROOT; };
		A085F51A1886C5F00061E721 /* CoreGraphics.framework */ = {isa = PBXFileReference; lastKnownFileType = wrapper.framework; name = CoreGraphics.framework; path = System/Library/Frameworks/CoreGraphics.framework; sourceTree = SDKROOT; };
		A085F51E1886C5F00061E721 /* ZWayJSON-Info.plist */ = {isa = PBXFileReference; lastKnownFileType = text.plist.xml; path = "ZWayJSON-Info.plist"; sourceTree = "<group>"; };
		A085F5201886C5F00061E721 /* en */ = {isa = PBXFileReference; lastKnownFileType = text.plist.strings; name = en; path = en.lproj/InfoPlist.strings; sourceTree = "<group>"; };
		A085F5221886C5F00061E721 /* main.m */ = {isa = PBXFileReference; lastKnownFileType = sourcecode.c.objc; path = main.m; sourceTree = "<group>"; };
		A085F5241886C5F00061E721 /* ZWayJSON-Prefix.pch */ = {isa = PBXFileReference; lastKnownFileType = sourcecode.c.h; path = "ZWayJSON-Prefix.pch"; sourceTree = "<group>"; };
		A085F5251886C5F00061E721 /* ZWayAppDelegate.h */ = {isa = PBXFileReference; lastKnownFileType = sourcecode.c.h; path = ZWayAppDelegate.h; sourceTree = "<group>"; };
		A085F5261886C5F00061E721 /* ZWayAppDelegate.m */ = {isa = PBXFileReference; lastKnownFileType = sourcecode.c.objc; path = ZWayAppDelegate.m; sourceTree = "<group>"; };
		A085F5281886C5F00061E721 /* Default.png */ = {isa = PBXFileReference; lastKnownFileType = image.png; path = Default.png; sourceTree = "<group>"; };
		A085F52A1886C5F00061E721 /* Default@2x.png */ = {isa = PBXFileReference; lastKnownFileType = image.png; path = "Default@2x.png"; sourceTree = "<group>"; };
		A085F52C1886C5F00061E721 /* Default-568h@2x.png */ = {isa = PBXFileReference; lastKnownFileType = image.png; path = "Default-568h@2x.png"; sourceTree = "<group>"; };
		A085F52F1886C5F00061E721 /* en */ = {isa = PBXFileReference; lastKnownFileType = file.storyboard; name = en; path = en.lproj/MainStoryboard_iPhone.storyboard; sourceTree = "<group>"; };
		A085F5341886C5F00061E721 /* ZWayDashboardViewController.h */ = {isa = PBXFileReference; lastKnownFileType = sourcecode.c.h; path = ZWayDashboardViewController.h; sourceTree = "<group>"; };
		A085F5351886C5F00061E721 /* ZWayDashboardViewController.m */ = {isa = PBXFileReference; lastKnownFileType = sourcecode.c.objc; path = ZWayDashboardViewController.m; sourceTree = "<group>"; };
		A085F53B1886C5F00061E721 /* ZWayWidgetViewController.h */ = {isa = PBXFileReference; lastKnownFileType = sourcecode.c.h; path = ZWayWidgetViewController.h; sourceTree = "<group>"; };
		A085F53C1886C5F00061E721 /* ZWayWidgetViewController.m */ = {isa = PBXFileReference; lastKnownFileType = sourcecode.c.objc; path = ZWayWidgetViewController.m; sourceTree = "<group>"; };
		A085F5471886C5F00061E721 /* ZWayJSONTests.octest */ = {isa = PBXFileReference; explicitFileType = wrapper.cfbundle; includeInIndex = 0; path = ZWayJSONTests.octest; sourceTree = BUILT_PRODUCTS_DIR; };
		A085F5481886C5F00061E721 /* SenTestingKit.framework */ = {isa = PBXFileReference; lastKnownFileType = wrapper.framework; name = SenTestingKit.framework; path = Library/Frameworks/SenTestingKit.framework; sourceTree = DEVELOPER_DIR; };
		A0A284F81897C862004496C8 /* ZWPasswordCell.xib */ = {isa = PBXFileReference; fileEncoding = 4; lastKnownFileType = file.xib; path = ZWPasswordCell.xib; sourceTree = "<group>"; };
		A0A284F91897C862004496C8 /* ZWTextEditCell.xib */ = {isa = PBXFileReference; fileEncoding = 4; lastKnownFileType = file.xib; path = ZWTextEditCell.xib; sourceTree = "<group>"; };
		A0A284FA1897C862004496C8 /* ZWUrlEditCell.xib */ = {isa = PBXFileReference; fileEncoding = 4; lastKnownFileType = file.xib; path = ZWUrlEditCell.xib; sourceTree = "<group>"; };
		A0A284FE1897C915004496C8 /* CMProfile.h */ = {isa = PBXFileReference; fileEncoding = 4; lastKnownFileType = sourcecode.c.h; path = CMProfile.h; sourceTree = "<group>"; };
		A0A284FF1897C915004496C8 /* CMProfile.m */ = {isa = PBXFileReference; fileEncoding = 4; lastKnownFileType = sourcecode.c.objc; path = CMProfile.m; sourceTree = "<group>"; };
		A0A285011897C922004496C8 /* ZWDataStore.h */ = {isa = PBXFileReference; fileEncoding = 4; lastKnownFileType = sourcecode.c.h; path = ZWDataStore.h; sourceTree = "<group>"; };
		A0A285021897C922004496C8 /* ZWDataStore.m */ = {isa = PBXFileReference; fileEncoding = 4; lastKnownFileType = sourcecode.c.objc; path = ZWDataStore.m; sourceTree = "<group>"; };
		A0A285041897C9B6004496C8 /* SystemConfiguration.framework */ = {isa = PBXFileReference; lastKnownFileType = wrapper.framework; name = SystemConfiguration.framework; path = System/Library/Frameworks/SystemConfiguration.framework; sourceTree = SDKROOT; };
		A0ABBA981897B054002D7FBF /* CoreData.framework */ = {isa = PBXFileReference; lastKnownFileType = wrapper.framework; name = CoreData.framework; path = System/Library/Frameworks/CoreData.framework; sourceTree = SDKROOT; };
		A0CDCA57188D522C0014ED82 /* ZWDeviceItemBattery.xib */ = {isa = PBXFileReference; fileEncoding = 4; lastKnownFileType = file.xib; path = ZWDeviceItemBattery.xib; sourceTree = "<group>"; };
		A0CDCA58188D522C0014ED82 /* ZWDeviceItemBlinds.xib */ = {isa = PBXFileReference; fileEncoding = 4; lastKnownFileType = file.xib; path = ZWDeviceItemBlinds.xib; sourceTree = "<group>"; };
		A0CDCA59188D522C0014ED82 /* ZWDeviceItemDimmer.xib */ = {isa = PBXFileReference; fileEncoding = 4; lastKnownFileType = file.xib; path = ZWDeviceItemDimmer.xib; sourceTree = "<group>"; };
		A0CDCA5A188D522C0014ED82 /* ZWDeviceItemMeter.xib */ = {isa = PBXFileReference; fileEncoding = 4; lastKnownFileType = file.xib; path = ZWDeviceItemMeter.xib; sourceTree = "<group>"; };
		A0CDCA5B188D522C0014ED82 /* ZWDeviceItemSensorBinary.xib */ = {isa = PBXFileReference; fileEncoding = 4; lastKnownFileType = file.xib; path = ZWDeviceItemSensorBinary.xib; sourceTree = "<group>"; };
		A0CDCA5C188D522C0014ED82 /* ZWDeviceItemSensorMulti.xib */ = {isa = PBXFileReference; fileEncoding = 4; lastKnownFileType = file.xib; path = ZWDeviceItemSensorMulti.xib; sourceTree = "<group>"; };
		A0CDCA5D188D522C0014ED82 /* ZWDeviceItemSwitch.xib */ = {isa = PBXFileReference; fileEncoding = 4; lastKnownFileType = file.xib; path = ZWDeviceItemSwitch.xib; sourceTree = "<group>"; };
		A0CDCA5E188D522C0014ED82 /* ZWDeviceItemThermostat.xib */ = {isa = PBXFileReference; fileEncoding = 4; lastKnownFileType = file.xib; path = ZWDeviceItemThermostat.xib; sourceTree = "<group>"; };
		A0CDCA67188D55D20014ED82 /* ZWDeviceItemBattery.h */ = {isa = PBXFileReference; fileEncoding = 4; lastKnownFileType = sourcecode.c.h; path = ZWDeviceItemBattery.h; sourceTree = "<group>"; };
		A0CDCA68188D55D20014ED82 /* ZWDeviceItemBattery.m */ = {isa = PBXFileReference; fileEncoding = 4; lastKnownFileType = sourcecode.c.objc; path = ZWDeviceItemBattery.m; sourceTree = "<group>"; };
		A0CDCA69188D55D20014ED82 /* ZWDeviceItemBlinds.h */ = {isa = PBXFileReference; fileEncoding = 4; lastKnownFileType = sourcecode.c.h; path = ZWDeviceItemBlinds.h; sourceTree = "<group>"; };
		A0CDCA6A188D55D30014ED82 /* ZWDeviceItemBlinds.m */ = {isa = PBXFileReference; fileEncoding = 4; lastKnownFileType = sourcecode.c.objc; path = ZWDeviceItemBlinds.m; sourceTree = "<group>"; };
		A0CDCA6B188D55D30014ED82 /* ZWDeviceItemDimmer.h */ = {isa = PBXFileReference; fileEncoding = 4; lastKnownFileType = sourcecode.c.h; path = ZWDeviceItemDimmer.h; sourceTree = "<group>"; };
		A0CDCA6C188D55D30014ED82 /* ZWDeviceItemDimmer.m */ = {isa = PBXFileReference; fileEncoding = 4; lastKnownFileType = sourcecode.c.objc; path = ZWDeviceItemDimmer.m; sourceTree = "<group>"; };
		A0CDCA6D188D55D30014ED82 /* ZWDeviceItemMeter.h */ = {isa = PBXFileReference; fileEncoding = 4; lastKnownFileType = sourcecode.c.h; path = ZWDeviceItemMeter.h; sourceTree = "<group>"; };
		A0CDCA6E188D55D30014ED82 /* ZWDeviceItemSensorBinary.h */ = {isa = PBXFileReference; fileEncoding = 4; lastKnownFileType = sourcecode.c.h; path = ZWDeviceItemSensorBinary.h; sourceTree = "<group>"; };
		A0CDCA6F188D55D30014ED82 /* ZWDeviceItemSensorBinary.m */ = {isa = PBXFileReference; fileEncoding = 4; lastKnownFileType = sourcecode.c.objc; path = ZWDeviceItemSensorBinary.m; sourceTree = "<group>"; };
		A0CDCA70188D55D30014ED82 /* ZWDeviceItemSensorMulti.h */ = {isa = PBXFileReference; fileEncoding = 4; lastKnownFileType = sourcecode.c.h; path = ZWDeviceItemSensorMulti.h; sourceTree = "<group>"; };
		A0CDCA71188D55D30014ED82 /* ZWDeviceItemSensorMulti.m */ = {isa = PBXFileReference; fileEncoding = 4; lastKnownFileType = sourcecode.c.objc; path = ZWDeviceItemSensorMulti.m; sourceTree = "<group>"; };
		A0CDCA72188D55D30014ED82 /* ZWDeviceItemSwitch.h */ = {isa = PBXFileReference; fileEncoding = 4; lastKnownFileType = sourcecode.c.h; path = ZWDeviceItemSwitch.h; sourceTree = "<group>"; };
		A0CDCA73188D55D30014ED82 /* ZWDeviceItemSwitch.m */ = {isa = PBXFileReference; fileEncoding = 4; lastKnownFileType = sourcecode.c.objc; path = ZWDeviceItemSwitch.m; sourceTree = "<group>"; };
		A0CDCA74188D55D30014ED82 /* ZWDeviceItemThermostat.h */ = {isa = PBXFileReference; fileEncoding = 4; lastKnownFileType = sourcecode.c.h; path = ZWDeviceItemThermostat.h; sourceTree = "<group>"; };
		A0CDCA75188D55D30014ED82 /* ZWDeviceItemThermostat.m */ = {isa = PBXFileReference; fileEncoding = 4; lastKnownFileType = sourcecode.c.objc; path = ZWDeviceItemThermostat.m; sourceTree = "<group>"; };
		A0CDCA7D188D5A190014ED82 /* ZWDeviceItemMeter.m */ = {isa = PBXFileReference; fileEncoding = 4; lastKnownFileType = sourcecode.c.objc; path = ZWDeviceItemMeter.m; sourceTree = "<group>"; };
		A0CDCA7F188D65660014ED82 /* ZWDeviceItem.h */ = {isa = PBXFileReference; fileEncoding = 4; lastKnownFileType = sourcecode.c.h; path = ZWDeviceItem.h; sourceTree = "<group>"; };
		A0CDCA80188D65670014ED82 /* ZWDeviceItem.m */ = {isa = PBXFileReference; fileEncoding = 4; lastKnownFileType = sourcecode.c.objc; path = ZWDeviceItem.m; sourceTree = "<group>"; };
/* End PBXFileReference section */

/* Begin PBXFrameworksBuildPhase section */
		A085F5101886C5F00061E721 /* Frameworks */ = {
			isa = PBXFrameworksBuildPhase;
			buildActionMask = 2147483647;
			files = (
				A048BC1818A37DF500BF32C7 /* QuartzCore.framework in Frameworks */,
				A0A285051897C9B6004496C8 /* SystemConfiguration.framework in Frameworks */,
				A0ABBA991897B054002D7FBF /* CoreData.framework in Frameworks */,
				A085F5171886C5F00061E721 /* UIKit.framework in Frameworks */,
				A085F5191886C5F00061E721 /* Foundation.framework in Frameworks */,
				A085F51B1886C5F00061E721 /* CoreGraphics.framework in Frameworks */,
			);
			runOnlyForDeploymentPostprocessing = 0;
		};
		A085F5431886C5F00061E721 /* Frameworks */ = {
			isa = PBXFrameworksBuildPhase;
			buildActionMask = 2147483647;
			files = (
				A085F5491886C5F00061E721 /* SenTestingKit.framework in Frameworks */,
				A085F54A1886C5F00061E721 /* UIKit.framework in Frameworks */,
				A085F54B1886C5F00061E721 /* Foundation.framework in Frameworks */,
			);
			runOnlyForDeploymentPostprocessing = 0;
		};
/* End PBXFrameworksBuildPhase section */

/* Begin PBXGroup section */
		A04A6D1818B211950094CA3C /* en.lproj */ = {
			isa = PBXGroup;
			children = (
				A085F52E1886C5F00061E721 /* MainStoryboard_iPhone.storyboard */,
				A04A6D1518B208E90094CA3C /* Localizable.strings */,
			);
			name = en.lproj;
			sourceTree = "<group>";
		};
		A04AA35318A2447700A98C0E /* PodFiles */ = {
			isa = PBXGroup;
			children = (
				A04AA35418A2447700A98C0E /* Constants.h */,
				A04AA35518A2447700A98C0E /* NSMutableArray+SWUtilityButtons.h */,
				A04AA35618A2447700A98C0E /* NSMutableArray+SWUtilityButtons.m */,
				A04AA35718A2447700A98C0E /* SWCellScrollView.h */,
				A04AA35818A2447700A98C0E /* SWCellScrollView.m */,
				A04AA35918A2447700A98C0E /* SWLongPressGestureRecognizer.h */,
				A04AA35A18A2447700A98C0E /* SWLongPressGestureRecognizer.m */,
				A04AA35B18A2447700A98C0E /* SWTableViewCell.h */,
				A04AA35C18A2447700A98C0E /* SWTableViewCell.m */,
				A04AA35D18A2447700A98C0E /* SWUtilityButtonTapGestureRecognizer.h */,
				A04AA35E18A2447700A98C0E /* SWUtilityButtonTapGestureRecognizer.m */,
				A04AA35F18A2447700A98C0E /* SWUtilityButtonView.h */,
				A04AA36018A2447700A98C0E /* SWUtilityButtonView.m */,
			);
			name = PodFiles;
			path = SWTableViewCell/PodFiles;
			sourceTree = "<group>";
		};
		A04B162B18A8BF0C00740FD2 /* Options */ = {
			isa = PBXGroup;
			children = (
				A0787397188EC97800DAF192 /* ZWayProfilesViewController.h */,
				A0787398188EC97800DAF192 /* ZWayProfilesViewController.m */,
				A0565325189259F600103D65 /* ZWayNewProfileViewController.h */,
				A0565326189259F600103D65 /* ZWayNewProfileViewController.m */,
				A0A284F81897C862004496C8 /* ZWPasswordCell.xib */,
				A0A284F91897C862004496C8 /* ZWTextEditCell.xib */,
				A0A284FA1897C862004496C8 /* ZWUrlEditCell.xib */,
				A0463DE218AB6E840054ECA8 /* Reachability.h */,
				A0463DE318AB6E840054ECA8 /* Reachability.m */,
			);
			name = Options;
			sourceTree = "<group>";
		};
		A0565329189264B400103D65 /* WidgetController */ = {
			isa = PBXGroup;
			children = (
				A085F53B1886C5F00061E721 /* ZWayWidgetViewController.h */,
				A085F53C1886C5F00061E721 /* ZWayWidgetViewController.m */,
				A05B117E189664BA00714488 /* ZWayRoomsViewController.h */,
				A05B117F189664BA00714488 /* ZWayRoomsViewController.m */,
			);
			name = WidgetController;
			sourceTree = "<group>";
		};
		A056532A189264DF00103D65 /* Data Handling */ = {
			isa = PBXGroup;
			children = (
				A0581DC618891371004E4309 /* ZWDataHandler.h */,
				A0581DC718891371004E4309 /* ZWDataHandler.m */,
				A05D5AD01887CECA0022E142 /* ZWDevice.h */,
				A05D5AD11887CECA0022E142 /* ZWDevice.m */,
			);
			name = "Data Handling";
			sourceTree = "<group>";
		};
		A056532B1892652D00103D65 /* NotificationController */ = {
			isa = PBXGroup;
			children = (
				A0787394188EC81D00DAF192 /* ZWayNotificationViewController.h */,
				A0787395188EC81E00DAF192 /* ZWayNotificationViewController.m */,
			);
			name = NotificationController;
			sourceTree = "<group>";
		};
		A056532C1892654300103D65 /* DashboardController */ = {
			isa = PBXGroup;
			children = (
				A085F5341886C5F00061E721 /* ZWayDashboardViewController.h */,
				A085F5351886C5F00061E721 /* ZWayDashboardViewController.m */,
			);
			name = DashboardController;
			sourceTree = "<group>";
		};
		A0581DE3188974D4004E4309 /* Images */ = {
			isa = PBXGroup;
			children = (
				A03D5C6E1897F1DC0016356B /* connected-g.png */,
				A0581DDF1889741D004E4309 /* arrow-up.png */,
				A0581DDD1889740D004E4309 /* arrow-down.png */,
				A0581DE118897432004E4309 /* refreshing.png */,
				A025BC5618ACF90300AF73DC /* battery-critical-focus.png */,
				A025BC5718ACF90300AF73DC /* battery-critical.png */,
				A025BC5818ACF90300AF73DC /* battery-focus.png */,
				A025BC5918ACF90300AF73DC /* battery-low-focus.png */,
				A025BC5A18ACF90300AF73DC /* battery-low.png */,
				A025BC5B18ACF90300AF73DC /* battery.png */,
				A025BC5C18ACF90300AF73DC /* blinds-focus.png */,
				A025BC5D18ACF90300AF73DC /* blinds.png */,
				A025BC5E18ACF90300AF73DC /* co-focus.png */,
				A025BC5F18ACF90300AF73DC /* co.png */,
				A025BC6018ACF90300AF73DC /* cooling-focus.png */,
				A025BC6118ACF90300AF73DC /* cooling.png */,
				A025BC6218ACF90300AF73DC /* door-focus.png */,
				A025BC6318ACF90300AF73DC /* door.png */,
				A025BC6418ACF90300AF73DC /* energy-focus.png */,
				A025BC6518ACF90300AF73DC /* energy.png */,
				A025BC6618ACF90300AF73DC /* fan-focus.png */,
				A025BC6718ACF90300AF73DC /* fan.png */,
				A025BC6818ACF90300AF73DC /* flood-focus.png */,
				A025BC6918ACF90300AF73DC /* flood.png */,
				A025BC6A18ACF90300AF73DC /* gas-focus.png */,
				A025BC6B18ACF90300AF73DC /* gas.png */,
				A025BC6C18ACF90300AF73DC /* heating-focus.png */,
				A025BC6D18ACF90300AF73DC /* heating.png */,
				A025BC6E18ACF90300AF73DC /* humidity-focus.png */,
				A025BC6F18ACF90300AF73DC /* humidity.png */,
				A025BC7018ACF90300AF73DC /* light-focus.png */,
				A025BC7118ACF90300AF73DC /* light.png */,
				A025BC7218ACF90300AF73DC /* luminosity-focus.png */,
				A025BC7318ACF90300AF73DC /* luminosity.png */,
				A025BC7418ACF90300AF73DC /* media-focus.png */,
				A025BC7518ACF90300AF73DC /* media.png */,
				A025BC7618ACF90300AF73DC /* meter-focus.png */,
				A025BC7718ACF90300AF73DC /* meter.png */,
				A025BC7818ACF90300AF73DC /* motion-focus.png */,
				A025BC7918ACF90300AF73DC /* motion.png */,
				A025BC7A18ACF90300AF73DC /* smoke-focus.png */,
				A025BC7B18ACF90300AF73DC /* smoke.png */,
				A025BC7C18ACF90300AF73DC /* switch-focus.png */,
				A025BC7D18ACF90300AF73DC /* switch.png */,
				A025BC7E18ACF90300AF73DC /* temperature-focus.png */,
				A025BC7F18ACF90300AF73DC /* temperature.png */,
				A025BC8018ACF90300AF73DC /* thermostat-focus.png */,
				A025BC8118ACF90300AF73DC /* thermostat.png */,
				A025BC8218ACF90300AF73DC /* water-focus.png */,
				A025BC8318ACF90300AF73DC /* water.png */,
				A025BC8418ACF90300AF73DC /* window-focus.png */,
				A025BC8518ACF90300AF73DC /* window.png */,
			);
			name = Images;
			sourceTree = "<group>";
		};
		A0581DE41889751A004E4309 /* DeviceItems */ = {
			isa = PBXGroup;
			children = (
				A0CDCA7F188D65660014ED82 /* ZWDeviceItem.h */,
				A0CDCA80188D65670014ED82 /* ZWDeviceItem.m */,
				A076C1E618ACD8E700712B4E /* ZWDeviceItemFan.h */,
				A076C1E718ACD8E700712B4E /* ZWDeviceItemFan.m */,
				A0CDCA67188D55D20014ED82 /* ZWDeviceItemBattery.h */,
				A0CDCA68188D55D20014ED82 /* ZWDeviceItemBattery.m */,
				A0CDCA69188D55D20014ED82 /* ZWDeviceItemBlinds.h */,
				A0CDCA6A188D55D30014ED82 /* ZWDeviceItemBlinds.m */,
				A0CDCA6B188D55D30014ED82 /* ZWDeviceItemDimmer.h */,
				A0CDCA6C188D55D30014ED82 /* ZWDeviceItemDimmer.m */,
				A0CDCA6D188D55D30014ED82 /* ZWDeviceItemMeter.h */,
				A0CDCA7D188D5A190014ED82 /* ZWDeviceItemMeter.m */,
				A0CDCA6E188D55D30014ED82 /* ZWDeviceItemSensorBinary.h */,
				A0CDCA6F188D55D30014ED82 /* ZWDeviceItemSensorBinary.m */,
				A0CDCA70188D55D30014ED82 /* ZWDeviceItemSensorMulti.h */,
				A0CDCA71188D55D30014ED82 /* ZWDeviceItemSensorMulti.m */,
				A0CDCA72188D55D30014ED82 /* ZWDeviceItemSwitch.h */,
				A0CDCA73188D55D30014ED82 /* ZWDeviceItemSwitch.m */,
				A0CDCA74188D55D30014ED82 /* ZWDeviceItemThermostat.h */,
				A0CDCA75188D55D30014ED82 /* ZWDeviceItemThermostat.m */,
				A0CDCA57188D522C0014ED82 /* ZWDeviceItemBattery.xib */,
				A0CDCA58188D522C0014ED82 /* ZWDeviceItemBlinds.xib */,
				A0CDCA59188D522C0014ED82 /* ZWDeviceItemDimmer.xib */,
				A076C1E818ACD8E800712B4E /* ZWDeviceItemFan.xib */,
				A0CDCA5A188D522C0014ED82 /* ZWDeviceItemMeter.xib */,
				A0CDCA5B188D522C0014ED82 /* ZWDeviceItemSensorBinary.xib */,
				A0CDCA5C188D522C0014ED82 /* ZWDeviceItemSensorMulti.xib */,
				A0CDCA5D188D522C0014ED82 /* ZWDeviceItemSwitch.xib */,
				A0CDCA5E188D522C0014ED82 /* ZWDeviceItemThermostat.xib */,
				A076C1E318ACB59D00712B4E /* ZWPickerPopup.h */,
				A076C1E418ACB59D00712B4E /* ZWPickerPopup.m */,
			);
			name = DeviceItems;
			sourceTree = "<group>";
		};
		A085F50A1886C5F00061E721 = {
			isa = PBXGroup;
			children = (
				A085F51C1886C5F00061E721 /* ZWayJSON */,
				A085F5151886C5F00061E721 /* Frameworks */,
				A085F5141886C5F00061E721 /* Products */,
			);
			sourceTree = "<group>";
		};
		A085F5141886C5F00061E721 /* Products */ = {
			isa = PBXGroup;
			children = (
				A085F5131886C5F00061E721 /* ZWayJSON.app */,
				A085F5471886C5F00061E721 /* ZWayJSONTests.octest */,
			);
			name = Products;
			sourceTree = "<group>";
		};
		A085F5151886C5F00061E721 /* Frameworks */ = {
			isa = PBXGroup;
			children = (
				A048BC1718A37DF500BF32C7 /* QuartzCore.framework */,
				A0A285041897C9B6004496C8 /* SystemConfiguration.framework */,
				A0ABBA981897B054002D7FBF /* CoreData.framework */,
				A085F5161886C5F00061E721 /* UIKit.framework */,
				A085F5181886C5F00061E721 /* Foundation.framework */,
				A085F51A1886C5F00061E721 /* CoreGraphics.framework */,
				A085F5481886C5F00061E721 /* SenTestingKit.framework */,
			);
			name = Frameworks;
			sourceTree = "<group>";
		};
		A085F51C1886C5F00061E721 /* ZWayJSON */ = {
			isa = PBXGroup;
			children = (
				A04AA35318A2447700A98C0E /* PodFiles */,
				A0DB9E95188FBE560051DBEF /* Views */,
				A085F5251886C5F00061E721 /* ZWayAppDelegate.h */,
				A085F5261886C5F00061E721 /* ZWayAppDelegate.m */,
				A0ABBA9A1897B0BF002D7FBF /* DataModel */,
				A056532A189264DF00103D65 /* Data Handling */,
				A0581DE41889751A004E4309 /* DeviceItems */,
				A0581DE3188974D4004E4309 /* Images */,
				A04A6D1818B211950094CA3C /* en.lproj */,
				A085F51D1886C5F00061E721 /* Supporting Files */,
			);
			path = ZWayJSON;
			sourceTree = "<group>";
		};
		A085F51D1886C5F00061E721 /* Supporting Files */ = {
			isa = PBXGroup;
			children = (
				A085F51E1886C5F00061E721 /* ZWayJSON-Info.plist */,
				A085F51F1886C5F00061E721 /* InfoPlist.strings */,
				A085F5221886C5F00061E721 /* main.m */,
				A085F5241886C5F00061E721 /* ZWayJSON-Prefix.pch */,
				A085F5281886C5F00061E721 /* Default.png */,
				A085F52A1886C5F00061E721 /* Default@2x.png */,
				A085F52C1886C5F00061E721 /* Default-568h@2x.png */,
			);
			name = "Supporting Files";
			sourceTree = "<group>";
		};
		A0ABBA9A1897B0BF002D7FBF /* DataModel */ = {
			isa = PBXGroup;
			children = (
				A04C98BB189BB6FC0011E5F4 /* Model.xcdatamodeld */,
				A0A285011897C922004496C8 /* ZWDataStore.h */,
				A0A285021897C922004496C8 /* ZWDataStore.m */,
				A0A284FE1897C915004496C8 /* CMProfile.h */,
				A0A284FF1897C915004496C8 /* CMProfile.m */,
			);
			name = DataModel;
			sourceTree = "<group>";
		};
		A0DB9E95188FBE560051DBEF /* Views */ = {
			isa = PBXGroup;
			children = (
				A056532C1892654300103D65 /* DashboardController */,
				A056532B1892652D00103D65 /* NotificationController */,
				A0565329189264B400103D65 /* WidgetController */,
				A04B162B18A8BF0C00740FD2 /* Options */,
			);
			name = Views;
			sourceTree = "<group>";
		};
/* End PBXGroup section */

/* Begin PBXNativeTarget section */
		A085F5121886C5F00061E721 /* ZWayJSON */ = {
			isa = PBXNativeTarget;
			buildConfigurationList = A085F5591886C5F00061E721 /* Build configuration list for PBXNativeTarget "ZWayJSON" */;
			buildPhases = (
				A085F50F1886C5F00061E721 /* Sources */,
				A085F5101886C5F00061E721 /* Frameworks */,
				A085F5111886C5F00061E721 /* Resources */,
			);
			buildRules = (
			);
			dependencies = (
			);
			name = ZWayJSON;
			productName = ZWayJSON;
			productReference = A085F5131886C5F00061E721 /* ZWayJSON.app */;
			productType = "com.apple.product-type.application";
		};
		A085F5461886C5F00061E721 /* ZWayJSONTests */ = {
			isa = PBXNativeTarget;
			buildConfigurationList = A085F55C1886C5F00061E721 /* Build configuration list for PBXNativeTarget "ZWayJSONTests" */;
			buildPhases = (
				A085F5421886C5F00061E721 /* Sources */,
				A085F5431886C5F00061E721 /* Frameworks */,
				A085F5441886C5F00061E721 /* Resources */,
				A085F5451886C5F00061E721 /* ShellScript */,
			);
			buildRules = (
			);
			dependencies = (
				A085F54D1886C5F00061E721 /* PBXTargetDependency */,
			);
			name = ZWayJSONTests;
			productName = ZWayJSONTests;
			productReference = A085F5471886C5F00061E721 /* ZWayJSONTests.octest */;
			productType = "com.apple.product-type.bundle";
		};
/* End PBXNativeTarget section */

/* Begin PBXProject section */
		A085F50B1886C5F00061E721 /* Project object */ = {
			isa = PBXProject;
			attributes = {
				CLASSPREFIX = ZWay;
				LastUpgradeCheck = 0460;
				ORGANIZATIONNAME = "Lucas von Hacht";
			};
			buildConfigurationList = A085F50E1886C5F00061E721 /* Build configuration list for PBXProject "ZWayJSON" */;
			compatibilityVersion = "Xcode 3.2";
			developmentRegion = English;
			hasScannedForEncodings = 0;
			knownRegions = (
				en,
				de,
				ru,
			);
			mainGroup = A085F50A1886C5F00061E721;
			productRefGroup = A085F5141886C5F00061E721 /* Products */;
			projectDirPath = "";
			projectRoot = "";
			targets = (
				A085F5121886C5F00061E721 /* ZWayJSON */,
				A085F5461886C5F00061E721 /* ZWayJSONTests */,
			);
		};
/* End PBXProject section */

/* Begin PBXResourcesBuildPhase section */
		A085F5111886C5F00061E721 /* Resources */ = {
			isa = PBXResourcesBuildPhase;
			buildActionMask = 2147483647;
			files = (
				A085F5211886C5F00061E721 /* InfoPlist.strings in Resources */,
				A085F5291886C5F00061E721 /* Default.png in Resources */,
				A085F52B1886C5F00061E721 /* Default@2x.png in Resources */,
				A085F52D1886C5F00061E721 /* Default-568h@2x.png in Resources */,
				A085F5301886C5F00061E721 /* MainStoryboard_iPhone.storyboard in Resources */,
				A0581DDE1889740D004E4309 /* arrow-down.png in Resources */,
				A0581DE01889741E004E4309 /* arrow-up.png in Resources */,
				A0581DE218897432004E4309 /* refreshing.png in Resources */,
				A0CDCA5F188D522C0014ED82 /* ZWDeviceItemBattery.xib in Resources */,
				A0CDCA60188D522C0014ED82 /* ZWDeviceItemBlinds.xib in Resources */,
				A0CDCA61188D522C0014ED82 /* ZWDeviceItemDimmer.xib in Resources */,
				A0CDCA62188D522C0014ED82 /* ZWDeviceItemMeter.xib in Resources */,
				A0CDCA63188D522C0014ED82 /* ZWDeviceItemSensorBinary.xib in Resources */,
				A0CDCA64188D522C0014ED82 /* ZWDeviceItemSensorMulti.xib in Resources */,
				A0CDCA65188D522C0014ED82 /* ZWDeviceItemSwitch.xib in Resources */,
				A0CDCA66188D522C0014ED82 /* ZWDeviceItemThermostat.xib in Resources */,
				A0A284FB1897C862004496C8 /* ZWPasswordCell.xib in Resources */,
				A0A284FC1897C862004496C8 /* ZWTextEditCell.xib in Resources */,
				A0A284FD1897C862004496C8 /* ZWUrlEditCell.xib in Resources */,
				A03D5C6F1897F1DC0016356B /* connected-g.png in Resources */,
				A076C1EA18ACD8E800712B4E /* ZWDeviceItemFan.xib in Resources */,
				A025BC8618ACF90300AF73DC /* battery-critical-focus.png in Resources */,
				A025BC8718ACF90300AF73DC /* battery-critical.png in Resources */,
				A025BC8818ACF90300AF73DC /* battery-focus.png in Resources */,
				A025BC8918ACF90300AF73DC /* battery-low-focus.png in Resources */,
				A025BC8A18ACF90300AF73DC /* battery-low.png in Resources */,
				A025BC8B18ACF90300AF73DC /* battery.png in Resources */,
				A025BC8C18ACF90300AF73DC /* blinds-focus.png in Resources */,
				A025BC8D18ACF90300AF73DC /* blinds.png in Resources */,
				A025BC8E18ACF90300AF73DC /* co-focus.png in Resources */,
				A025BC8F18ACF90300AF73DC /* co.png in Resources */,
				A025BC9018ACF90300AF73DC /* cooling-focus.png in Resources */,
				A025BC9118ACF90300AF73DC /* cooling.png in Resources */,
				A025BC9218ACF90300AF73DC /* door-focus.png in Resources */,
				A025BC9318ACF90300AF73DC /* door.png in Resources */,
				A025BC9418ACF90300AF73DC /* energy-focus.png in Resources */,
				A025BC9518ACF90300AF73DC /* energy.png in Resources */,
				A025BC9618ACF90300AF73DC /* fan-focus.png in Resources */,
				A025BC9718ACF90300AF73DC /* fan.png in Resources */,
				A025BC9818ACF90300AF73DC /* flood-focus.png in Resources */,
				A025BC9918ACF90300AF73DC /* flood.png in Resources */,
				A025BC9A18ACF90300AF73DC /* gas-focus.png in Resources */,
				A025BC9B18ACF90300AF73DC /* gas.png in Resources */,
				A025BC9C18ACF90300AF73DC /* heating-focus.png in Resources */,
				A025BC9D18ACF90300AF73DC /* heating.png in Resources */,
				A025BC9E18ACF90300AF73DC /* humidity-focus.png in Resources */,
				A025BC9F18ACF90300AF73DC /* humidity.png in Resources */,
				A025BCA018ACF90300AF73DC /* light-focus.png in Resources */,
				A025BCA118ACF90300AF73DC /* light.png in Resources */,
				A025BCA218ACF90300AF73DC /* luminosity-focus.png in Resources */,
				A025BCA318ACF90300AF73DC /* luminosity.png in Resources */,
				A025BCA418ACF90300AF73DC /* media-focus.png in Resources */,
				A025BCA518ACF90300AF73DC /* media.png in Resources */,
				A025BCA618ACF90300AF73DC /* meter-focus.png in Resources */,
				A025BCA718ACF90300AF73DC /* meter.png in Resources */,
				A025BCA818ACF90300AF73DC /* motion-focus.png in Resources */,
				A025BCA918ACF90300AF73DC /* motion.png in Resources */,
				A025BCAA18ACF90300AF73DC /* smoke-focus.png in Resources */,
				A025BCAB18ACF90300AF73DC /* smoke.png in Resources */,
				A025BCAC18ACF90300AF73DC /* switch-focus.png in Resources */,
				A025BCAD18ACF90300AF73DC /* switch.png in Resources */,
				A025BCAE18ACF90300AF73DC /* temperature-focus.png in Resources */,
				A025BCAF18ACF90300AF73DC /* temperature.png in Resources */,
				A025BCB018ACF90300AF73DC /* thermostat-focus.png in Resources */,
				A025BCB118ACF90300AF73DC /* thermostat.png in Resources */,
				A025BCB218ACF90300AF73DC /* water-focus.png in Resources */,
				A025BCB318ACF90300AF73DC /* water.png in Resources */,
				A025BCB418ACF90300AF73DC /* window-focus.png in Resources */,
				A025BCB518ACF90300AF73DC /* window.png in Resources */,
				A04A6D1318B208E90094CA3C /* Localizable.strings in Resources */,
			);
			runOnlyForDeploymentPostprocessing = 0;
		};
		A085F5441886C5F00061E721 /* Resources */ = {
			isa = PBXResourcesBuildPhase;
			buildActionMask = 2147483647;
			files = (
			);
			runOnlyForDeploymentPostprocessing = 0;
		};
/* End PBXResourcesBuildPhase section */

/* Begin PBXShellScriptBuildPhase section */
		A085F5451886C5F00061E721 /* ShellScript */ = {
			isa = PBXShellScriptBuildPhase;
			buildActionMask = 2147483647;
			files = (
			);
			inputPaths = (
			);
			outputPaths = (
			);
			runOnlyForDeploymentPostprocessing = 0;
			shellPath = /bin/sh;
			shellScript = "# Run the unit tests in this test bundle.\n\"${SYSTEM_DEVELOPER_DIR}/Tools/RunUnitTests\"\n";
		};
/* End PBXShellScriptBuildPhase section */

/* Begin PBXSourcesBuildPhase section */
		A085F50F1886C5F00061E721 /* Sources */ = {
			isa = PBXSourcesBuildPhase;
			buildActionMask = 2147483647;
			files = (
				A085F5231886C5F00061E721 /* main.m in Sources */,
				A085F5271886C5F00061E721 /* ZWayAppDelegate.m in Sources */,
				A085F5361886C5F00061E721 /* ZWayDashboardViewController.m in Sources */,
				A0CDCA76188D55D30014ED82 /* ZWDeviceItemBattery.m in Sources */,
				A085F53D1886C5F00061E721 /* ZWayWidgetViewController.m in Sources */,
				A05D5AD21887CECA0022E142 /* ZWDevice.m in Sources */,
				A0581DC818891372004E4309 /* ZWDataHandler.m in Sources */,
				A0CDCA77188D55D30014ED82 /* ZWDeviceItemBlinds.m in Sources */,
				A0CDCA78188D55D30014ED82 /* ZWDeviceItemDimmer.m in Sources */,
				A0CDCA79188D55D30014ED82 /* ZWDeviceItemSensorBinary.m in Sources */,
				A0CDCA7A188D55D30014ED82 /* ZWDeviceItemSensorMulti.m in Sources */,
				A0CDCA7B188D55D30014ED82 /* ZWDeviceItemSwitch.m in Sources */,
				A0CDCA7C188D55D30014ED82 /* ZWDeviceItemThermostat.m in Sources */,
				A0CDCA7E188D5A1A0014ED82 /* ZWDeviceItemMeter.m in Sources */,
				A0CDCA81188D65670014ED82 /* ZWDeviceItem.m in Sources */,
				A0787396188EC81E00DAF192 /* ZWayNotificationViewController.m in Sources */,
				A078739A188EC97A00DAF192 /* ZWayProfilesViewController.m in Sources */,
				A0565327189259F600103D65 /* ZWayNewProfileViewController.m in Sources */,
				A05B1180189664BA00714488 /* ZWayRoomsViewController.m in Sources */,
				A0A285001897C915004496C8 /* CMProfile.m in Sources */,
				A0A285031897C922004496C8 /* ZWDataStore.m in Sources */,
				A04C98BD189BB6FC0011E5F4 /* Model.xcdatamodeld in Sources */,
				A04AA36118A2447700A98C0E /* NSMutableArray+SWUtilityButtons.m in Sources */,
				A04AA36218A2447700A98C0E /* SWCellScrollView.m in Sources */,
				A04AA36318A2447700A98C0E /* SWLongPressGestureRecognizer.m in Sources */,
				A04AA36418A2447700A98C0E /* SWTableViewCell.m in Sources */,
				A04AA36518A2447700A98C0E /* SWUtilityButtonTapGestureRecognizer.m in Sources */,
				A04AA36618A2447700A98C0E /* SWUtilityButtonView.m in Sources */,
				A0463DE418AB6E840054ECA8 /* Reachability.m in Sources */,
				A076C1E518ACB59D00712B4E /* ZWPickerPopup.m in Sources */,
				A076C1E918ACD8E800712B4E /* ZWDeviceItemFan.m in Sources */,
			);
			runOnlyForDeploymentPostprocessing = 0;
		};
		A085F5421886C5F00061E721 /* Sources */ = {
			isa = PBXSourcesBuildPhase;
			buildActionMask = 2147483647;
			files = (
			);
			runOnlyForDeploymentPostprocessing = 0;
		};
/* End PBXSourcesBuildPhase section */

/* Begin PBXTargetDependency section */
		A085F54D1886C5F00061E721 /* PBXTargetDependency */ = {
			isa = PBXTargetDependency;
			target = A085F5121886C5F00061E721 /* ZWayJSON */;
			targetProxy = A085F54C1886C5F00061E721 /* PBXContainerItemProxy */;
		};
/* End PBXTargetDependency section */

/* Begin PBXVariantGroup section */
		A04A6D1518B208E90094CA3C /* Localizable.strings */ = {
			isa = PBXVariantGroup;
			children = (
				A04A6D1418B208E90094CA3C /* en */,
				A04A6D1B18B216410094CA3C /* de */,
				A04A6D1F18B2164B0094CA3C /* ru */,
			);
			name = Localizable.strings;
			path = ..;
			sourceTree = "<group>";
		};
		A085F51F1886C5F00061E721 /* InfoPlist.strings */ = {
			isa = PBXVariantGroup;
			children = (
				A085F5201886C5F00061E721 /* en */,
				A04A6D1C18B216410094CA3C /* de */,
				A04A6D2018B2164B0094CA3C /* ru */,
			);
			name = InfoPlist.strings;
			sourceTree = "<group>";
		};
		A085F52E1886C5F00061E721 /* MainStoryboard_iPhone.storyboard */ = {
			isa = PBXVariantGroup;
			children = (
				A085F52F1886C5F00061E721 /* en */,
				A04A6D1A18B216410094CA3C /* de */,
				A04A6D1E18B2164B0094CA3C /* ru */,
			);
			name = MainStoryboard_iPhone.storyboard;
			sourceTree = "<group>";
		};
/* End PBXVariantGroup section */

/* Begin XCBuildConfiguration section */
		A085F5571886C5F00061E721 /* Debug */ = {
			isa = XCBuildConfiguration;
			buildSettings = {
				ALWAYS_SEARCH_USER_PATHS = NO;
				CLANG_CXX_LANGUAGE_STANDARD = "gnu++0x";
				CLANG_CXX_LIBRARY = "libc++";
				CLANG_ENABLE_OBJC_ARC = YES;
				CLANG_WARN_CONSTANT_CONVERSION = YES;
				CLANG_WARN_EMPTY_BODY = YES;
				CLANG_WARN_ENUM_CONVERSION = YES;
				CLANG_WARN_INT_CONVERSION = YES;
				CLANG_WARN__DUPLICATE_METHOD_MATCH = YES;
				"CODE_SIGN_IDENTITY[sdk=iphoneos*]" = "iPhone Developer";
				COPY_PHASE_STRIP = NO;
				GCC_C_LANGUAGE_STANDARD = gnu99;
				GCC_DYNAMIC_NO_PIC = NO;
				GCC_OPTIMIZATION_LEVEL = 0;
				GCC_PREPROCESSOR_DEFINITIONS = (
					"DEBUG=1",
					"$(inherited)",
				);
				GCC_SYMBOLS_PRIVATE_EXTERN = NO;
				GCC_WARN_ABOUT_RETURN_TYPE = YES;
				GCC_WARN_UNINITIALIZED_AUTOS = YES;
				GCC_WARN_UNUSED_VARIABLE = YES;
				IPHONEOS_DEPLOYMENT_TARGET = 6.1;
				ONLY_ACTIVE_ARCH = YES;
				SDKROOT = iphoneos;
				TARGETED_DEVICE_FAMILY = "1,2";
			};
			name = Debug;
		};
		A085F5581886C5F00061E721 /* Release */ = {
			isa = XCBuildConfiguration;
			buildSettings = {
				ALWAYS_SEARCH_USER_PATHS = NO;
				CLANG_CXX_LANGUAGE_STANDARD = "gnu++0x";
				CLANG_CXX_LIBRARY = "libc++";
				CLANG_ENABLE_OBJC_ARC = YES;
				CLANG_WARN_CONSTANT_CONVERSION = YES;
				CLANG_WARN_EMPTY_BODY = YES;
				CLANG_WARN_ENUM_CONVERSION = YES;
				CLANG_WARN_INT_CONVERSION = YES;
				CLANG_WARN__DUPLICATE_METHOD_MATCH = YES;
				"CODE_SIGN_IDENTITY[sdk=iphoneos*]" = "iPhone Developer";
				COPY_PHASE_STRIP = YES;
				GCC_C_LANGUAGE_STANDARD = gnu99;
				GCC_WARN_ABOUT_RETURN_TYPE = YES;
				GCC_WARN_UNINITIALIZED_AUTOS = YES;
				GCC_WARN_UNUSED_VARIABLE = YES;
				IPHONEOS_DEPLOYMENT_TARGET = 6.1;
				OTHER_CFLAGS = "-DNS_BLOCK_ASSERTIONS=1";
				SDKROOT = iphoneos;
				TARGETED_DEVICE_FAMILY = "1,2";
				VALIDATE_PRODUCT = YES;
			};
			name = Release;
		};
		A085F55A1886C5F00061E721 /* Debug */ = {
			isa = XCBuildConfiguration;
			buildSettings = {
				GCC_PRECOMPILE_PREFIX_HEADER = YES;
				GCC_PREFIX_HEADER = "ZWayJSON/ZWayJSON-Prefix.pch";
				INFOPLIST_FILE = "ZWayJSON/ZWayJSON-Info.plist";
				PRODUCT_NAME = "$(TARGET_NAME)";
				WRAPPER_EXTENSION = app;
			};
			name = Debug;
		};
		A085F55B1886C5F00061E721 /* Release */ = {
			isa = XCBuildConfiguration;
			buildSettings = {
				GCC_PRECOMPILE_PREFIX_HEADER = YES;
				GCC_PREFIX_HEADER = "ZWayJSON/ZWayJSON-Prefix.pch";
				INFOPLIST_FILE = "ZWayJSON/ZWayJSON-Info.plist";
				PRODUCT_NAME = "$(TARGET_NAME)";
				WRAPPER_EXTENSION = app;
			};
			name = Release;
		};
		A085F55D1886C5F00061E721 /* Debug */ = {
			isa = XCBuildConfiguration;
			buildSettings = {
				BUNDLE_LOADER = "$(BUILT_PRODUCTS_DIR)/ZWayJSON.app/ZWayJSON";
				FRAMEWORK_SEARCH_PATHS = (
					"\"$(SDKROOT)/Developer/Library/Frameworks\"",
					"\"$(DEVELOPER_LIBRARY_DIR)/Frameworks\"",
				);
				GCC_PRECOMPILE_PREFIX_HEADER = YES;
				GCC_PREFIX_HEADER = "ZWayJSON/ZWayJSON-Prefix.pch";
				INFOPLIST_FILE = "ZWayJSONTests/ZWayJSONTests-Info.plist";
				PRODUCT_NAME = "$(TARGET_NAME)";
				TEST_HOST = "$(BUNDLE_LOADER)";
				WRAPPER_EXTENSION = octest;
			};
			name = Debug;
		};
		A085F55E1886C5F00061E721 /* Release */ = {
			isa = XCBuildConfiguration;
			buildSettings = {
				BUNDLE_LOADER = "$(BUILT_PRODUCTS_DIR)/ZWayJSON.app/ZWayJSON";
				FRAMEWORK_SEARCH_PATHS = (
					"\"$(SDKROOT)/Developer/Library/Frameworks\"",
					"\"$(DEVELOPER_LIBRARY_DIR)/Frameworks\"",
				);
				GCC_PRECOMPILE_PREFIX_HEADER = YES;
				GCC_PREFIX_HEADER = "ZWayJSON/ZWayJSON-Prefix.pch";
				INFOPLIST_FILE = "ZWayJSONTests/ZWayJSONTests-Info.plist";
				PRODUCT_NAME = "$(TARGET_NAME)";
				TEST_HOST = "$(BUNDLE_LOADER)";
				WRAPPER_EXTENSION = octest;
			};
			name = Release;
		};
/* End XCBuildConfiguration section */

/* Begin XCConfigurationList section */
		A085F50E1886C5F00061E721 /* Build configuration list for PBXProject "ZWayJSON" */ = {
			isa = XCConfigurationList;
			buildConfigurations = (
				A085F5571886C5F00061E721 /* Debug */,
				A085F5581886C5F00061E721 /* Release */,
			);
			defaultConfigurationIsVisible = 0;
			defaultConfigurationName = Release;
		};
		A085F5591886C5F00061E721 /* Build configuration list for PBXNativeTarget "ZWayJSON" */ = {
			isa = XCConfigurationList;
			buildConfigurations = (
				A085F55A1886C5F00061E721 /* Debug */,
				A085F55B1886C5F00061E721 /* Release */,
			);
			defaultConfigurationIsVisible = 0;
			defaultConfigurationName = Release;
		};
		A085F55C1886C5F00061E721 /* Build configuration list for PBXNativeTarget "ZWayJSONTests" */ = {
			isa = XCConfigurationList;
			buildConfigurations = (
				A085F55D1886C5F00061E721 /* Debug */,
				A085F55E1886C5F00061E721 /* Release */,
			);
			defaultConfigurationIsVisible = 0;
			defaultConfigurationName = Release;
		};
/* End XCConfigurationList section */

/* Begin XCVersionGroup section */
		A04C98BB189BB6FC0011E5F4 /* Model.xcdatamodeld */ = {
			isa = XCVersionGroup;
			children = (
				A04C98BC189BB6FC0011E5F4 /* Model.xcdatamodel */,
			);
			currentVersion = A04C98BC189BB6FC0011E5F4 /* Model.xcdatamodel */;
			path = Model.xcdatamodeld;
			sourceTree = "<group>";
			versionGroupType = wrapper.xcdatamodel;
		};
/* End XCVersionGroup section */
	};
	rootObject = A085F50B1886C5F00061E721 /* Project object */;
}
